{
  "format_version": "0.1",
  "terraform_version": "0.14.8",
  "planned_values": {
    "outputs": {
      "nacl": {
        "sensitive": false,
        "value": {
          "app_persistence": {
            "inbound_rules": {
              "app_private-app_persistence-22-10.0.12.0/22": {
                "cidr": "10.0.12.0/22",
                "from_port": 22,
                "id": "app_private-app_persistence-22-10.0.12.0/22",
                "rulenum": 3030,
                "subnet_group": "app_persistence",
                "to_port": 22
              },
              "app_private-app_persistence-22-10.0.16.0/22": {
                "cidr": "10.0.16.0/22",
                "from_port": 22,
                "id": "app_private-app_persistence-22-10.0.16.0/22",
                "rulenum": 3032,
                "subnet_group": "app_persistence",
                "to_port": 22
              },
              "app_private-app_persistence-22-10.0.20.0/22": {
                "cidr": "10.0.20.0/22",
                "from_port": 22,
                "id": "app_private-app_persistence-22-10.0.20.0/22",
                "rulenum": 3031,
                "subnet_group": "app_persistence",
                "to_port": 22
              },
              "app_private-app_persistence-3306-10.0.12.0/22": {
                "cidr": "10.0.12.0/22",
                "from_port": 3306,
                "id": "app_private-app_persistence-3306-10.0.12.0/22",
                "rulenum": 3020,
                "subnet_group": "app_persistence",
                "to_port": 3306
              },
              "app_private-app_persistence-3306-10.0.16.0/22": {
                "cidr": "10.0.16.0/22",
                "from_port": 3306,
                "id": "app_private-app_persistence-3306-10.0.16.0/22",
                "rulenum": 3022,
                "subnet_group": "app_persistence",
                "to_port": 3306
              },
              "app_private-app_persistence-3306-10.0.20.0/22": {
                "cidr": "10.0.20.0/22",
                "from_port": 3306,
                "id": "app_private-app_persistence-3306-10.0.20.0/22",
                "rulenum": 3021,
                "subnet_group": "app_persistence",
                "to_port": 3306
              }
            },
            "outbound_rules": {
              "app_private-app_persistence-22-10.0.12.0/22": {
                "cidr": "10.0.12.0/22",
                "from_port": 1024,
                "id": "app_private-app_persistence-22-10.0.12.0/22",
                "rulenum": 4030,
                "subnet_group": "app_persistence",
                "to_port": 65535
              },
              "app_private-app_persistence-22-10.0.16.0/22": {
                "cidr": "10.0.16.0/22",
                "from_port": 1024,
                "id": "app_private-app_persistence-22-10.0.16.0/22",
                "rulenum": 4032,
                "subnet_group": "app_persistence",
                "to_port": 65535
              },
              "app_private-app_persistence-22-10.0.20.0/22": {
                "cidr": "10.0.20.0/22",
                "from_port": 1024,
                "id": "app_private-app_persistence-22-10.0.20.0/22",
                "rulenum": 4031,
                "subnet_group": "app_persistence",
                "to_port": 65535
              },
              "app_private-app_persistence-3306-10.0.12.0/22": {
                "cidr": "10.0.12.0/22",
                "from_port": 1024,
                "id": "app_private-app_persistence-3306-10.0.12.0/22",
                "rulenum": 4020,
                "subnet_group": "app_persistence",
                "to_port": 65535
              },
              "app_private-app_persistence-3306-10.0.16.0/22": {
                "cidr": "10.0.16.0/22",
                "from_port": 1024,
                "id": "app_private-app_persistence-3306-10.0.16.0/22",
                "rulenum": 4022,
                "subnet_group": "app_persistence",
                "to_port": 65535
              },
              "app_private-app_persistence-3306-10.0.20.0/22": {
                "cidr": "10.0.20.0/22",
                "from_port": 1024,
                "id": "app_private-app_persistence-3306-10.0.20.0/22",
                "rulenum": 4021,
                "subnet_group": "app_persistence",
                "to_port": 65535
              }
            }
          },
          "app_private": {
            "inbound_rules": {
              "app_private-_aws_s3-443-3.5.164.0/22": {
                "cidr": "3.5.164.0/22",
                "from_port": 1024,
                "id": "app_private-_aws_s3-443-3.5.164.0/22",
                "rulenum": 2050,
                "subnet_group": "app_private",
                "to_port": 65535
              },
              "app_private-_aws_s3-443-3.5.168.0/23": {
                "cidr": "3.5.168.0/23",
                "from_port": 1024,
                "id": "app_private-_aws_s3-443-3.5.168.0/23",
                "rulenum": 2051,
                "subnet_group": "app_private",
                "to_port": 65535
              },
              "app_private-_aws_s3-443-52.95.128.0/21": {
                "cidr": "52.95.128.0/21",
                "from_port": 1024,
                "id": "app_private-_aws_s3-443-52.95.128.0/21",
                "rulenum": 2052,
                "subnet_group": "app_private",
                "to_port": 65535
              },
              "app_private-_onprem_ldap-636-54.192.220.70/32": {
                "cidr": "54.192.220.70/32",
                "from_port": 1024,
                "id": "app_private-_onprem_ldap-636-54.192.220.70/32",
                "rulenum": 2040,
                "subnet_group": "app_private",
                "to_port": 65535
              },
              "app_private-app_persistence-22-10.0.24.0/22": {
                "cidr": "10.0.24.0/22",
                "from_port": 1024,
                "id": "app_private-app_persistence-22-10.0.24.0/22",
                "rulenum": 2030,
                "subnet_group": "app_private",
                "to_port": 65535
              },
              "app_private-app_persistence-22-10.0.28.0/22": {
                "cidr": "10.0.28.0/22",
                "from_port": 1024,
                "id": "app_private-app_persistence-22-10.0.28.0/22",
                "rulenum": 2031,
                "subnet_group": "app_private",
                "to_port": 65535
              },
              "app_private-app_persistence-22-10.0.32.0/22": {
                "cidr": "10.0.32.0/22",
                "from_port": 1024,
                "id": "app_private-app_persistence-22-10.0.32.0/22",
                "rulenum": 2032,
                "subnet_group": "app_private",
                "to_port": 65535
              },
              "app_private-app_persistence-3306-10.0.24.0/22": {
                "cidr": "10.0.24.0/22",
                "from_port": 1024,
                "id": "app_private-app_persistence-3306-10.0.24.0/22",
                "rulenum": 2020,
                "subnet_group": "app_private",
                "to_port": 65535
              },
              "app_private-app_persistence-3306-10.0.28.0/22": {
                "cidr": "10.0.28.0/22",
                "from_port": 1024,
                "id": "app_private-app_persistence-3306-10.0.28.0/22",
                "rulenum": 2021,
                "subnet_group": "app_private",
                "to_port": 65535
              },
              "app_private-app_persistence-3306-10.0.32.0/22": {
                "cidr": "10.0.32.0/22",
                "from_port": 1024,
                "id": "app_private-app_persistence-3306-10.0.32.0/22",
                "rulenum": 2022,
                "subnet_group": "app_private",
                "to_port": 65535
              },
              "app_public-app_private-443-10.0.0.0/22": {
                "cidr": "10.0.0.0/22",
                "from_port": 443,
                "id": "app_public-app_private-443-10.0.0.0/22",
                "rulenum": 3001,
                "subnet_group": "app_private",
                "to_port": 443
              },
              "app_public-app_private-443-10.0.4.0/22": {
                "cidr": "10.0.4.0/22",
                "from_port": 443,
                "id": "app_public-app_private-443-10.0.4.0/22",
                "rulenum": 3000,
                "subnet_group": "app_private",
                "to_port": 443
              },
              "app_public-app_private-443-10.0.8.0/22": {
                "cidr": "10.0.8.0/22",
                "from_port": 443,
                "id": "app_public-app_private-443-10.0.8.0/22",
                "rulenum": 3002,
                "subnet_group": "app_private",
                "to_port": 443
              }
            },
            "outbound_rules": {
              "app_private-_aws_s3-443-3.5.164.0/22": {
                "cidr": "3.5.164.0/22",
                "from_port": 443,
                "id": "app_private-_aws_s3-443-3.5.164.0/22",
                "rulenum": 1050,
                "subnet_group": "app_private",
                "to_port": 443
              },
              "app_private-_aws_s3-443-3.5.168.0/23": {
                "cidr": "3.5.168.0/23",
                "from_port": 443,
                "id": "app_private-_aws_s3-443-3.5.168.0/23",
                "rulenum": 1051,
                "subnet_group": "app_private",
                "to_port": 443
              },
              "app_private-_aws_s3-443-52.95.128.0/21": {
                "cidr": "52.95.128.0/21",
                "from_port": 443,
                "id": "app_private-_aws_s3-443-52.95.128.0/21",
                "rulenum": 1052,
                "subnet_group": "app_private",
                "to_port": 443
              },
              "app_private-_onprem_ldap-636-54.192.220.70/32": {
                "cidr": "54.192.220.70/32",
                "from_port": 636,
                "id": "app_private-_onprem_ldap-636-54.192.220.70/32",
                "rulenum": 1040,
                "subnet_group": "app_private",
                "to_port": 636
              },
              "app_private-app_persistence-22-10.0.24.0/22": {
                "cidr": "10.0.24.0/22",
                "from_port": 22,
                "id": "app_private-app_persistence-22-10.0.24.0/22",
                "rulenum": 1030,
                "subnet_group": "app_private",
                "to_port": 22
              },
              "app_private-app_persistence-22-10.0.28.0/22": {
                "cidr": "10.0.28.0/22",
                "from_port": 22,
                "id": "app_private-app_persistence-22-10.0.28.0/22",
                "rulenum": 1031,
                "subnet_group": "app_private",
                "to_port": 22
              },
              "app_private-app_persistence-22-10.0.32.0/22": {
                "cidr": "10.0.32.0/22",
                "from_port": 22,
                "id": "app_private-app_persistence-22-10.0.32.0/22",
                "rulenum": 1032,
                "subnet_group": "app_private",
                "to_port": 22
              },
              "app_private-app_persistence-3306-10.0.24.0/22": {
                "cidr": "10.0.24.0/22",
                "from_port": 3306,
                "id": "app_private-app_persistence-3306-10.0.24.0/22",
                "rulenum": 1020,
                "subnet_group": "app_private",
                "to_port": 3306
              },
              "app_private-app_persistence-3306-10.0.28.0/22": {
                "cidr": "10.0.28.0/22",
                "from_port": 3306,
                "id": "app_private-app_persistence-3306-10.0.28.0/22",
                "rulenum": 1021,
                "subnet_group": "app_private",
                "to_port": 3306
              },
              "app_private-app_persistence-3306-10.0.32.0/22": {
                "cidr": "10.0.32.0/22",
                "from_port": 3306,
                "id": "app_private-app_persistence-3306-10.0.32.0/22",
                "rulenum": 1022,
                "subnet_group": "app_private",
                "to_port": 3306
              },
              "app_public-app_private-443-10.0.0.0/22": {
                "cidr": "10.0.0.0/22",
                "from_port": 1024,
                "id": "app_public-app_private-443-10.0.0.0/22",
                "rulenum": 4001,
                "subnet_group": "app_private",
                "to_port": 65535
              },
              "app_public-app_private-443-10.0.4.0/22": {
                "cidr": "10.0.4.0/22",
                "from_port": 1024,
                "id": "app_public-app_private-443-10.0.4.0/22",
                "rulenum": 4000,
                "subnet_group": "app_private",
                "to_port": 65535
              },
              "app_public-app_private-443-10.0.8.0/22": {
                "cidr": "10.0.8.0/22",
                "from_port": 1024,
                "id": "app_public-app_private-443-10.0.8.0/22",
                "rulenum": 4002,
                "subnet_group": "app_private",
                "to_port": 65535
              }
            }
          },
          "app_public": {
            "inbound_rules": {
              "_universe-app_public-443-0.0.0.0/0": {
                "cidr": "0.0.0.0/0",
                "from_port": 443,
                "id": "_universe-app_public-443-0.0.0.0/0",
                "rulenum": 3100,
                "subnet_group": "app_public",
                "to_port": 443
              },
              "app_public-_aws_s3-443-3.5.164.0/22": {
                "cidr": "3.5.164.0/22",
                "from_port": 1024,
                "id": "app_public-_aws_s3-443-3.5.164.0/22",
                "rulenum": 2010,
                "subnet_group": "app_public",
                "to_port": 65535
              },
              "app_public-_aws_s3-443-3.5.168.0/23": {
                "cidr": "3.5.168.0/23",
                "from_port": 1024,
                "id": "app_public-_aws_s3-443-3.5.168.0/23",
                "rulenum": 2011,
                "subnet_group": "app_public",
                "to_port": 65535
              },
              "app_public-_aws_s3-443-52.95.128.0/21": {
                "cidr": "52.95.128.0/21",
                "from_port": 1024,
                "id": "app_public-_aws_s3-443-52.95.128.0/21",
                "rulenum": 2012,
                "subnet_group": "app_public",
                "to_port": 65535
              },
              "app_public-app_private-443-10.0.12.0/22": {
                "cidr": "10.0.12.0/22",
                "from_port": 1024,
                "id": "app_public-app_private-443-10.0.12.0/22",
                "rulenum": 2000,
                "subnet_group": "app_public",
                "to_port": 65535
              },
              "app_public-app_private-443-10.0.16.0/22": {
                "cidr": "10.0.16.0/22",
                "from_port": 1024,
                "id": "app_public-app_private-443-10.0.16.0/22",
                "rulenum": 2002,
                "subnet_group": "app_public",
                "to_port": 65535
              },
              "app_public-app_private-443-10.0.20.0/22": {
                "cidr": "10.0.20.0/22",
                "from_port": 1024,
                "id": "app_public-app_private-443-10.0.20.0/22",
                "rulenum": 2001,
                "subnet_group": "app_public",
                "to_port": 65535
              }
            },
            "outbound_rules": {
              "_universe-app_public-443-0.0.0.0/0": {
                "cidr": "0.0.0.0/0",
                "from_port": 1024,
                "id": "_universe-app_public-443-0.0.0.0/0",
                "rulenum": 4100,
                "subnet_group": "app_public",
                "to_port": 65535
              },
              "app_public-_aws_s3-443-3.5.164.0/22": {
                "cidr": "3.5.164.0/22",
                "from_port": 443,
                "id": "app_public-_aws_s3-443-3.5.164.0/22",
                "rulenum": 1010,
                "subnet_group": "app_public",
                "to_port": 443
              },
              "app_public-_aws_s3-443-3.5.168.0/23": {
                "cidr": "3.5.168.0/23",
                "from_port": 443,
                "id": "app_public-_aws_s3-443-3.5.168.0/23",
                "rulenum": 1011,
                "subnet_group": "app_public",
                "to_port": 443
              },
              "app_public-_aws_s3-443-52.95.128.0/21": {
                "cidr": "52.95.128.0/21",
                "from_port": 443,
                "id": "app_public-_aws_s3-443-52.95.128.0/21",
                "rulenum": 1012,
                "subnet_group": "app_public",
                "to_port": 443
              },
              "app_public-app_private-443-10.0.12.0/22": {
                "cidr": "10.0.12.0/22",
                "from_port": 443,
                "id": "app_public-app_private-443-10.0.12.0/22",
                "rulenum": 1000,
                "subnet_group": "app_public",
                "to_port": 443
              },
              "app_public-app_private-443-10.0.16.0/22": {
                "cidr": "10.0.16.0/22",
                "from_port": 443,
                "id": "app_public-app_private-443-10.0.16.0/22",
                "rulenum": 1002,
                "subnet_group": "app_public",
                "to_port": 443
              },
              "app_public-app_private-443-10.0.20.0/22": {
                "cidr": "10.0.20.0/22",
                "from_port": 443,
                "id": "app_public-app_private-443-10.0.20.0/22",
                "rulenum": 1001,
                "subnet_group": "app_public",
                "to_port": 443
              }
            }
          },
          "mgmt_persistence": {
            "inbound_rules": {},
            "outbound_rules": {}
          },
          "mgmt_private": {
            "inbound_rules": {
              "mgmt_private-_onprem_ldap-636-54.192.220.70/32": {
                "cidr": "54.192.220.70/32",
                "from_port": 1024,
                "id": "mgmt_private-_onprem_ldap-636-54.192.220.70/32",
                "rulenum": 2090,
                "subnet_group": "mgmt_private",
                "to_port": 65535
              },
              "mgmt_private-_vpc_app-0-10.0.0.0/16": {
                "cidr": "10.0.0.0/16",
                "from_port": 1024,
                "id": "mgmt_private-_vpc_app-0-10.0.0.0/16",
                "rulenum": 2080,
                "subnet_group": "mgmt_private",
                "to_port": 65535
              },
              "mgmt_private-_vpc_app-0-10.1.0.0/16": {
                "cidr": "10.1.0.0/16",
                "from_port": 1024,
                "id": "mgmt_private-_vpc_app-0-10.1.0.0/16",
                "rulenum": 2081,
                "subnet_group": "mgmt_private",
                "to_port": 65535
              },
              "mgmt_private-_vpc_app-0-10.2.0.0/16": {
                "cidr": "10.2.0.0/16",
                "from_port": 1024,
                "id": "mgmt_private-_vpc_app-0-10.2.0.0/16",
                "rulenum": 2082,
                "subnet_group": "mgmt_private",
                "to_port": 65535
              },
              "mgmt_private-_vpc_mgmt-0-10.8.0.0/16": {
                "cidr": "10.8.0.0/16",
                "from_port": 1024,
                "id": "mgmt_private-_vpc_mgmt-0-10.8.0.0/16",
                "rulenum": 2070,
                "subnet_group": "mgmt_private",
                "to_port": 65535
              },
              "mgmt_public-mgmt_private-443-10.8.0.0/22": {
                "cidr": "10.8.0.0/22",
                "from_port": 443,
                "id": "mgmt_public-mgmt_private-443-10.8.0.0/22",
                "rulenum": 3061,
                "subnet_group": "mgmt_private",
                "to_port": 443
              },
              "mgmt_public-mgmt_private-443-10.8.4.0/22": {
                "cidr": "10.8.4.0/22",
                "from_port": 443,
                "id": "mgmt_public-mgmt_private-443-10.8.4.0/22",
                "rulenum": 3060,
                "subnet_group": "mgmt_private",
                "to_port": 443
              },
              "mgmt_public-mgmt_private-443-10.8.8.0/22": {
                "cidr": "10.8.8.0/22",
                "from_port": 443,
                "id": "mgmt_public-mgmt_private-443-10.8.8.0/22",
                "rulenum": 3062,
                "subnet_group": "mgmt_private",
                "to_port": 443
              }
            },
            "outbound_rules": {
              "mgmt_private-_onprem_ldap-636-54.192.220.70/32": {
                "cidr": "54.192.220.70/32",
                "from_port": 636,
                "id": "mgmt_private-_onprem_ldap-636-54.192.220.70/32",
                "rulenum": 1090,
                "subnet_group": "mgmt_private",
                "to_port": 636
              },
              "mgmt_private-_vpc_app-0-10.0.0.0/16": {
                "cidr": "10.0.0.0/16",
                "from_port": 0,
                "id": "mgmt_private-_vpc_app-0-10.0.0.0/16",
                "rulenum": 1080,
                "subnet_group": "mgmt_private",
                "to_port": 0
              },
              "mgmt_private-_vpc_app-0-10.1.0.0/16": {
                "cidr": "10.1.0.0/16",
                "from_port": 0,
                "id": "mgmt_private-_vpc_app-0-10.1.0.0/16",
                "rulenum": 1081,
                "subnet_group": "mgmt_private",
                "to_port": 0
              },
              "mgmt_private-_vpc_app-0-10.2.0.0/16": {
                "cidr": "10.2.0.0/16",
                "from_port": 0,
                "id": "mgmt_private-_vpc_app-0-10.2.0.0/16",
                "rulenum": 1082,
                "subnet_group": "mgmt_private",
                "to_port": 0
              },
              "mgmt_private-_vpc_mgmt-0-10.8.0.0/16": {
                "cidr": "10.8.0.0/16",
                "from_port": 0,
                "id": "mgmt_private-_vpc_mgmt-0-10.8.0.0/16",
                "rulenum": 1070,
                "subnet_group": "mgmt_private",
                "to_port": 0
              },
              "mgmt_public-mgmt_private-443-10.8.0.0/22": {
                "cidr": "10.8.0.0/22",
                "from_port": 1024,
                "id": "mgmt_public-mgmt_private-443-10.8.0.0/22",
                "rulenum": 4061,
                "subnet_group": "mgmt_private",
                "to_port": 65535
              },
              "mgmt_public-mgmt_private-443-10.8.4.0/22": {
                "cidr": "10.8.4.0/22",
                "from_port": 1024,
                "id": "mgmt_public-mgmt_private-443-10.8.4.0/22",
                "rulenum": 4060,
                "subnet_group": "mgmt_private",
                "to_port": 65535
              },
              "mgmt_public-mgmt_private-443-10.8.8.0/22": {
                "cidr": "10.8.8.0/22",
                "from_port": 1024,
                "id": "mgmt_public-mgmt_private-443-10.8.8.0/22",
                "rulenum": 4062,
                "subnet_group": "mgmt_private",
                "to_port": 65535
              }
            }
          },
          "mgmt_public": {
            "inbound_rules": {
              "_universe-mgmt_public-443-0.0.0.0/0": {
                "cidr": "0.0.0.0/0",
                "from_port": 443,
                "id": "_universe-mgmt_public-443-0.0.0.0/0",
                "rulenum": 3110,
                "subnet_group": "mgmt_public",
                "to_port": 443
              },
              "mgmt_public-mgmt_private-443-10.8.12.0/22": {
                "cidr": "10.8.12.0/22",
                "from_port": 1024,
                "id": "mgmt_public-mgmt_private-443-10.8.12.0/22",
                "rulenum": 2062,
                "subnet_group": "mgmt_public",
                "to_port": 65535
              },
              "mgmt_public-mgmt_private-443-10.8.16.0/22": {
                "cidr": "10.8.16.0/22",
                "from_port": 1024,
                "id": "mgmt_public-mgmt_private-443-10.8.16.0/22",
                "rulenum": 2060,
                "subnet_group": "mgmt_public",
                "to_port": 65535
              },
              "mgmt_public-mgmt_private-443-10.8.20.0/22": {
                "cidr": "10.8.20.0/22",
                "from_port": 1024,
                "id": "mgmt_public-mgmt_private-443-10.8.20.0/22",
                "rulenum": 2061,
                "subnet_group": "mgmt_public",
                "to_port": 65535
              }
            },
            "outbound_rules": {
              "_universe-mgmt_public-443-0.0.0.0/0": {
                "cidr": "0.0.0.0/0",
                "from_port": 1024,
                "id": "_universe-mgmt_public-443-0.0.0.0/0",
                "rulenum": 4110,
                "subnet_group": "mgmt_public",
                "to_port": 65535
              },
              "mgmt_public-mgmt_private-443-10.8.12.0/22": {
                "cidr": "10.8.12.0/22",
                "from_port": 443,
                "id": "mgmt_public-mgmt_private-443-10.8.12.0/22",
                "rulenum": 1062,
                "subnet_group": "mgmt_public",
                "to_port": 443
              },
              "mgmt_public-mgmt_private-443-10.8.16.0/22": {
                "cidr": "10.8.16.0/22",
                "from_port": 443,
                "id": "mgmt_public-mgmt_private-443-10.8.16.0/22",
                "rulenum": 1060,
                "subnet_group": "mgmt_public",
                "to_port": 443
              },
              "mgmt_public-mgmt_private-443-10.8.20.0/22": {
                "cidr": "10.8.20.0/22",
                "from_port": 443,
                "id": "mgmt_public-mgmt_private-443-10.8.20.0/22",
                "rulenum": 1061,
                "subnet_group": "mgmt_public",
                "to_port": 443
              }
            }
          }
        }
      },
      "ruleset": {
        "sensitive": false,
        "value": [
          {
            "port": "443",
            "source": "app_public",
            "target": "app_private"
          },
          {
            "port": "443",
            "source": "app_public",
            "target": "_aws_s3"
          },
          {
            "port": "3306",
            "source": "app_private",
            "target": "app_persistence"
          },
          {
            "port": "22",
            "source": "app_private",
            "target": "app_persistence"
          },
          {
            "port": "636",
            "source": "app_private",
            "target": "_onprem_ldap"
          },
          {
            "port": "443",
            "source": "app_private",
            "target": "_aws_s3"
          },
          {
            "port": "443",
            "source": "mgmt_public",
            "target": "mgmt_private"
          },
          {
            "port": "0",
            "source": "mgmt_private",
            "target": "_vpc_mgmt"
          },
          {
            "port": "0",
            "source": "mgmt_private",
            "target": "_vpc_app"
          },
          {
            "port": "636",
            "source": "mgmt_private",
            "target": "_onprem_ldap"
          },
          {
            "port": "443",
            "source": "_universe",
            "target": "app_public"
          },
          {
            "port": "443",
            "source": "_universe",
            "target": "mgmt_public"
          }
        ]
      }
    },
    "root_module": {
      "child_modules": [
        {
          "resources": [
            {
              "address": "module.nacl[\"app_persistence\"].aws_network_acl.this",
              "mode": "managed",
              "type": "aws_network_acl",
              "name": "this",
              "provider_name": "registry.terraform.io/hashicorp/aws",
              "schema_version": 0,
              "values": {
                "subnet_ids": [
                  "subnet-06e41c4d23a1a95cc",
                  "subnet-0a076e3ed01b116d6",
                  "subnet-0be0c5749587a84ba"
                ],
                "tags": {
                  "Name": "app_persistence"
                },
                "vpc_id": "vpc-0d62f8ced5383b24b"
              }
            },
            {
              "address": "module.nacl[\"app_persistence\"].aws_network_acl_rule.inbound[\"app_private-app_persistence-22-10.0.12.0/22\"]",
              "mode": "managed",
              "type": "aws_network_acl_rule",
              "name": "inbound",
              "index": "app_private-app_persistence-22-10.0.12.0/22",
              "provider_name": "registry.terraform.io/hashicorp/aws",
              "schema_version": 0,
              "values": {
                "cidr_block": "10.0.12.0/22",
                "egress": false,
                "from_port": 22,
                "icmp_code": null,
                "icmp_type": null,
                "ipv6_cidr_block": null,
                "protocol": "tcp",
                "rule_action": "allow",
                "rule_number": 3030,
                "to_port": 22
              }
            },
            {
              "address": "module.nacl[\"app_persistence\"].aws_network_acl_rule.inbound[\"app_private-app_persistence-22-10.0.16.0/22\"]",
              "mode": "managed",
              "type": "aws_network_acl_rule",
              "name": "inbound",
              "index": "app_private-app_persistence-22-10.0.16.0/22",
              "provider_name": "registry.terraform.io/hashicorp/aws",
              "schema_version": 0,
              "values": {
                "cidr_block": "10.0.16.0/22",
                "egress": false,
                "from_port": 22,
                "icmp_code": null,
                "icmp_type": null,
                "ipv6_cidr_block": null,
                "protocol": "tcp",
                "rule_action": "allow",
                "rule_number": 3032,
                "to_port": 22
              }
            },
            {
              "address": "module.nacl[\"app_persistence\"].aws_network_acl_rule.inbound[\"app_private-app_persistence-22-10.0.20.0/22\"]",
              "mode": "managed",
              "type": "aws_network_acl_rule",
              "name": "inbound",
              "index": "app_private-app_persistence-22-10.0.20.0/22",
              "provider_name": "registry.terraform.io/hashicorp/aws",
              "schema_version": 0,
              "values": {
                "cidr_block": "10.0.20.0/22",
                "egress": false,
                "from_port": 22,
                "icmp_code": null,
                "icmp_type": null,
                "ipv6_cidr_block": null,
                "protocol": "tcp",
                "rule_action": "allow",
                "rule_number": 3031,
                "to_port": 22
              }
            },
            {
              "address": "module.nacl[\"app_persistence\"].aws_network_acl_rule.inbound[\"app_private-app_persistence-3306-10.0.12.0/22\"]",
              "mode": "managed",
              "type": "aws_network_acl_rule",
              "name": "inbound",
              "index": "app_private-app_persistence-3306-10.0.12.0/22",
              "provider_name": "registry.terraform.io/hashicorp/aws",
              "schema_version": 0,
              "values": {
                "cidr_block": "10.0.12.0/22",
                "egress": false,
                "from_port": 3306,
                "icmp_code": null,
                "icmp_type": null,
                "ipv6_cidr_block": null,
                "protocol": "tcp",
                "rule_action": "allow",
                "rule_number": 3020,
                "to_port": 3306
              }
            },
            {
              "address": "module.nacl[\"app_persistence\"].aws_network_acl_rule.inbound[\"app_private-app_persistence-3306-10.0.16.0/22\"]",
              "mode": "managed",
              "type": "aws_network_acl_rule",
              "name": "inbound",
              "index": "app_private-app_persistence-3306-10.0.16.0/22",
              "provider_name": "registry.terraform.io/hashicorp/aws",
              "schema_version": 0,
              "values": {
                "cidr_block": "10.0.16.0/22",
                "egress": false,
                "from_port": 3306,
                "icmp_code": null,
                "icmp_type": null,
                "ipv6_cidr_block": null,
                "protocol": "tcp",
                "rule_action": "allow",
                "rule_number": 3022,
                "to_port": 3306
              }
            },
            {
              "address": "module.nacl[\"app_persistence\"].aws_network_acl_rule.inbound[\"app_private-app_persistence-3306-10.0.20.0/22\"]",
              "mode": "managed",
              "type": "aws_network_acl_rule",
              "name": "inbound",
              "index": "app_private-app_persistence-3306-10.0.20.0/22",
              "provider_name": "registry.terraform.io/hashicorp/aws",
              "schema_version": 0,
              "values": {
                "cidr_block": "10.0.20.0/22",
                "egress": false,
                "from_port": 3306,
                "icmp_code": null,
                "icmp_type": null,
                "ipv6_cidr_block": null,
                "protocol": "tcp",
                "rule_action": "allow",
                "rule_number": 3021,
                "to_port": 3306
              }
            },
            {
              "address": "module.nacl[\"app_persistence\"].aws_network_acl_rule.outbound[\"app_private-app_persistence-22-10.0.12.0/22\"]",
              "mode": "managed",
              "type": "aws_network_acl_rule",
              "name": "outbound",
              "index": "app_private-app_persistence-22-10.0.12.0/22",
              "provider_name": "registry.terraform.io/hashicorp/aws",
              "schema_version": 0,
              "values": {
                "cidr_block": "10.0.12.0/22",
                "egress": true,
                "from_port": 1024,
                "icmp_code": null,
                "icmp_type": null,
                "ipv6_cidr_block": null,
                "protocol": "tcp",
                "rule_action": "allow",
                "rule_number": 4030,
                "to_port": 65535
              }
            },
            {
              "address": "module.nacl[\"app_persistence\"].aws_network_acl_rule.outbound[\"app_private-app_persistence-22-10.0.16.0/22\"]",
              "mode": "managed",
              "type": "aws_network_acl_rule",
              "name": "outbound",
              "index": "app_private-app_persistence-22-10.0.16.0/22",
              "provider_name": "registry.terraform.io/hashicorp/aws",
              "schema_version": 0,
              "values": {
                "cidr_block": "10.0.16.0/22",
                "egress": true,
                "from_port": 1024,
                "icmp_code": null,
                "icmp_type": null,
                "ipv6_cidr_block": null,
                "protocol": "tcp",
                "rule_action": "allow",
                "rule_number": 4032,
                "to_port": 65535
              }
            },
            {
              "address": "module.nacl[\"app_persistence\"].aws_network_acl_rule.outbound[\"app_private-app_persistence-22-10.0.20.0/22\"]",
              "mode": "managed",
              "type": "aws_network_acl_rule",
              "name": "outbound",
              "index": "app_private-app_persistence-22-10.0.20.0/22",
              "provider_name": "registry.terraform.io/hashicorp/aws",
              "schema_version": 0,
              "values": {
                "cidr_block": "10.0.20.0/22",
                "egress": true,
                "from_port": 1024,
                "icmp_code": null,
                "icmp_type": null,
                "ipv6_cidr_block": null,
                "protocol": "tcp",
                "rule_action": "allow",
                "rule_number": 4031,
                "to_port": 65535
              }
            },
            {
              "address": "module.nacl[\"app_persistence\"].aws_network_acl_rule.outbound[\"app_private-app_persistence-3306-10.0.12.0/22\"]",
              "mode": "managed",
              "type": "aws_network_acl_rule",
              "name": "outbound",
              "index": "app_private-app_persistence-3306-10.0.12.0/22",
              "provider_name": "registry.terraform.io/hashicorp/aws",
              "schema_version": 0,
              "values": {
                "cidr_block": "10.0.12.0/22",
                "egress": true,
                "from_port": 1024,
                "icmp_code": null,
                "icmp_type": null,
                "ipv6_cidr_block": null,
                "protocol": "tcp",
                "rule_action": "allow",
                "rule_number": 4020,
                "to_port": 65535
              }
            },
            {
              "address": "module.nacl[\"app_persistence\"].aws_network_acl_rule.outbound[\"app_private-app_persistence-3306-10.0.16.0/22\"]",
              "mode": "managed",
              "type": "aws_network_acl_rule",
              "name": "outbound",
              "index": "app_private-app_persistence-3306-10.0.16.0/22",
              "provider_name": "registry.terraform.io/hashicorp/aws",
              "schema_version": 0,
              "values": {
                "cidr_block": "10.0.16.0/22",
                "egress": true,
                "from_port": 1024,
                "icmp_code": null,
                "icmp_type": null,
                "ipv6_cidr_block": null,
                "protocol": "tcp",
                "rule_action": "allow",
                "rule_number": 4022,
                "to_port": 65535
              }
            },
            {
              "address": "module.nacl[\"app_persistence\"].aws_network_acl_rule.outbound[\"app_private-app_persistence-3306-10.0.20.0/22\"]",
              "mode": "managed",
              "type": "aws_network_acl_rule",
              "name": "outbound",
              "index": "app_private-app_persistence-3306-10.0.20.0/22",
              "provider_name": "registry.terraform.io/hashicorp/aws",
              "schema_version": 0,
              "values": {
                "cidr_block": "10.0.20.0/22",
                "egress": true,
                "from_port": 1024,
                "icmp_code": null,
                "icmp_type": null,
                "ipv6_cidr_block": null,
                "protocol": "tcp",
                "rule_action": "allow",
                "rule_number": 4021,
                "to_port": 65535
              }
            }
          ],
          "address": "module.nacl[\"app_persistence\"]"
        },
        {
          "resources": [
            {
              "address": "module.nacl[\"app_private\"].aws_network_acl.this",
              "mode": "managed",
              "type": "aws_network_acl",
              "name": "this",
              "provider_name": "registry.terraform.io/hashicorp/aws",
              "schema_version": 0,
              "values": {
                "subnet_ids": [
                  "subnet-035b1ab2f5bd68ba2",
                  "subnet-0c35f79f1a129bfc1",
                  "subnet-0d1b49f2035c717d2"
                ],
                "tags": {
                  "Name": "app_private"
                },
                "vpc_id": "vpc-0d62f8ced5383b24b"
              }
            },
            {
              "address": "module.nacl[\"app_private\"].aws_network_acl_rule.inbound[\"app_private-_aws_s3-443-3.5.164.0/22\"]",
              "mode": "managed",
              "type": "aws_network_acl_rule",
              "name": "inbound",
              "index": "app_private-_aws_s3-443-3.5.164.0/22",
              "provider_name": "registry.terraform.io/hashicorp/aws",
              "schema_version": 0,
              "values": {
                "cidr_block": "3.5.164.0/22",
                "egress": false,
                "from_port": 1024,
                "icmp_code": null,
                "icmp_type": null,
                "ipv6_cidr_block": null,
                "protocol": "tcp",
                "rule_action": "allow",
                "rule_number": 2050,
                "to_port": 65535
              }
            },
            {
              "address": "module.nacl[\"app_private\"].aws_network_acl_rule.inbound[\"app_private-_aws_s3-443-3.5.168.0/23\"]",
              "mode": "managed",
              "type": "aws_network_acl_rule",
              "name": "inbound",
              "index": "app_private-_aws_s3-443-3.5.168.0/23",
              "provider_name": "registry.terraform.io/hashicorp/aws",
              "schema_version": 0,
              "values": {
                "cidr_block": "3.5.168.0/23",
                "egress": false,
                "from_port": 1024,
                "icmp_code": null,
                "icmp_type": null,
                "ipv6_cidr_block": null,
                "protocol": "tcp",
                "rule_action": "allow",
                "rule_number": 2051,
                "to_port": 65535
              }
            },
            {
              "address": "module.nacl[\"app_private\"].aws_network_acl_rule.inbound[\"app_private-_aws_s3-443-52.95.128.0/21\"]",
              "mode": "managed",
              "type": "aws_network_acl_rule",
              "name": "inbound",
              "index": "app_private-_aws_s3-443-52.95.128.0/21",
              "provider_name": "registry.terraform.io/hashicorp/aws",
              "schema_version": 0,
              "values": {
                "cidr_block": "52.95.128.0/21",
                "egress": false,
                "from_port": 1024,
                "icmp_code": null,
                "icmp_type": null,
                "ipv6_cidr_block": null,
                "protocol": "tcp",
                "rule_action": "allow",
                "rule_number": 2052,
                "to_port": 65535
              }
            },
            {
              "address": "module.nacl[\"app_private\"].aws_network_acl_rule.inbound[\"app_private-_onprem_ldap-636-54.192.220.70/32\"]",
              "mode": "managed",
              "type": "aws_network_acl_rule",
              "name": "inbound",
              "index": "app_private-_onprem_ldap-636-54.192.220.70/32",
              "provider_name": "registry.terraform.io/hashicorp/aws",
              "schema_version": 0,
              "values": {
                "cidr_block": "54.192.220.70/32",
                "egress": false,
                "from_port": 1024,
                "icmp_code": null,
                "icmp_type": null,
                "ipv6_cidr_block": null,
                "protocol": "tcp",
                "rule_action": "allow",
                "rule_number": 2040,
                "to_port": 65535
              }
            },
            {
              "address": "module.nacl[\"app_private\"].aws_network_acl_rule.inbound[\"app_private-app_persistence-22-10.0.24.0/22\"]",
              "mode": "managed",
              "type": "aws_network_acl_rule",
              "name": "inbound",
              "index": "app_private-app_persistence-22-10.0.24.0/22",
              "provider_name": "registry.terraform.io/hashicorp/aws",
              "schema_version": 0,
              "values": {
                "cidr_block": "10.0.24.0/22",
                "egress": false,
                "from_port": 1024,
                "icmp_code": null,
                "icmp_type": null,
                "ipv6_cidr_block": null,
                "protocol": "tcp",
                "rule_action": "allow",
                "rule_number": 2030,
                "to_port": 65535
              }
            },
            {
              "address": "module.nacl[\"app_private\"].aws_network_acl_rule.inbound[\"app_private-app_persistence-22-10.0.28.0/22\"]",
              "mode": "managed",
              "type": "aws_network_acl_rule",
              "name": "inbound",
              "index": "app_private-app_persistence-22-10.0.28.0/22",
              "provider_name": "registry.terraform.io/hashicorp/aws",
              "schema_version": 0,
              "values": {
                "cidr_block": "10.0.28.0/22",
                "egress": false,
                "from_port": 1024,
                "icmp_code": null,
                "icmp_type": null,
                "ipv6_cidr_block": null,
                "protocol": "tcp",
                "rule_action": "allow",
                "rule_number": 2031,
                "to_port": 65535
              }
            },
            {
              "address": "module.nacl[\"app_private\"].aws_network_acl_rule.inbound[\"app_private-app_persistence-22-10.0.32.0/22\"]",
              "mode": "managed",
              "type": "aws_network_acl_rule",
              "name": "inbound",
              "index": "app_private-app_persistence-22-10.0.32.0/22",
              "provider_name": "registry.terraform.io/hashicorp/aws",
              "schema_version": 0,
              "values": {
                "cidr_block": "10.0.32.0/22",
                "egress": false,
                "from_port": 1024,
                "icmp_code": null,
                "icmp_type": null,
                "ipv6_cidr_block": null,
                "protocol": "tcp",
                "rule_action": "allow",
                "rule_number": 2032,
                "to_port": 65535
              }
            },
            {
              "address": "module.nacl[\"app_private\"].aws_network_acl_rule.inbound[\"app_private-app_persistence-3306-10.0.24.0/22\"]",
              "mode": "managed",
              "type": "aws_network_acl_rule",
              "name": "inbound",
              "index": "app_private-app_persistence-3306-10.0.24.0/22",
              "provider_name": "registry.terraform.io/hashicorp/aws",
              "schema_version": 0,
              "values": {
                "cidr_block": "10.0.24.0/22",
                "egress": false,
                "from_port": 1024,
                "icmp_code": null,
                "icmp_type": null,
                "ipv6_cidr_block": null,
                "protocol": "tcp",
                "rule_action": "allow",
                "rule_number": 2020,
                "to_port": 65535
              }
            },
            {
              "address": "module.nacl[\"app_private\"].aws_network_acl_rule.inbound[\"app_private-app_persistence-3306-10.0.28.0/22\"]",
              "mode": "managed",
              "type": "aws_network_acl_rule",
              "name": "inbound",
              "index": "app_private-app_persistence-3306-10.0.28.0/22",
              "provider_name": "registry.terraform.io/hashicorp/aws",
              "schema_version": 0,
              "values": {
                "cidr_block": "10.0.28.0/22",
                "egress": false,
                "from_port": 1024,
                "icmp_code": null,
                "icmp_type": null,
                "ipv6_cidr_block": null,
                "protocol": "tcp",
                "rule_action": "allow",
                "rule_number": 2021,
                "to_port": 65535
              }
            },
            {
              "address": "module.nacl[\"app_private\"].aws_network_acl_rule.inbound[\"app_private-app_persistence-3306-10.0.32.0/22\"]",
              "mode": "managed",
              "type": "aws_network_acl_rule",
              "name": "inbound",
              "index": "app_private-app_persistence-3306-10.0.32.0/22",
              "provider_name": "registry.terraform.io/hashicorp/aws",
              "schema_version": 0,
              "values": {
                "cidr_block": "10.0.32.0/22",
                "egress": false,
                "from_port": 1024,
                "icmp_code": null,
                "icmp_type": null,
                "ipv6_cidr_block": null,
                "protocol": "tcp",
                "rule_action": "allow",
                "rule_number": 2022,
                "to_port": 65535
              }
            },
            {
              "address": "module.nacl[\"app_private\"].aws_network_acl_rule.inbound[\"app_public-app_private-443-10.0.0.0/22\"]",
              "mode": "managed",
              "type": "aws_network_acl_rule",
              "name": "inbound",
              "index": "app_public-app_private-443-10.0.0.0/22",
              "provider_name": "registry.terraform.io/hashicorp/aws",
              "schema_version": 0,
              "values": {
                "cidr_block": "10.0.0.0/22",
                "egress": false,
                "from_port": 443,
                "icmp_code": null,
                "icmp_type": null,
                "ipv6_cidr_block": null,
                "protocol": "tcp",
                "rule_action": "allow",
                "rule_number": 3001,
                "to_port": 443
              }
            },
            {
              "address": "module.nacl[\"app_private\"].aws_network_acl_rule.inbound[\"app_public-app_private-443-10.0.4.0/22\"]",
              "mode": "managed",
              "type": "aws_network_acl_rule",
              "name": "inbound",
              "index": "app_public-app_private-443-10.0.4.0/22",
              "provider_name": "registry.terraform.io/hashicorp/aws",
              "schema_version": 0,
              "values": {
                "cidr_block": "10.0.4.0/22",
                "egress": false,
                "from_port": 443,
                "icmp_code": null,
                "icmp_type": null,
                "ipv6_cidr_block": null,
                "protocol": "tcp",
                "rule_action": "allow",
                "rule_number": 3000,
                "to_port": 443
              }
            },
            {
              "address": "module.nacl[\"app_private\"].aws_network_acl_rule.inbound[\"app_public-app_private-443-10.0.8.0/22\"]",
              "mode": "managed",
              "type": "aws_network_acl_rule",
              "name": "inbound",
              "index": "app_public-app_private-443-10.0.8.0/22",
              "provider_name": "registry.terraform.io/hashicorp/aws",
              "schema_version": 0,
              "values": {
                "cidr_block": "10.0.8.0/22",
                "egress": false,
                "from_port": 443,
                "icmp_code": null,
                "icmp_type": null,
                "ipv6_cidr_block": null,
                "protocol": "tcp",
                "rule_action": "allow",
                "rule_number": 3002,
                "to_port": 443
              }
            },
            {
              "address": "module.nacl[\"app_private\"].aws_network_acl_rule.outbound[\"app_private-_aws_s3-443-3.5.164.0/22\"]",
              "mode": "managed",
              "type": "aws_network_acl_rule",
              "name": "outbound",
              "index": "app_private-_aws_s3-443-3.5.164.0/22",
              "provider_name": "registry.terraform.io/hashicorp/aws",
              "schema_version": 0,
              "values": {
                "cidr_block": "3.5.164.0/22",
                "egress": true,
                "from_port": 443,
                "icmp_code": null,
                "icmp_type": null,
                "ipv6_cidr_block": null,
                "protocol": "tcp",
                "rule_action": "allow",
                "rule_number": 1050,
                "to_port": 443
              }
            },
            {
              "address": "module.nacl[\"app_private\"].aws_network_acl_rule.outbound[\"app_private-_aws_s3-443-3.5.168.0/23\"]",
              "mode": "managed",
              "type": "aws_network_acl_rule",
              "name": "outbound",
              "index": "app_private-_aws_s3-443-3.5.168.0/23",
              "provider_name": "registry.terraform.io/hashicorp/aws",
              "schema_version": 0,
              "values": {
                "cidr_block": "3.5.168.0/23",
                "egress": true,
                "from_port": 443,
                "icmp_code": null,
                "icmp_type": null,
                "ipv6_cidr_block": null,
                "protocol": "tcp",
                "rule_action": "allow",
                "rule_number": 1051,
                "to_port": 443
              }
            },
            {
              "address": "module.nacl[\"app_private\"].aws_network_acl_rule.outbound[\"app_private-_aws_s3-443-52.95.128.0/21\"]",
              "mode": "managed",
              "type": "aws_network_acl_rule",
              "name": "outbound",
              "index": "app_private-_aws_s3-443-52.95.128.0/21",
              "provider_name": "registry.terraform.io/hashicorp/aws",
              "schema_version": 0,
              "values": {
                "cidr_block": "52.95.128.0/21",
                "egress": true,
                "from_port": 443,
                "icmp_code": null,
                "icmp_type": null,
                "ipv6_cidr_block": null,
                "protocol": "tcp",
                "rule_action": "allow",
                "rule_number": 1052,
                "to_port": 443
              }
            },
            {
              "address": "module.nacl[\"app_private\"].aws_network_acl_rule.outbound[\"app_private-_onprem_ldap-636-54.192.220.70/32\"]",
              "mode": "managed",
              "type": "aws_network_acl_rule",
              "name": "outbound",
              "index": "app_private-_onprem_ldap-636-54.192.220.70/32",
              "provider_name": "registry.terraform.io/hashicorp/aws",
              "schema_version": 0,
              "values": {
                "cidr_block": "54.192.220.70/32",
                "egress": true,
                "from_port": 636,
                "icmp_code": null,
                "icmp_type": null,
                "ipv6_cidr_block": null,
                "protocol": "tcp",
                "rule_action": "allow",
                "rule_number": 1040,
                "to_port": 636
              }
            },
            {
              "address": "module.nacl[\"app_private\"].aws_network_acl_rule.outbound[\"app_private-app_persistence-22-10.0.24.0/22\"]",
              "mode": "managed",
              "type": "aws_network_acl_rule",
              "name": "outbound",
              "index": "app_private-app_persistence-22-10.0.24.0/22",
              "provider_name": "registry.terraform.io/hashicorp/aws",
              "schema_version": 0,
              "values": {
                "cidr_block": "10.0.24.0/22",
                "egress": true,
                "from_port": 22,
                "icmp_code": null,
                "icmp_type": null,
                "ipv6_cidr_block": null,
                "protocol": "tcp",
                "rule_action": "allow",
                "rule_number": 1030,
                "to_port": 22
              }
            },
            {
              "address": "module.nacl[\"app_private\"].aws_network_acl_rule.outbound[\"app_private-app_persistence-22-10.0.28.0/22\"]",
              "mode": "managed",
              "type": "aws_network_acl_rule",
              "name": "outbound",
              "index": "app_private-app_persistence-22-10.0.28.0/22",
              "provider_name": "registry.terraform.io/hashicorp/aws",
              "schema_version": 0,
              "values": {
                "cidr_block": "10.0.28.0/22",
                "egress": true,
                "from_port": 22,
                "icmp_code": null,
                "icmp_type": null,
                "ipv6_cidr_block": null,
                "protocol": "tcp",
                "rule_action": "allow",
                "rule_number": 1031,
                "to_port": 22
              }
            },
            {
              "address": "module.nacl[\"app_private\"].aws_network_acl_rule.outbound[\"app_private-app_persistence-22-10.0.32.0/22\"]",
              "mode": "managed",
              "type": "aws_network_acl_rule",
              "name": "outbound",
              "index": "app_private-app_persistence-22-10.0.32.0/22",
              "provider_name": "registry.terraform.io/hashicorp/aws",
              "schema_version": 0,
              "values": {
                "cidr_block": "10.0.32.0/22",
                "egress": true,
                "from_port": 22,
                "icmp_code": null,
                "icmp_type": null,
                "ipv6_cidr_block": null,
                "protocol": "tcp",
                "rule_action": "allow",
                "rule_number": 1032,
                "to_port": 22
              }
            },
            {
              "address": "module.nacl[\"app_private\"].aws_network_acl_rule.outbound[\"app_private-app_persistence-3306-10.0.24.0/22\"]",
              "mode": "managed",
              "type": "aws_network_acl_rule",
              "name": "outbound",
              "index": "app_private-app_persistence-3306-10.0.24.0/22",
              "provider_name": "registry.terraform.io/hashicorp/aws",
              "schema_version": 0,
              "values": {
                "cidr_block": "10.0.24.0/22",
                "egress": true,
                "from_port": 3306,
                "icmp_code": null,
                "icmp_type": null,
                "ipv6_cidr_block": null,
                "protocol": "tcp",
                "rule_action": "allow",
                "rule_number": 1020,
                "to_port": 3306
              }
            },
            {
              "address": "module.nacl[\"app_private\"].aws_network_acl_rule.outbound[\"app_private-app_persistence-3306-10.0.28.0/22\"]",
              "mode": "managed",
              "type": "aws_network_acl_rule",
              "name": "outbound",
              "index": "app_private-app_persistence-3306-10.0.28.0/22",
              "provider_name": "registry.terraform.io/hashicorp/aws",
              "schema_version": 0,
              "values": {
                "cidr_block": "10.0.28.0/22",
                "egress": true,
                "from_port": 3306,
                "icmp_code": null,
                "icmp_type": null,
                "ipv6_cidr_block": null,
                "protocol": "tcp",
                "rule_action": "allow",
                "rule_number": 1021,
                "to_port": 3306
              }
            },
            {
              "address": "module.nacl[\"app_private\"].aws_network_acl_rule.outbound[\"app_private-app_persistence-3306-10.0.32.0/22\"]",
              "mode": "managed",
              "type": "aws_network_acl_rule",
              "name": "outbound",
              "index": "app_private-app_persistence-3306-10.0.32.0/22",
              "provider_name": "registry.terraform.io/hashicorp/aws",
              "schema_version": 0,
              "values": {
                "cidr_block": "10.0.32.0/22",
                "egress": true,
                "from_port": 3306,
                "icmp_code": null,
                "icmp_type": null,
                "ipv6_cidr_block": null,
                "protocol": "tcp",
                "rule_action": "allow",
                "rule_number": 1022,
                "to_port": 3306
              }
            },
            {
              "address": "module.nacl[\"app_private\"].aws_network_acl_rule.outbound[\"app_public-app_private-443-10.0.0.0/22\"]",
              "mode": "managed",
              "type": "aws_network_acl_rule",
              "name": "outbound",
              "index": "app_public-app_private-443-10.0.0.0/22",
              "provider_name": "registry.terraform.io/hashicorp/aws",
              "schema_version": 0,
              "values": {
                "cidr_block": "10.0.0.0/22",
                "egress": true,
                "from_port": 1024,
                "icmp_code": null,
                "icmp_type": null,
                "ipv6_cidr_block": null,
                "protocol": "tcp",
                "rule_action": "allow",
                "rule_number": 4001,
                "to_port": 65535
              }
            },
            {
              "address": "module.nacl[\"app_private\"].aws_network_acl_rule.outbound[\"app_public-app_private-443-10.0.4.0/22\"]",
              "mode": "managed",
              "type": "aws_network_acl_rule",
              "name": "outbound",
              "index": "app_public-app_private-443-10.0.4.0/22",
              "provider_name": "registry.terraform.io/hashicorp/aws",
              "schema_version": 0,
              "values": {
                "cidr_block": "10.0.4.0/22",
                "egress": true,
                "from_port": 1024,
                "icmp_code": null,
                "icmp_type": null,
                "ipv6_cidr_block": null,
                "protocol": "tcp",
                "rule_action": "allow",
                "rule_number": 4000,
                "to_port": 65535
              }
            },
            {
              "address": "module.nacl[\"app_private\"].aws_network_acl_rule.outbound[\"app_public-app_private-443-10.0.8.0/22\"]",
              "mode": "managed",
              "type": "aws_network_acl_rule",
              "name": "outbound",
              "index": "app_public-app_private-443-10.0.8.0/22",
              "provider_name": "registry.terraform.io/hashicorp/aws",
              "schema_version": 0,
              "values": {
                "cidr_block": "10.0.8.0/22",
                "egress": true,
                "from_port": 1024,
                "icmp_code": null,
                "icmp_type": null,
                "ipv6_cidr_block": null,
                "protocol": "tcp",
                "rule_action": "allow",
                "rule_number": 4002,
                "to_port": 65535
              }
            }
          ],
          "address": "module.nacl[\"app_private\"]"
        },
        {
          "resources": [
            {
              "address": "module.nacl[\"app_public\"].aws_network_acl.this",
              "mode": "managed",
              "type": "aws_network_acl",
              "name": "this",
              "provider_name": "registry.terraform.io/hashicorp/aws",
              "schema_version": 0,
              "values": {
                "subnet_ids": [
                  "subnet-066c732c1d7bbeea7",
                  "subnet-0b471d343b0410ff6",
                  "subnet-0d6beca68353efca0"
                ],
                "tags": {
                  "Name": "app_public"
                },
                "vpc_id": "vpc-0d62f8ced5383b24b"
              }
            },
            {
              "address": "module.nacl[\"app_public\"].aws_network_acl_rule.inbound[\"_universe-app_public-443-0.0.0.0/0\"]",
              "mode": "managed",
              "type": "aws_network_acl_rule",
              "name": "inbound",
              "index": "_universe-app_public-443-0.0.0.0/0",
              "provider_name": "registry.terraform.io/hashicorp/aws",
              "schema_version": 0,
              "values": {
                "cidr_block": "0.0.0.0/0",
                "egress": false,
                "from_port": 443,
                "icmp_code": null,
                "icmp_type": null,
                "ipv6_cidr_block": null,
                "protocol": "tcp",
                "rule_action": "allow",
                "rule_number": 3100,
                "to_port": 443
              }
            },
            {
              "address": "module.nacl[\"app_public\"].aws_network_acl_rule.inbound[\"app_public-_aws_s3-443-3.5.164.0/22\"]",
              "mode": "managed",
              "type": "aws_network_acl_rule",
              "name": "inbound",
              "index": "app_public-_aws_s3-443-3.5.164.0/22",
              "provider_name": "registry.terraform.io/hashicorp/aws",
              "schema_version": 0,
              "values": {
                "cidr_block": "3.5.164.0/22",
                "egress": false,
                "from_port": 1024,
                "icmp_code": null,
                "icmp_type": null,
                "ipv6_cidr_block": null,
                "protocol": "tcp",
                "rule_action": "allow",
                "rule_number": 2010,
                "to_port": 65535
              }
            },
            {
              "address": "module.nacl[\"app_public\"].aws_network_acl_rule.inbound[\"app_public-_aws_s3-443-3.5.168.0/23\"]",
              "mode": "managed",
              "type": "aws_network_acl_rule",
              "name": "inbound",
              "index": "app_public-_aws_s3-443-3.5.168.0/23",
              "provider_name": "registry.terraform.io/hashicorp/aws",
              "schema_version": 0,
              "values": {
                "cidr_block": "3.5.168.0/23",
                "egress": false,
                "from_port": 1024,
                "icmp_code": null,
                "icmp_type": null,
                "ipv6_cidr_block": null,
                "protocol": "tcp",
                "rule_action": "allow",
                "rule_number": 2011,
                "to_port": 65535
              }
            },
            {
              "address": "module.nacl[\"app_public\"].aws_network_acl_rule.inbound[\"app_public-_aws_s3-443-52.95.128.0/21\"]",
              "mode": "managed",
              "type": "aws_network_acl_rule",
              "name": "inbound",
              "index": "app_public-_aws_s3-443-52.95.128.0/21",
              "provider_name": "registry.terraform.io/hashicorp/aws",
              "schema_version": 0,
              "values": {
                "cidr_block": "52.95.128.0/21",
                "egress": false,
                "from_port": 1024,
                "icmp_code": null,
                "icmp_type": null,
                "ipv6_cidr_block": null,
                "protocol": "tcp",
                "rule_action": "allow",
                "rule_number": 2012,
                "to_port": 65535
              }
            },
            {
              "address": "module.nacl[\"app_public\"].aws_network_acl_rule.inbound[\"app_public-app_private-443-10.0.12.0/22\"]",
              "mode": "managed",
              "type": "aws_network_acl_rule",
              "name": "inbound",
              "index": "app_public-app_private-443-10.0.12.0/22",
              "provider_name": "registry.terraform.io/hashicorp/aws",
              "schema_version": 0,
              "values": {
                "cidr_block": "10.0.12.0/22",
                "egress": false,
                "from_port": 1024,
                "icmp_code": null,
                "icmp_type": null,
                "ipv6_cidr_block": null,
                "protocol": "tcp",
                "rule_action": "allow",
                "rule_number": 2000,
                "to_port": 65535
              }
            },
            {
              "address": "module.nacl[\"app_public\"].aws_network_acl_rule.inbound[\"app_public-app_private-443-10.0.16.0/22\"]",
              "mode": "managed",
              "type": "aws_network_acl_rule",
              "name": "inbound",
              "index": "app_public-app_private-443-10.0.16.0/22",
              "provider_name": "registry.terraform.io/hashicorp/aws",
              "schema_version": 0,
              "values": {
                "cidr_block": "10.0.16.0/22",
                "egress": false,
                "from_port": 1024,
                "icmp_code": null,
                "icmp_type": null,
                "ipv6_cidr_block": null,
                "protocol": "tcp",
                "rule_action": "allow",
                "rule_number": 2002,
                "to_port": 65535
              }
            },
            {
              "address": "module.nacl[\"app_public\"].aws_network_acl_rule.inbound[\"app_public-app_private-443-10.0.20.0/22\"]",
              "mode": "managed",
              "type": "aws_network_acl_rule",
              "name": "inbound",
              "index": "app_public-app_private-443-10.0.20.0/22",
              "provider_name": "registry.terraform.io/hashicorp/aws",
              "schema_version": 0,
              "values": {
                "cidr_block": "10.0.20.0/22",
                "egress": false,
                "from_port": 1024,
                "icmp_code": null,
                "icmp_type": null,
                "ipv6_cidr_block": null,
                "protocol": "tcp",
                "rule_action": "allow",
                "rule_number": 2001,
                "to_port": 65535
              }
            },
            {
              "address": "module.nacl[\"app_public\"].aws_network_acl_rule.outbound[\"_universe-app_public-443-0.0.0.0/0\"]",
              "mode": "managed",
              "type": "aws_network_acl_rule",
              "name": "outbound",
              "index": "_universe-app_public-443-0.0.0.0/0",
              "provider_name": "registry.terraform.io/hashicorp/aws",
              "schema_version": 0,
              "values": {
                "cidr_block": "0.0.0.0/0",
                "egress": true,
                "from_port": 1024,
                "icmp_code": null,
                "icmp_type": null,
                "ipv6_cidr_block": null,
                "protocol": "tcp",
                "rule_action": "allow",
                "rule_number": 4100,
                "to_port": 65535
              }
            },
            {
              "address": "module.nacl[\"app_public\"].aws_network_acl_rule.outbound[\"app_public-_aws_s3-443-3.5.164.0/22\"]",
              "mode": "managed",
              "type": "aws_network_acl_rule",
              "name": "outbound",
              "index": "app_public-_aws_s3-443-3.5.164.0/22",
              "provider_name": "registry.terraform.io/hashicorp/aws",
              "schema_version": 0,
              "values": {
                "cidr_block": "3.5.164.0/22",
                "egress": true,
                "from_port": 443,
                "icmp_code": null,
                "icmp_type": null,
                "ipv6_cidr_block": null,
                "protocol": "tcp",
                "rule_action": "allow",
                "rule_number": 1010,
                "to_port": 443
              }
            },
            {
              "address": "module.nacl[\"app_public\"].aws_network_acl_rule.outbound[\"app_public-_aws_s3-443-3.5.168.0/23\"]",
              "mode": "managed",
              "type": "aws_network_acl_rule",
              "name": "outbound",
              "index": "app_public-_aws_s3-443-3.5.168.0/23",
              "provider_name": "registry.terraform.io/hashicorp/aws",
              "schema_version": 0,
              "values": {
                "cidr_block": "3.5.168.0/23",
                "egress": true,
                "from_port": 443,
                "icmp_code": null,
                "icmp_type": null,
                "ipv6_cidr_block": null,
                "protocol": "tcp",
                "rule_action": "allow",
                "rule_number": 1011,
                "to_port": 443
              }
            },
            {
              "address": "module.nacl[\"app_public\"].aws_network_acl_rule.outbound[\"app_public-_aws_s3-443-52.95.128.0/21\"]",
              "mode": "managed",
              "type": "aws_network_acl_rule",
              "name": "outbound",
              "index": "app_public-_aws_s3-443-52.95.128.0/21",
              "provider_name": "registry.terraform.io/hashicorp/aws",
              "schema_version": 0,
              "values": {
                "cidr_block": "52.95.128.0/21",
                "egress": true,
                "from_port": 443,
                "icmp_code": null,
                "icmp_type": null,
                "ipv6_cidr_block": null,
                "protocol": "tcp",
                "rule_action": "allow",
                "rule_number": 1012,
                "to_port": 443
              }
            },
            {
              "address": "module.nacl[\"app_public\"].aws_network_acl_rule.outbound[\"app_public-app_private-443-10.0.12.0/22\"]",
              "mode": "managed",
              "type": "aws_network_acl_rule",
              "name": "outbound",
              "index": "app_public-app_private-443-10.0.12.0/22",
              "provider_name": "registry.terraform.io/hashicorp/aws",
              "schema_version": 0,
              "values": {
                "cidr_block": "10.0.12.0/22",
                "egress": true,
                "from_port": 443,
                "icmp_code": null,
                "icmp_type": null,
                "ipv6_cidr_block": null,
                "protocol": "tcp",
                "rule_action": "allow",
                "rule_number": 1000,
                "to_port": 443
              }
            },
            {
              "address": "module.nacl[\"app_public\"].aws_network_acl_rule.outbound[\"app_public-app_private-443-10.0.16.0/22\"]",
              "mode": "managed",
              "type": "aws_network_acl_rule",
              "name": "outbound",
              "index": "app_public-app_private-443-10.0.16.0/22",
              "provider_name": "registry.terraform.io/hashicorp/aws",
              "schema_version": 0,
              "values": {
                "cidr_block": "10.0.16.0/22",
                "egress": true,
                "from_port": 443,
                "icmp_code": null,
                "icmp_type": null,
                "ipv6_cidr_block": null,
                "protocol": "tcp",
                "rule_action": "allow",
                "rule_number": 1002,
                "to_port": 443
              }
            },
            {
              "address": "module.nacl[\"app_public\"].aws_network_acl_rule.outbound[\"app_public-app_private-443-10.0.20.0/22\"]",
              "mode": "managed",
              "type": "aws_network_acl_rule",
              "name": "outbound",
              "index": "app_public-app_private-443-10.0.20.0/22",
              "provider_name": "registry.terraform.io/hashicorp/aws",
              "schema_version": 0,
              "values": {
                "cidr_block": "10.0.20.0/22",
                "egress": true,
                "from_port": 443,
                "icmp_code": null,
                "icmp_type": null,
                "ipv6_cidr_block": null,
                "protocol": "tcp",
                "rule_action": "allow",
                "rule_number": 1001,
                "to_port": 443
              }
            }
          ],
          "address": "module.nacl[\"app_public\"]"
        },
        {
          "resources": [
            {
              "address": "module.nacl[\"mgmt_persistence\"].aws_network_acl.this",
              "mode": "managed",
              "type": "aws_network_acl",
              "name": "this",
              "provider_name": "registry.terraform.io/hashicorp/aws",
              "schema_version": 0,
              "values": {
                "subnet_ids": [
                  "subnet-0a4cca15fb3dec67f",
                  "subnet-0a9400f2491b17c9a",
                  "subnet-0d9f1229167e233ef"
                ],
                "tags": {
                  "Name": "mgmt_persistence"
                },
                "vpc_id": "vpc-06ca9163760497ab3"
              }
            }
          ],
          "address": "module.nacl[\"mgmt_persistence\"]"
        },
        {
          "resources": [
            {
              "address": "module.nacl[\"mgmt_private\"].aws_network_acl.this",
              "mode": "managed",
              "type": "aws_network_acl",
              "name": "this",
              "provider_name": "registry.terraform.io/hashicorp/aws",
              "schema_version": 0,
              "values": {
                "subnet_ids": [
                  "subnet-0009b05d5c716db96",
                  "subnet-0bfe4ed27325566d4",
                  "subnet-0c7abab12485b2657"
                ],
                "tags": {
                  "Name": "mgmt_private"
                },
                "vpc_id": "vpc-06ca9163760497ab3"
              }
            },
            {
              "address": "module.nacl[\"mgmt_private\"].aws_network_acl_rule.inbound[\"mgmt_private-_onprem_ldap-636-54.192.220.70/32\"]",
              "mode": "managed",
              "type": "aws_network_acl_rule",
              "name": "inbound",
              "index": "mgmt_private-_onprem_ldap-636-54.192.220.70/32",
              "provider_name": "registry.terraform.io/hashicorp/aws",
              "schema_version": 0,
              "values": {
                "cidr_block": "54.192.220.70/32",
                "egress": false,
                "from_port": 1024,
                "icmp_code": null,
                "icmp_type": null,
                "ipv6_cidr_block": null,
                "protocol": "tcp",
                "rule_action": "allow",
                "rule_number": 2090,
                "to_port": 65535
              }
            },
            {
              "address": "module.nacl[\"mgmt_private\"].aws_network_acl_rule.inbound[\"mgmt_private-_vpc_app-0-10.0.0.0/16\"]",
              "mode": "managed",
              "type": "aws_network_acl_rule",
              "name": "inbound",
              "index": "mgmt_private-_vpc_app-0-10.0.0.0/16",
              "provider_name": "registry.terraform.io/hashicorp/aws",
              "schema_version": 0,
              "values": {
                "cidr_block": "10.0.0.0/16",
                "egress": false,
                "from_port": 1024,
                "icmp_code": null,
                "icmp_type": null,
                "ipv6_cidr_block": null,
                "protocol": "tcp",
                "rule_action": "allow",
                "rule_number": 2080,
                "to_port": 65535
              }
            },
            {
              "address": "module.nacl[\"mgmt_private\"].aws_network_acl_rule.inbound[\"mgmt_private-_vpc_app-0-10.1.0.0/16\"]",
              "mode": "managed",
              "type": "aws_network_acl_rule",
              "name": "inbound",
              "index": "mgmt_private-_vpc_app-0-10.1.0.0/16",
              "provider_name": "registry.terraform.io/hashicorp/aws",
              "schema_version": 0,
              "values": {
                "cidr_block": "10.1.0.0/16",
                "egress": false,
                "from_port": 1024,
                "icmp_code": null,
                "icmp_type": null,
                "ipv6_cidr_block": null,
                "protocol": "tcp",
                "rule_action": "allow",
                "rule_number": 2081,
                "to_port": 65535
              }
            },
            {
              "address": "module.nacl[\"mgmt_private\"].aws_network_acl_rule.inbound[\"mgmt_private-_vpc_app-0-10.2.0.0/16\"]",
              "mode": "managed",
              "type": "aws_network_acl_rule",
              "name": "inbound",
              "index": "mgmt_private-_vpc_app-0-10.2.0.0/16",
              "provider_name": "registry.terraform.io/hashicorp/aws",
              "schema_version": 0,
              "values": {
                "cidr_block": "10.2.0.0/16",
                "egress": false,
                "from_port": 1024,
                "icmp_code": null,
                "icmp_type": null,
                "ipv6_cidr_block": null,
                "protocol": "tcp",
                "rule_action": "allow",
                "rule_number": 2082,
                "to_port": 65535
              }
            },
            {
              "address": "module.nacl[\"mgmt_private\"].aws_network_acl_rule.inbound[\"mgmt_private-_vpc_mgmt-0-10.8.0.0/16\"]",
              "mode": "managed",
              "type": "aws_network_acl_rule",
              "name": "inbound",
              "index": "mgmt_private-_vpc_mgmt-0-10.8.0.0/16",
              "provider_name": "registry.terraform.io/hashicorp/aws",
              "schema_version": 0,
              "values": {
                "cidr_block": "10.8.0.0/16",
                "egress": false,
                "from_port": 1024,
                "icmp_code": null,
                "icmp_type": null,
                "ipv6_cidr_block": null,
                "protocol": "tcp",
                "rule_action": "allow",
                "rule_number": 2070,
                "to_port": 65535
              }
            },
            {
              "address": "module.nacl[\"mgmt_private\"].aws_network_acl_rule.inbound[\"mgmt_public-mgmt_private-443-10.8.0.0/22\"]",
              "mode": "managed",
              "type": "aws_network_acl_rule",
              "name": "inbound",
              "index": "mgmt_public-mgmt_private-443-10.8.0.0/22",
              "provider_name": "registry.terraform.io/hashicorp/aws",
              "schema_version": 0,
              "values": {
                "cidr_block": "10.8.0.0/22",
                "egress": false,
                "from_port": 443,
                "icmp_code": null,
                "icmp_type": null,
                "ipv6_cidr_block": null,
                "protocol": "tcp",
                "rule_action": "allow",
                "rule_number": 3061,
                "to_port": 443
              }
            },
            {
              "address": "module.nacl[\"mgmt_private\"].aws_network_acl_rule.inbound[\"mgmt_public-mgmt_private-443-10.8.4.0/22\"]",
              "mode": "managed",
              "type": "aws_network_acl_rule",
              "name": "inbound",
              "index": "mgmt_public-mgmt_private-443-10.8.4.0/22",
              "provider_name": "registry.terraform.io/hashicorp/aws",
              "schema_version": 0,
              "values": {
                "cidr_block": "10.8.4.0/22",
                "egress": false,
                "from_port": 443,
                "icmp_code": null,
                "icmp_type": null,
                "ipv6_cidr_block": null,
                "protocol": "tcp",
                "rule_action": "allow",
                "rule_number": 3060,
                "to_port": 443
              }
            },
            {
              "address": "module.nacl[\"mgmt_private\"].aws_network_acl_rule.inbound[\"mgmt_public-mgmt_private-443-10.8.8.0/22\"]",
              "mode": "managed",
              "type": "aws_network_acl_rule",
              "name": "inbound",
              "index": "mgmt_public-mgmt_private-443-10.8.8.0/22",
              "provider_name": "registry.terraform.io/hashicorp/aws",
              "schema_version": 0,
              "values": {
                "cidr_block": "10.8.8.0/22",
                "egress": false,
                "from_port": 443,
                "icmp_code": null,
                "icmp_type": null,
                "ipv6_cidr_block": null,
                "protocol": "tcp",
                "rule_action": "allow",
                "rule_number": 3062,
                "to_port": 443
              }
            },
            {
              "address": "module.nacl[\"mgmt_private\"].aws_network_acl_rule.outbound[\"mgmt_private-_onprem_ldap-636-54.192.220.70/32\"]",
              "mode": "managed",
              "type": "aws_network_acl_rule",
              "name": "outbound",
              "index": "mgmt_private-_onprem_ldap-636-54.192.220.70/32",
              "provider_name": "registry.terraform.io/hashicorp/aws",
              "schema_version": 0,
              "values": {
                "cidr_block": "54.192.220.70/32",
                "egress": true,
                "from_port": 636,
                "icmp_code": null,
                "icmp_type": null,
                "ipv6_cidr_block": null,
                "protocol": "tcp",
                "rule_action": "allow",
                "rule_number": 1090,
                "to_port": 636
              }
            },
            {
              "address": "module.nacl[\"mgmt_private\"].aws_network_acl_rule.outbound[\"mgmt_private-_vpc_app-0-10.0.0.0/16\"]",
              "mode": "managed",
              "type": "aws_network_acl_rule",
              "name": "outbound",
              "index": "mgmt_private-_vpc_app-0-10.0.0.0/16",
              "provider_name": "registry.terraform.io/hashicorp/aws",
              "schema_version": 0,
              "values": {
                "cidr_block": "10.0.0.0/16",
                "egress": true,
                "from_port": 0,
                "icmp_code": null,
                "icmp_type": null,
                "ipv6_cidr_block": null,
                "protocol": "all",
                "rule_action": "allow",
                "rule_number": 1080,
                "to_port": 0
              }
            },
            {
              "address": "module.nacl[\"mgmt_private\"].aws_network_acl_rule.outbound[\"mgmt_private-_vpc_app-0-10.1.0.0/16\"]",
              "mode": "managed",
              "type": "aws_network_acl_rule",
              "name": "outbound",
              "index": "mgmt_private-_vpc_app-0-10.1.0.0/16",
              "provider_name": "registry.terraform.io/hashicorp/aws",
              "schema_version": 0,
              "values": {
                "cidr_block": "10.1.0.0/16",
                "egress": true,
                "from_port": 0,
                "icmp_code": null,
                "icmp_type": null,
                "ipv6_cidr_block": null,
                "protocol": "all",
                "rule_action": "allow",
                "rule_number": 1081,
                "to_port": 0
              }
            },
            {
              "address": "module.nacl[\"mgmt_private\"].aws_network_acl_rule.outbound[\"mgmt_private-_vpc_app-0-10.2.0.0/16\"]",
              "mode": "managed",
              "type": "aws_network_acl_rule",
              "name": "outbound",
              "index": "mgmt_private-_vpc_app-0-10.2.0.0/16",
              "provider_name": "registry.terraform.io/hashicorp/aws",
              "schema_version": 0,
              "values": {
                "cidr_block": "10.2.0.0/16",
                "egress": true,
                "from_port": 0,
                "icmp_code": null,
                "icmp_type": null,
                "ipv6_cidr_block": null,
                "protocol": "all",
                "rule_action": "allow",
                "rule_number": 1082,
                "to_port": 0
              }
            },
            {
              "address": "module.nacl[\"mgmt_private\"].aws_network_acl_rule.outbound[\"mgmt_private-_vpc_mgmt-0-10.8.0.0/16\"]",
              "mode": "managed",
              "type": "aws_network_acl_rule",
              "name": "outbound",
              "index": "mgmt_private-_vpc_mgmt-0-10.8.0.0/16",
              "provider_name": "registry.terraform.io/hashicorp/aws",
              "schema_version": 0,
              "values": {
                "cidr_block": "10.8.0.0/16",
                "egress": true,
                "from_port": 0,
                "icmp_code": null,
                "icmp_type": null,
                "ipv6_cidr_block": null,
                "protocol": "all",
                "rule_action": "allow",
                "rule_number": 1070,
                "to_port": 0
              }
            },
            {
              "address": "module.nacl[\"mgmt_private\"].aws_network_acl_rule.outbound[\"mgmt_public-mgmt_private-443-10.8.0.0/22\"]",
              "mode": "managed",
              "type": "aws_network_acl_rule",
              "name": "outbound",
              "index": "mgmt_public-mgmt_private-443-10.8.0.0/22",
              "provider_name": "registry.terraform.io/hashicorp/aws",
              "schema_version": 0,
              "values": {
                "cidr_block": "10.8.0.0/22",
                "egress": true,
                "from_port": 1024,
                "icmp_code": null,
                "icmp_type": null,
                "ipv6_cidr_block": null,
                "protocol": "tcp",
                "rule_action": "allow",
                "rule_number": 4061,
                "to_port": 65535
              }
            },
            {
              "address": "module.nacl[\"mgmt_private\"].aws_network_acl_rule.outbound[\"mgmt_public-mgmt_private-443-10.8.4.0/22\"]",
              "mode": "managed",
              "type": "aws_network_acl_rule",
              "name": "outbound",
              "index": "mgmt_public-mgmt_private-443-10.8.4.0/22",
              "provider_name": "registry.terraform.io/hashicorp/aws",
              "schema_version": 0,
              "values": {
                "cidr_block": "10.8.4.0/22",
                "egress": true,
                "from_port": 1024,
                "icmp_code": null,
                "icmp_type": null,
                "ipv6_cidr_block": null,
                "protocol": "tcp",
                "rule_action": "allow",
                "rule_number": 4060,
                "to_port": 65535
              }
            },
            {
              "address": "module.nacl[\"mgmt_private\"].aws_network_acl_rule.outbound[\"mgmt_public-mgmt_private-443-10.8.8.0/22\"]",
              "mode": "managed",
              "type": "aws_network_acl_rule",
              "name": "outbound",
              "index": "mgmt_public-mgmt_private-443-10.8.8.0/22",
              "provider_name": "registry.terraform.io/hashicorp/aws",
              "schema_version": 0,
              "values": {
                "cidr_block": "10.8.8.0/22",
                "egress": true,
                "from_port": 1024,
                "icmp_code": null,
                "icmp_type": null,
                "ipv6_cidr_block": null,
                "protocol": "tcp",
                "rule_action": "allow",
                "rule_number": 4062,
                "to_port": 65535
              }
            }
          ],
          "address": "module.nacl[\"mgmt_private\"]"
        },
        {
          "resources": [
            {
              "address": "module.nacl[\"mgmt_public\"].aws_network_acl.this",
              "mode": "managed",
              "type": "aws_network_acl",
              "name": "this",
              "provider_name": "registry.terraform.io/hashicorp/aws",
              "schema_version": 0,
              "values": {
                "subnet_ids": [
                  "subnet-0174bcf1db4e9c369",
                  "subnet-0c600ab8b7a807de6",
                  "subnet-0e9a7c27a65e09c61"
                ],
                "tags": {
                  "Name": "mgmt_public"
                },
                "vpc_id": "vpc-06ca9163760497ab3"
              }
            },
            {
              "address": "module.nacl[\"mgmt_public\"].aws_network_acl_rule.inbound[\"_universe-mgmt_public-443-0.0.0.0/0\"]",
              "mode": "managed",
              "type": "aws_network_acl_rule",
              "name": "inbound",
              "index": "_universe-mgmt_public-443-0.0.0.0/0",
              "provider_name": "registry.terraform.io/hashicorp/aws",
              "schema_version": 0,
              "values": {
                "cidr_block": "0.0.0.0/0",
                "egress": false,
                "from_port": 443,
                "icmp_code": null,
                "icmp_type": null,
                "ipv6_cidr_block": null,
                "protocol": "tcp",
                "rule_action": "allow",
                "rule_number": 3110,
                "to_port": 443
              }
            },
            {
              "address": "module.nacl[\"mgmt_public\"].aws_network_acl_rule.inbound[\"mgmt_public-mgmt_private-443-10.8.12.0/22\"]",
              "mode": "managed",
              "type": "aws_network_acl_rule",
              "name": "inbound",
              "index": "mgmt_public-mgmt_private-443-10.8.12.0/22",
              "provider_name": "registry.terraform.io/hashicorp/aws",
              "schema_version": 0,
              "values": {
                "cidr_block": "10.8.12.0/22",
                "egress": false,
                "from_port": 1024,
                "icmp_code": null,
                "icmp_type": null,
                "ipv6_cidr_block": null,
                "protocol": "tcp",
                "rule_action": "allow",
                "rule_number": 2062,
                "to_port": 65535
              }
            },
            {
              "address": "module.nacl[\"mgmt_public\"].aws_network_acl_rule.inbound[\"mgmt_public-mgmt_private-443-10.8.16.0/22\"]",
              "mode": "managed",
              "type": "aws_network_acl_rule",
              "name": "inbound",
              "index": "mgmt_public-mgmt_private-443-10.8.16.0/22",
              "provider_name": "registry.terraform.io/hashicorp/aws",
              "schema_version": 0,
              "values": {
                "cidr_block": "10.8.16.0/22",
                "egress": false,
                "from_port": 1024,
                "icmp_code": null,
                "icmp_type": null,
                "ipv6_cidr_block": null,
                "protocol": "tcp",
                "rule_action": "allow",
                "rule_number": 2060,
                "to_port": 65535
              }
            },
            {
              "address": "module.nacl[\"mgmt_public\"].aws_network_acl_rule.inbound[\"mgmt_public-mgmt_private-443-10.8.20.0/22\"]",
              "mode": "managed",
              "type": "aws_network_acl_rule",
              "name": "inbound",
              "index": "mgmt_public-mgmt_private-443-10.8.20.0/22",
              "provider_name": "registry.terraform.io/hashicorp/aws",
              "schema_version": 0,
              "values": {
                "cidr_block": "10.8.20.0/22",
                "egress": false,
                "from_port": 1024,
                "icmp_code": null,
                "icmp_type": null,
                "ipv6_cidr_block": null,
                "protocol": "tcp",
                "rule_action": "allow",
                "rule_number": 2061,
                "to_port": 65535
              }
            },
            {
              "address": "module.nacl[\"mgmt_public\"].aws_network_acl_rule.outbound[\"_universe-mgmt_public-443-0.0.0.0/0\"]",
              "mode": "managed",
              "type": "aws_network_acl_rule",
              "name": "outbound",
              "index": "_universe-mgmt_public-443-0.0.0.0/0",
              "provider_name": "registry.terraform.io/hashicorp/aws",
              "schema_version": 0,
              "values": {
                "cidr_block": "0.0.0.0/0",
                "egress": true,
                "from_port": 1024,
                "icmp_code": null,
                "icmp_type": null,
                "ipv6_cidr_block": null,
                "protocol": "tcp",
                "rule_action": "allow",
                "rule_number": 4110,
                "to_port": 65535
              }
            },
            {
              "address": "module.nacl[\"mgmt_public\"].aws_network_acl_rule.outbound[\"mgmt_public-mgmt_private-443-10.8.12.0/22\"]",
              "mode": "managed",
              "type": "aws_network_acl_rule",
              "name": "outbound",
              "index": "mgmt_public-mgmt_private-443-10.8.12.0/22",
              "provider_name": "registry.terraform.io/hashicorp/aws",
              "schema_version": 0,
              "values": {
                "cidr_block": "10.8.12.0/22",
                "egress": true,
                "from_port": 443,
                "icmp_code": null,
                "icmp_type": null,
                "ipv6_cidr_block": null,
                "protocol": "tcp",
                "rule_action": "allow",
                "rule_number": 1062,
                "to_port": 443
              }
            },
            {
              "address": "module.nacl[\"mgmt_public\"].aws_network_acl_rule.outbound[\"mgmt_public-mgmt_private-443-10.8.16.0/22\"]",
              "mode": "managed",
              "type": "aws_network_acl_rule",
              "name": "outbound",
              "index": "mgmt_public-mgmt_private-443-10.8.16.0/22",
              "provider_name": "registry.terraform.io/hashicorp/aws",
              "schema_version": 0,
              "values": {
                "cidr_block": "10.8.16.0/22",
                "egress": true,
                "from_port": 443,
                "icmp_code": null,
                "icmp_type": null,
                "ipv6_cidr_block": null,
                "protocol": "tcp",
                "rule_action": "allow",
                "rule_number": 1060,
                "to_port": 443
              }
            },
            {
              "address": "module.nacl[\"mgmt_public\"].aws_network_acl_rule.outbound[\"mgmt_public-mgmt_private-443-10.8.20.0/22\"]",
              "mode": "managed",
              "type": "aws_network_acl_rule",
              "name": "outbound",
              "index": "mgmt_public-mgmt_private-443-10.8.20.0/22",
              "provider_name": "registry.terraform.io/hashicorp/aws",
              "schema_version": 0,
              "values": {
                "cidr_block": "10.8.20.0/22",
                "egress": true,
                "from_port": 443,
                "icmp_code": null,
                "icmp_type": null,
                "ipv6_cidr_block": null,
                "protocol": "tcp",
                "rule_action": "allow",
                "rule_number": 1061,
                "to_port": 443
              }
            }
          ],
          "address": "module.nacl[\"mgmt_public\"]"
        }
      ]
    }
  },
  "resource_changes": [
    {
      "address": "module.nacl[\"app_persistence\"].aws_network_acl.this",
      "module_address": "module.nacl[\"app_persistence\"]",
      "mode": "managed",
      "type": "aws_network_acl",
      "name": "this",
      "provider_name": "registry.terraform.io/hashicorp/aws",
      "change": {
        "actions": [
          "create"
        ],
        "before": null,
        "after": {
          "subnet_ids": [
            "subnet-06e41c4d23a1a95cc",
            "subnet-0a076e3ed01b116d6",
            "subnet-0be0c5749587a84ba"
          ],
          "tags": {
            "Name": "app_persistence"
          },
          "vpc_id": "vpc-0d62f8ced5383b24b"
        },
        "after_unknown": {
          "arn": true,
          "egress": true,
          "id": true,
          "ingress": true,
          "owner_id": true,
          "subnet_ids": [
            false,
            false,
            false
          ],
          "tags": {}
        }
      }
    },
    {
      "address": "module.nacl[\"app_persistence\"].aws_network_acl_rule.inbound[\"app_private-app_persistence-22-10.0.12.0/22\"]",
      "module_address": "module.nacl[\"app_persistence\"]",
      "mode": "managed",
      "type": "aws_network_acl_rule",
      "name": "inbound",
      "index": "app_private-app_persistence-22-10.0.12.0/22",
      "provider_name": "registry.terraform.io/hashicorp/aws",
      "change": {
        "actions": [
          "create"
        ],
        "before": null,
        "after": {
          "cidr_block": "10.0.12.0/22",
          "egress": false,
          "from_port": 22,
          "icmp_code": null,
          "icmp_type": null,
          "ipv6_cidr_block": null,
          "protocol": "tcp",
          "rule_action": "allow",
          "rule_number": 3030,
          "to_port": 22
        },
        "after_unknown": {
          "id": true,
          "network_acl_id": true
        }
      }
    },
    {
      "address": "module.nacl[\"app_persistence\"].aws_network_acl_rule.inbound[\"app_private-app_persistence-22-10.0.16.0/22\"]",
      "module_address": "module.nacl[\"app_persistence\"]",
      "mode": "managed",
      "type": "aws_network_acl_rule",
      "name": "inbound",
      "index": "app_private-app_persistence-22-10.0.16.0/22",
      "provider_name": "registry.terraform.io/hashicorp/aws",
      "change": {
        "actions": [
          "create"
        ],
        "before": null,
        "after": {
          "cidr_block": "10.0.16.0/22",
          "egress": false,
          "from_port": 22,
          "icmp_code": null,
          "icmp_type": null,
          "ipv6_cidr_block": null,
          "protocol": "tcp",
          "rule_action": "allow",
          "rule_number": 3032,
          "to_port": 22
        },
        "after_unknown": {
          "id": true,
          "network_acl_id": true
        }
      }
    },
    {
      "address": "module.nacl[\"app_persistence\"].aws_network_acl_rule.inbound[\"app_private-app_persistence-22-10.0.20.0/22\"]",
      "module_address": "module.nacl[\"app_persistence\"]",
      "mode": "managed",
      "type": "aws_network_acl_rule",
      "name": "inbound",
      "index": "app_private-app_persistence-22-10.0.20.0/22",
      "provider_name": "registry.terraform.io/hashicorp/aws",
      "change": {
        "actions": [
          "create"
        ],
        "before": null,
        "after": {
          "cidr_block": "10.0.20.0/22",
          "egress": false,
          "from_port": 22,
          "icmp_code": null,
          "icmp_type": null,
          "ipv6_cidr_block": null,
          "protocol": "tcp",
          "rule_action": "allow",
          "rule_number": 3031,
          "to_port": 22
        },
        "after_unknown": {
          "id": true,
          "network_acl_id": true
        }
      }
    },
    {
      "address": "module.nacl[\"app_persistence\"].aws_network_acl_rule.inbound[\"app_private-app_persistence-3306-10.0.12.0/22\"]",
      "module_address": "module.nacl[\"app_persistence\"]",
      "mode": "managed",
      "type": "aws_network_acl_rule",
      "name": "inbound",
      "index": "app_private-app_persistence-3306-10.0.12.0/22",
      "provider_name": "registry.terraform.io/hashicorp/aws",
      "change": {
        "actions": [
          "create"
        ],
        "before": null,
        "after": {
          "cidr_block": "10.0.12.0/22",
          "egress": false,
          "from_port": 3306,
          "icmp_code": null,
          "icmp_type": null,
          "ipv6_cidr_block": null,
          "protocol": "tcp",
          "rule_action": "allow",
          "rule_number": 3020,
          "to_port": 3306
        },
        "after_unknown": {
          "id": true,
          "network_acl_id": true
        }
      }
    },
    {
      "address": "module.nacl[\"app_persistence\"].aws_network_acl_rule.inbound[\"app_private-app_persistence-3306-10.0.16.0/22\"]",
      "module_address": "module.nacl[\"app_persistence\"]",
      "mode": "managed",
      "type": "aws_network_acl_rule",
      "name": "inbound",
      "index": "app_private-app_persistence-3306-10.0.16.0/22",
      "provider_name": "registry.terraform.io/hashicorp/aws",
      "change": {
        "actions": [
          "create"
        ],
        "before": null,
        "after": {
          "cidr_block": "10.0.16.0/22",
          "egress": false,
          "from_port": 3306,
          "icmp_code": null,
          "icmp_type": null,
          "ipv6_cidr_block": null,
          "protocol": "tcp",
          "rule_action": "allow",
          "rule_number": 3022,
          "to_port": 3306
        },
        "after_unknown": {
          "id": true,
          "network_acl_id": true
        }
      }
    },
    {
      "address": "module.nacl[\"app_persistence\"].aws_network_acl_rule.inbound[\"app_private-app_persistence-3306-10.0.20.0/22\"]",
      "module_address": "module.nacl[\"app_persistence\"]",
      "mode": "managed",
      "type": "aws_network_acl_rule",
      "name": "inbound",
      "index": "app_private-app_persistence-3306-10.0.20.0/22",
      "provider_name": "registry.terraform.io/hashicorp/aws",
      "change": {
        "actions": [
          "create"
        ],
        "before": null,
        "after": {
          "cidr_block": "10.0.20.0/22",
          "egress": false,
          "from_port": 3306,
          "icmp_code": null,
          "icmp_type": null,
          "ipv6_cidr_block": null,
          "protocol": "tcp",
          "rule_action": "allow",
          "rule_number": 3021,
          "to_port": 3306
        },
        "after_unknown": {
          "id": true,
          "network_acl_id": true
        }
      }
    },
    {
      "address": "module.nacl[\"app_persistence\"].aws_network_acl_rule.outbound[\"app_private-app_persistence-22-10.0.12.0/22\"]",
      "module_address": "module.nacl[\"app_persistence\"]",
      "mode": "managed",
      "type": "aws_network_acl_rule",
      "name": "outbound",
      "index": "app_private-app_persistence-22-10.0.12.0/22",
      "provider_name": "registry.terraform.io/hashicorp/aws",
      "change": {
        "actions": [
          "create"
        ],
        "before": null,
        "after": {
          "cidr_block": "10.0.12.0/22",
          "egress": true,
          "from_port": 1024,
          "icmp_code": null,
          "icmp_type": null,
          "ipv6_cidr_block": null,
          "protocol": "tcp",
          "rule_action": "allow",
          "rule_number": 4030,
          "to_port": 65535
        },
        "after_unknown": {
          "id": true,
          "network_acl_id": true
        }
      }
    },
    {
      "address": "module.nacl[\"app_persistence\"].aws_network_acl_rule.outbound[\"app_private-app_persistence-22-10.0.16.0/22\"]",
      "module_address": "module.nacl[\"app_persistence\"]",
      "mode": "managed",
      "type": "aws_network_acl_rule",
      "name": "outbound",
      "index": "app_private-app_persistence-22-10.0.16.0/22",
      "provider_name": "registry.terraform.io/hashicorp/aws",
      "change": {
        "actions": [
          "create"
        ],
        "before": null,
        "after": {
          "cidr_block": "10.0.16.0/22",
          "egress": true,
          "from_port": 1024,
          "icmp_code": null,
          "icmp_type": null,
          "ipv6_cidr_block": null,
          "protocol": "tcp",
          "rule_action": "allow",
          "rule_number": 4032,
          "to_port": 65535
        },
        "after_unknown": {
          "id": true,
          "network_acl_id": true
        }
      }
    },
    {
      "address": "module.nacl[\"app_persistence\"].aws_network_acl_rule.outbound[\"app_private-app_persistence-22-10.0.20.0/22\"]",
      "module_address": "module.nacl[\"app_persistence\"]",
      "mode": "managed",
      "type": "aws_network_acl_rule",
      "name": "outbound",
      "index": "app_private-app_persistence-22-10.0.20.0/22",
      "provider_name": "registry.terraform.io/hashicorp/aws",
      "change": {
        "actions": [
          "create"
        ],
        "before": null,
        "after": {
          "cidr_block": "10.0.20.0/22",
          "egress": true,
          "from_port": 1024,
          "icmp_code": null,
          "icmp_type": null,
          "ipv6_cidr_block": null,
          "protocol": "tcp",
          "rule_action": "allow",
          "rule_number": 4031,
          "to_port": 65535
        },
        "after_unknown": {
          "id": true,
          "network_acl_id": true
        }
      }
    },
    {
      "address": "module.nacl[\"app_persistence\"].aws_network_acl_rule.outbound[\"app_private-app_persistence-3306-10.0.12.0/22\"]",
      "module_address": "module.nacl[\"app_persistence\"]",
      "mode": "managed",
      "type": "aws_network_acl_rule",
      "name": "outbound",
      "index": "app_private-app_persistence-3306-10.0.12.0/22",
      "provider_name": "registry.terraform.io/hashicorp/aws",
      "change": {
        "actions": [
          "create"
        ],
        "before": null,
        "after": {
          "cidr_block": "10.0.12.0/22",
          "egress": true,
          "from_port": 1024,
          "icmp_code": null,
          "icmp_type": null,
          "ipv6_cidr_block": null,
          "protocol": "tcp",
          "rule_action": "allow",
          "rule_number": 4020,
          "to_port": 65535
        },
        "after_unknown": {
          "id": true,
          "network_acl_id": true
        }
      }
    },
    {
      "address": "module.nacl[\"app_persistence\"].aws_network_acl_rule.outbound[\"app_private-app_persistence-3306-10.0.16.0/22\"]",
      "module_address": "module.nacl[\"app_persistence\"]",
      "mode": "managed",
      "type": "aws_network_acl_rule",
      "name": "outbound",
      "index": "app_private-app_persistence-3306-10.0.16.0/22",
      "provider_name": "registry.terraform.io/hashicorp/aws",
      "change": {
        "actions": [
          "create"
        ],
        "before": null,
        "after": {
          "cidr_block": "10.0.16.0/22",
          "egress": true,
          "from_port": 1024,
          "icmp_code": null,
          "icmp_type": null,
          "ipv6_cidr_block": null,
          "protocol": "tcp",
          "rule_action": "allow",
          "rule_number": 4022,
          "to_port": 65535
        },
        "after_unknown": {
          "id": true,
          "network_acl_id": true
        }
      }
    },
    {
      "address": "module.nacl[\"app_persistence\"].aws_network_acl_rule.outbound[\"app_private-app_persistence-3306-10.0.20.0/22\"]",
      "module_address": "module.nacl[\"app_persistence\"]",
      "mode": "managed",
      "type": "aws_network_acl_rule",
      "name": "outbound",
      "index": "app_private-app_persistence-3306-10.0.20.0/22",
      "provider_name": "registry.terraform.io/hashicorp/aws",
      "change": {
        "actions": [
          "create"
        ],
        "before": null,
        "after": {
          "cidr_block": "10.0.20.0/22",
          "egress": true,
          "from_port": 1024,
          "icmp_code": null,
          "icmp_type": null,
          "ipv6_cidr_block": null,
          "protocol": "tcp",
          "rule_action": "allow",
          "rule_number": 4021,
          "to_port": 65535
        },
        "after_unknown": {
          "id": true,
          "network_acl_id": true
        }
      }
    },
    {
      "address": "module.nacl[\"app_private\"].aws_network_acl.this",
      "module_address": "module.nacl[\"app_private\"]",
      "mode": "managed",
      "type": "aws_network_acl",
      "name": "this",
      "provider_name": "registry.terraform.io/hashicorp/aws",
      "change": {
        "actions": [
          "create"
        ],
        "before": null,
        "after": {
          "subnet_ids": [
            "subnet-035b1ab2f5bd68ba2",
            "subnet-0c35f79f1a129bfc1",
            "subnet-0d1b49f2035c717d2"
          ],
          "tags": {
            "Name": "app_private"
          },
          "vpc_id": "vpc-0d62f8ced5383b24b"
        },
        "after_unknown": {
          "arn": true,
          "egress": true,
          "id": true,
          "ingress": true,
          "owner_id": true,
          "subnet_ids": [
            false,
            false,
            false
          ],
          "tags": {}
        }
      }
    },
    {
      "address": "module.nacl[\"app_private\"].aws_network_acl_rule.inbound[\"app_private-_aws_s3-443-3.5.164.0/22\"]",
      "module_address": "module.nacl[\"app_private\"]",
      "mode": "managed",
      "type": "aws_network_acl_rule",
      "name": "inbound",
      "index": "app_private-_aws_s3-443-3.5.164.0/22",
      "provider_name": "registry.terraform.io/hashicorp/aws",
      "change": {
        "actions": [
          "create"
        ],
        "before": null,
        "after": {
          "cidr_block": "3.5.164.0/22",
          "egress": false,
          "from_port": 1024,
          "icmp_code": null,
          "icmp_type": null,
          "ipv6_cidr_block": null,
          "protocol": "tcp",
          "rule_action": "allow",
          "rule_number": 2050,
          "to_port": 65535
        },
        "after_unknown": {
          "id": true,
          "network_acl_id": true
        }
      }
    },
    {
      "address": "module.nacl[\"app_private\"].aws_network_acl_rule.inbound[\"app_private-_aws_s3-443-3.5.168.0/23\"]",
      "module_address": "module.nacl[\"app_private\"]",
      "mode": "managed",
      "type": "aws_network_acl_rule",
      "name": "inbound",
      "index": "app_private-_aws_s3-443-3.5.168.0/23",
      "provider_name": "registry.terraform.io/hashicorp/aws",
      "change": {
        "actions": [
          "create"
        ],
        "before": null,
        "after": {
          "cidr_block": "3.5.168.0/23",
          "egress": false,
          "from_port": 1024,
          "icmp_code": null,
          "icmp_type": null,
          "ipv6_cidr_block": null,
          "protocol": "tcp",
          "rule_action": "allow",
          "rule_number": 2051,
          "to_port": 65535
        },
        "after_unknown": {
          "id": true,
          "network_acl_id": true
        }
      }
    },
    {
      "address": "module.nacl[\"app_private\"].aws_network_acl_rule.inbound[\"app_private-_aws_s3-443-52.95.128.0/21\"]",
      "module_address": "module.nacl[\"app_private\"]",
      "mode": "managed",
      "type": "aws_network_acl_rule",
      "name": "inbound",
      "index": "app_private-_aws_s3-443-52.95.128.0/21",
      "provider_name": "registry.terraform.io/hashicorp/aws",
      "change": {
        "actions": [
          "create"
        ],
        "before": null,
        "after": {
          "cidr_block": "52.95.128.0/21",
          "egress": false,
          "from_port": 1024,
          "icmp_code": null,
          "icmp_type": null,
          "ipv6_cidr_block": null,
          "protocol": "tcp",
          "rule_action": "allow",
          "rule_number": 2052,
          "to_port": 65535
        },
        "after_unknown": {
          "id": true,
          "network_acl_id": true
        }
      }
    },
    {
      "address": "module.nacl[\"app_private\"].aws_network_acl_rule.inbound[\"app_private-_onprem_ldap-636-54.192.220.70/32\"]",
      "module_address": "module.nacl[\"app_private\"]",
      "mode": "managed",
      "type": "aws_network_acl_rule",
      "name": "inbound",
      "index": "app_private-_onprem_ldap-636-54.192.220.70/32",
      "provider_name": "registry.terraform.io/hashicorp/aws",
      "change": {
        "actions": [
          "create"
        ],
        "before": null,
        "after": {
          "cidr_block": "54.192.220.70/32",
          "egress": false,
          "from_port": 1024,
          "icmp_code": null,
          "icmp_type": null,
          "ipv6_cidr_block": null,
          "protocol": "tcp",
          "rule_action": "allow",
          "rule_number": 2040,
          "to_port": 65535
        },
        "after_unknown": {
          "id": true,
          "network_acl_id": true
        }
      }
    },
    {
      "address": "module.nacl[\"app_private\"].aws_network_acl_rule.inbound[\"app_private-app_persistence-22-10.0.24.0/22\"]",
      "module_address": "module.nacl[\"app_private\"]",
      "mode": "managed",
      "type": "aws_network_acl_rule",
      "name": "inbound",
      "index": "app_private-app_persistence-22-10.0.24.0/22",
      "provider_name": "registry.terraform.io/hashicorp/aws",
      "change": {
        "actions": [
          "create"
        ],
        "before": null,
        "after": {
          "cidr_block": "10.0.24.0/22",
          "egress": false,
          "from_port": 1024,
          "icmp_code": null,
          "icmp_type": null,
          "ipv6_cidr_block": null,
          "protocol": "tcp",
          "rule_action": "allow",
          "rule_number": 2030,
          "to_port": 65535
        },
        "after_unknown": {
          "id": true,
          "network_acl_id": true
        }
      }
    },
    {
      "address": "module.nacl[\"app_private\"].aws_network_acl_rule.inbound[\"app_private-app_persistence-22-10.0.28.0/22\"]",
      "module_address": "module.nacl[\"app_private\"]",
      "mode": "managed",
      "type": "aws_network_acl_rule",
      "name": "inbound",
      "index": "app_private-app_persistence-22-10.0.28.0/22",
      "provider_name": "registry.terraform.io/hashicorp/aws",
      "change": {
        "actions": [
          "create"
        ],
        "before": null,
        "after": {
          "cidr_block": "10.0.28.0/22",
          "egress": false,
          "from_port": 1024,
          "icmp_code": null,
          "icmp_type": null,
          "ipv6_cidr_block": null,
          "protocol": "tcp",
          "rule_action": "allow",
          "rule_number": 2031,
          "to_port": 65535
        },
        "after_unknown": {
          "id": true,
          "network_acl_id": true
        }
      }
    },
    {
      "address": "module.nacl[\"app_private\"].aws_network_acl_rule.inbound[\"app_private-app_persistence-22-10.0.32.0/22\"]",
      "module_address": "module.nacl[\"app_private\"]",
      "mode": "managed",
      "type": "aws_network_acl_rule",
      "name": "inbound",
      "index": "app_private-app_persistence-22-10.0.32.0/22",
      "provider_name": "registry.terraform.io/hashicorp/aws",
      "change": {
        "actions": [
          "create"
        ],
        "before": null,
        "after": {
          "cidr_block": "10.0.32.0/22",
          "egress": false,
          "from_port": 1024,
          "icmp_code": null,
          "icmp_type": null,
          "ipv6_cidr_block": null,
          "protocol": "tcp",
          "rule_action": "allow",
          "rule_number": 2032,
          "to_port": 65535
        },
        "after_unknown": {
          "id": true,
          "network_acl_id": true
        }
      }
    },
    {
      "address": "module.nacl[\"app_private\"].aws_network_acl_rule.inbound[\"app_private-app_persistence-3306-10.0.24.0/22\"]",
      "module_address": "module.nacl[\"app_private\"]",
      "mode": "managed",
      "type": "aws_network_acl_rule",
      "name": "inbound",
      "index": "app_private-app_persistence-3306-10.0.24.0/22",
      "provider_name": "registry.terraform.io/hashicorp/aws",
      "change": {
        "actions": [
          "create"
        ],
        "before": null,
        "after": {
          "cidr_block": "10.0.24.0/22",
          "egress": false,
          "from_port": 1024,
          "icmp_code": null,
          "icmp_type": null,
          "ipv6_cidr_block": null,
          "protocol": "tcp",
          "rule_action": "allow",
          "rule_number": 2020,
          "to_port": 65535
        },
        "after_unknown": {
          "id": true,
          "network_acl_id": true
        }
      }
    },
    {
      "address": "module.nacl[\"app_private\"].aws_network_acl_rule.inbound[\"app_private-app_persistence-3306-10.0.28.0/22\"]",
      "module_address": "module.nacl[\"app_private\"]",
      "mode": "managed",
      "type": "aws_network_acl_rule",
      "name": "inbound",
      "index": "app_private-app_persistence-3306-10.0.28.0/22",
      "provider_name": "registry.terraform.io/hashicorp/aws",
      "change": {
        "actions": [
          "create"
        ],
        "before": null,
        "after": {
          "cidr_block": "10.0.28.0/22",
          "egress": false,
          "from_port": 1024,
          "icmp_code": null,
          "icmp_type": null,
          "ipv6_cidr_block": null,
          "protocol": "tcp",
          "rule_action": "allow",
          "rule_number": 2021,
          "to_port": 65535
        },
        "after_unknown": {
          "id": true,
          "network_acl_id": true
        }
      }
    },
    {
      "address": "module.nacl[\"app_private\"].aws_network_acl_rule.inbound[\"app_private-app_persistence-3306-10.0.32.0/22\"]",
      "module_address": "module.nacl[\"app_private\"]",
      "mode": "managed",
      "type": "aws_network_acl_rule",
      "name": "inbound",
      "index": "app_private-app_persistence-3306-10.0.32.0/22",
      "provider_name": "registry.terraform.io/hashicorp/aws",
      "change": {
        "actions": [
          "create"
        ],
        "before": null,
        "after": {
          "cidr_block": "10.0.32.0/22",
          "egress": false,
          "from_port": 1024,
          "icmp_code": null,
          "icmp_type": null,
          "ipv6_cidr_block": null,
          "protocol": "tcp",
          "rule_action": "allow",
          "rule_number": 2022,
          "to_port": 65535
        },
        "after_unknown": {
          "id": true,
          "network_acl_id": true
        }
      }
    },
    {
      "address": "module.nacl[\"app_private\"].aws_network_acl_rule.inbound[\"app_public-app_private-443-10.0.0.0/22\"]",
      "module_address": "module.nacl[\"app_private\"]",
      "mode": "managed",
      "type": "aws_network_acl_rule",
      "name": "inbound",
      "index": "app_public-app_private-443-10.0.0.0/22",
      "provider_name": "registry.terraform.io/hashicorp/aws",
      "change": {
        "actions": [
          "create"
        ],
        "before": null,
        "after": {
          "cidr_block": "10.0.0.0/22",
          "egress": false,
          "from_port": 443,
          "icmp_code": null,
          "icmp_type": null,
          "ipv6_cidr_block": null,
          "protocol": "tcp",
          "rule_action": "allow",
          "rule_number": 3001,
          "to_port": 443
        },
        "after_unknown": {
          "id": true,
          "network_acl_id": true
        }
      }
    },
    {
      "address": "module.nacl[\"app_private\"].aws_network_acl_rule.inbound[\"app_public-app_private-443-10.0.4.0/22\"]",
      "module_address": "module.nacl[\"app_private\"]",
      "mode": "managed",
      "type": "aws_network_acl_rule",
      "name": "inbound",
      "index": "app_public-app_private-443-10.0.4.0/22",
      "provider_name": "registry.terraform.io/hashicorp/aws",
      "change": {
        "actions": [
          "create"
        ],
        "before": null,
        "after": {
          "cidr_block": "10.0.4.0/22",
          "egress": false,
          "from_port": 443,
          "icmp_code": null,
          "icmp_type": null,
          "ipv6_cidr_block": null,
          "protocol": "tcp",
          "rule_action": "allow",
          "rule_number": 3000,
          "to_port": 443
        },
        "after_unknown": {
          "id": true,
          "network_acl_id": true
        }
      }
    },
    {
      "address": "module.nacl[\"app_private\"].aws_network_acl_rule.inbound[\"app_public-app_private-443-10.0.8.0/22\"]",
      "module_address": "module.nacl[\"app_private\"]",
      "mode": "managed",
      "type": "aws_network_acl_rule",
      "name": "inbound",
      "index": "app_public-app_private-443-10.0.8.0/22",
      "provider_name": "registry.terraform.io/hashicorp/aws",
      "change": {
        "actions": [
          "create"
        ],
        "before": null,
        "after": {
          "cidr_block": "10.0.8.0/22",
          "egress": false,
          "from_port": 443,
          "icmp_code": null,
          "icmp_type": null,
          "ipv6_cidr_block": null,
          "protocol": "tcp",
          "rule_action": "allow",
          "rule_number": 3002,
          "to_port": 443
        },
        "after_unknown": {
          "id": true,
          "network_acl_id": true
        }
      }
    },
    {
      "address": "module.nacl[\"app_private\"].aws_network_acl_rule.outbound[\"app_private-_aws_s3-443-3.5.164.0/22\"]",
      "module_address": "module.nacl[\"app_private\"]",
      "mode": "managed",
      "type": "aws_network_acl_rule",
      "name": "outbound",
      "index": "app_private-_aws_s3-443-3.5.164.0/22",
      "provider_name": "registry.terraform.io/hashicorp/aws",
      "change": {
        "actions": [
          "create"
        ],
        "before": null,
        "after": {
          "cidr_block": "3.5.164.0/22",
          "egress": true,
          "from_port": 443,
          "icmp_code": null,
          "icmp_type": null,
          "ipv6_cidr_block": null,
          "protocol": "tcp",
          "rule_action": "allow",
          "rule_number": 1050,
          "to_port": 443
        },
        "after_unknown": {
          "id": true,
          "network_acl_id": true
        }
      }
    },
    {
      "address": "module.nacl[\"app_private\"].aws_network_acl_rule.outbound[\"app_private-_aws_s3-443-3.5.168.0/23\"]",
      "module_address": "module.nacl[\"app_private\"]",
      "mode": "managed",
      "type": "aws_network_acl_rule",
      "name": "outbound",
      "index": "app_private-_aws_s3-443-3.5.168.0/23",
      "provider_name": "registry.terraform.io/hashicorp/aws",
      "change": {
        "actions": [
          "create"
        ],
        "before": null,
        "after": {
          "cidr_block": "3.5.168.0/23",
          "egress": true,
          "from_port": 443,
          "icmp_code": null,
          "icmp_type": null,
          "ipv6_cidr_block": null,
          "protocol": "tcp",
          "rule_action": "allow",
          "rule_number": 1051,
          "to_port": 443
        },
        "after_unknown": {
          "id": true,
          "network_acl_id": true
        }
      }
    },
    {
      "address": "module.nacl[\"app_private\"].aws_network_acl_rule.outbound[\"app_private-_aws_s3-443-52.95.128.0/21\"]",
      "module_address": "module.nacl[\"app_private\"]",
      "mode": "managed",
      "type": "aws_network_acl_rule",
      "name": "outbound",
      "index": "app_private-_aws_s3-443-52.95.128.0/21",
      "provider_name": "registry.terraform.io/hashicorp/aws",
      "change": {
        "actions": [
          "create"
        ],
        "before": null,
        "after": {
          "cidr_block": "52.95.128.0/21",
          "egress": true,
          "from_port": 443,
          "icmp_code": null,
          "icmp_type": null,
          "ipv6_cidr_block": null,
          "protocol": "tcp",
          "rule_action": "allow",
          "rule_number": 1052,
          "to_port": 443
        },
        "after_unknown": {
          "id": true,
          "network_acl_id": true
        }
      }
    },
    {
      "address": "module.nacl[\"app_private\"].aws_network_acl_rule.outbound[\"app_private-_onprem_ldap-636-54.192.220.70/32\"]",
      "module_address": "module.nacl[\"app_private\"]",
      "mode": "managed",
      "type": "aws_network_acl_rule",
      "name": "outbound",
      "index": "app_private-_onprem_ldap-636-54.192.220.70/32",
      "provider_name": "registry.terraform.io/hashicorp/aws",
      "change": {
        "actions": [
          "create"
        ],
        "before": null,
        "after": {
          "cidr_block": "54.192.220.70/32",
          "egress": true,
          "from_port": 636,
          "icmp_code": null,
          "icmp_type": null,
          "ipv6_cidr_block": null,
          "protocol": "tcp",
          "rule_action": "allow",
          "rule_number": 1040,
          "to_port": 636
        },
        "after_unknown": {
          "id": true,
          "network_acl_id": true
        }
      }
    },
    {
      "address": "module.nacl[\"app_private\"].aws_network_acl_rule.outbound[\"app_private-app_persistence-22-10.0.24.0/22\"]",
      "module_address": "module.nacl[\"app_private\"]",
      "mode": "managed",
      "type": "aws_network_acl_rule",
      "name": "outbound",
      "index": "app_private-app_persistence-22-10.0.24.0/22",
      "provider_name": "registry.terraform.io/hashicorp/aws",
      "change": {
        "actions": [
          "create"
        ],
        "before": null,
        "after": {
          "cidr_block": "10.0.24.0/22",
          "egress": true,
          "from_port": 22,
          "icmp_code": null,
          "icmp_type": null,
          "ipv6_cidr_block": null,
          "protocol": "tcp",
          "rule_action": "allow",
          "rule_number": 1030,
          "to_port": 22
        },
        "after_unknown": {
          "id": true,
          "network_acl_id": true
        }
      }
    },
    {
      "address": "module.nacl[\"app_private\"].aws_network_acl_rule.outbound[\"app_private-app_persistence-22-10.0.28.0/22\"]",
      "module_address": "module.nacl[\"app_private\"]",
      "mode": "managed",
      "type": "aws_network_acl_rule",
      "name": "outbound",
      "index": "app_private-app_persistence-22-10.0.28.0/22",
      "provider_name": "registry.terraform.io/hashicorp/aws",
      "change": {
        "actions": [
          "create"
        ],
        "before": null,
        "after": {
          "cidr_block": "10.0.28.0/22",
          "egress": true,
          "from_port": 22,
          "icmp_code": null,
          "icmp_type": null,
          "ipv6_cidr_block": null,
          "protocol": "tcp",
          "rule_action": "allow",
          "rule_number": 1031,
          "to_port": 22
        },
        "after_unknown": {
          "id": true,
          "network_acl_id": true
        }
      }
    },
    {
      "address": "module.nacl[\"app_private\"].aws_network_acl_rule.outbound[\"app_private-app_persistence-22-10.0.32.0/22\"]",
      "module_address": "module.nacl[\"app_private\"]",
      "mode": "managed",
      "type": "aws_network_acl_rule",
      "name": "outbound",
      "index": "app_private-app_persistence-22-10.0.32.0/22",
      "provider_name": "registry.terraform.io/hashicorp/aws",
      "change": {
        "actions": [
          "create"
        ],
        "before": null,
        "after": {
          "cidr_block": "10.0.32.0/22",
          "egress": true,
          "from_port": 22,
          "icmp_code": null,
          "icmp_type": null,
          "ipv6_cidr_block": null,
          "protocol": "tcp",
          "rule_action": "allow",
          "rule_number": 1032,
          "to_port": 22
        },
        "after_unknown": {
          "id": true,
          "network_acl_id": true
        }
      }
    },
    {
      "address": "module.nacl[\"app_private\"].aws_network_acl_rule.outbound[\"app_private-app_persistence-3306-10.0.24.0/22\"]",
      "module_address": "module.nacl[\"app_private\"]",
      "mode": "managed",
      "type": "aws_network_acl_rule",
      "name": "outbound",
      "index": "app_private-app_persistence-3306-10.0.24.0/22",
      "provider_name": "registry.terraform.io/hashicorp/aws",
      "change": {
        "actions": [
          "create"
        ],
        "before": null,
        "after": {
          "cidr_block": "10.0.24.0/22",
          "egress": true,
          "from_port": 3306,
          "icmp_code": null,
          "icmp_type": null,
          "ipv6_cidr_block": null,
          "protocol": "tcp",
          "rule_action": "allow",
          "rule_number": 1020,
          "to_port": 3306
        },
        "after_unknown": {
          "id": true,
          "network_acl_id": true
        }
      }
    },
    {
      "address": "module.nacl[\"app_private\"].aws_network_acl_rule.outbound[\"app_private-app_persistence-3306-10.0.28.0/22\"]",
      "module_address": "module.nacl[\"app_private\"]",
      "mode": "managed",
      "type": "aws_network_acl_rule",
      "name": "outbound",
      "index": "app_private-app_persistence-3306-10.0.28.0/22",
      "provider_name": "registry.terraform.io/hashicorp/aws",
      "change": {
        "actions": [
          "create"
        ],
        "before": null,
        "after": {
          "cidr_block": "10.0.28.0/22",
          "egress": true,
          "from_port": 3306,
          "icmp_code": null,
          "icmp_type": null,
          "ipv6_cidr_block": null,
          "protocol": "tcp",
          "rule_action": "allow",
          "rule_number": 1021,
          "to_port": 3306
        },
        "after_unknown": {
          "id": true,
          "network_acl_id": true
        }
      }
    },
    {
      "address": "module.nacl[\"app_private\"].aws_network_acl_rule.outbound[\"app_private-app_persistence-3306-10.0.32.0/22\"]",
      "module_address": "module.nacl[\"app_private\"]",
      "mode": "managed",
      "type": "aws_network_acl_rule",
      "name": "outbound",
      "index": "app_private-app_persistence-3306-10.0.32.0/22",
      "provider_name": "registry.terraform.io/hashicorp/aws",
      "change": {
        "actions": [
          "create"
        ],
        "before": null,
        "after": {
          "cidr_block": "10.0.32.0/22",
          "egress": true,
          "from_port": 3306,
          "icmp_code": null,
          "icmp_type": null,
          "ipv6_cidr_block": null,
          "protocol": "tcp",
          "rule_action": "allow",
          "rule_number": 1022,
          "to_port": 3306
        },
        "after_unknown": {
          "id": true,
          "network_acl_id": true
        }
      }
    },
    {
      "address": "module.nacl[\"app_private\"].aws_network_acl_rule.outbound[\"app_public-app_private-443-10.0.0.0/22\"]",
      "module_address": "module.nacl[\"app_private\"]",
      "mode": "managed",
      "type": "aws_network_acl_rule",
      "name": "outbound",
      "index": "app_public-app_private-443-10.0.0.0/22",
      "provider_name": "registry.terraform.io/hashicorp/aws",
      "change": {
        "actions": [
          "create"
        ],
        "before": null,
        "after": {
          "cidr_block": "10.0.0.0/22",
          "egress": true,
          "from_port": 1024,
          "icmp_code": null,
          "icmp_type": null,
          "ipv6_cidr_block": null,
          "protocol": "tcp",
          "rule_action": "allow",
          "rule_number": 4001,
          "to_port": 65535
        },
        "after_unknown": {
          "id": true,
          "network_acl_id": true
        }
      }
    },
    {
      "address": "module.nacl[\"app_private\"].aws_network_acl_rule.outbound[\"app_public-app_private-443-10.0.4.0/22\"]",
      "module_address": "module.nacl[\"app_private\"]",
      "mode": "managed",
      "type": "aws_network_acl_rule",
      "name": "outbound",
      "index": "app_public-app_private-443-10.0.4.0/22",
      "provider_name": "registry.terraform.io/hashicorp/aws",
      "change": {
        "actions": [
          "create"
        ],
        "before": null,
        "after": {
          "cidr_block": "10.0.4.0/22",
          "egress": true,
          "from_port": 1024,
          "icmp_code": null,
          "icmp_type": null,
          "ipv6_cidr_block": null,
          "protocol": "tcp",
          "rule_action": "allow",
          "rule_number": 4000,
          "to_port": 65535
        },
        "after_unknown": {
          "id": true,
          "network_acl_id": true
        }
      }
    },
    {
      "address": "module.nacl[\"app_private\"].aws_network_acl_rule.outbound[\"app_public-app_private-443-10.0.8.0/22\"]",
      "module_address": "module.nacl[\"app_private\"]",
      "mode": "managed",
      "type": "aws_network_acl_rule",
      "name": "outbound",
      "index": "app_public-app_private-443-10.0.8.0/22",
      "provider_name": "registry.terraform.io/hashicorp/aws",
      "change": {
        "actions": [
          "create"
        ],
        "before": null,
        "after": {
          "cidr_block": "10.0.8.0/22",
          "egress": true,
          "from_port": 1024,
          "icmp_code": null,
          "icmp_type": null,
          "ipv6_cidr_block": null,
          "protocol": "tcp",
          "rule_action": "allow",
          "rule_number": 4002,
          "to_port": 65535
        },
        "after_unknown": {
          "id": true,
          "network_acl_id": true
        }
      }
    },
    {
      "address": "module.nacl[\"app_public\"].aws_network_acl.this",
      "module_address": "module.nacl[\"app_public\"]",
      "mode": "managed",
      "type": "aws_network_acl",
      "name": "this",
      "provider_name": "registry.terraform.io/hashicorp/aws",
      "change": {
        "actions": [
          "create"
        ],
        "before": null,
        "after": {
          "subnet_ids": [
            "subnet-066c732c1d7bbeea7",
            "subnet-0b471d343b0410ff6",
            "subnet-0d6beca68353efca0"
          ],
          "tags": {
            "Name": "app_public"
          },
          "vpc_id": "vpc-0d62f8ced5383b24b"
        },
        "after_unknown": {
          "arn": true,
          "egress": true,
          "id": true,
          "ingress": true,
          "owner_id": true,
          "subnet_ids": [
            false,
            false,
            false
          ],
          "tags": {}
        }
      }
    },
    {
      "address": "module.nacl[\"app_public\"].aws_network_acl_rule.inbound[\"_universe-app_public-443-0.0.0.0/0\"]",
      "module_address": "module.nacl[\"app_public\"]",
      "mode": "managed",
      "type": "aws_network_acl_rule",
      "name": "inbound",
      "index": "_universe-app_public-443-0.0.0.0/0",
      "provider_name": "registry.terraform.io/hashicorp/aws",
      "change": {
        "actions": [
          "create"
        ],
        "before": null,
        "after": {
          "cidr_block": "0.0.0.0/0",
          "egress": false,
          "from_port": 443,
          "icmp_code": null,
          "icmp_type": null,
          "ipv6_cidr_block": null,
          "protocol": "tcp",
          "rule_action": "allow",
          "rule_number": 3100,
          "to_port": 443
        },
        "after_unknown": {
          "id": true,
          "network_acl_id": true
        }
      }
    },
    {
      "address": "module.nacl[\"app_public\"].aws_network_acl_rule.inbound[\"app_public-_aws_s3-443-3.5.164.0/22\"]",
      "module_address": "module.nacl[\"app_public\"]",
      "mode": "managed",
      "type": "aws_network_acl_rule",
      "name": "inbound",
      "index": "app_public-_aws_s3-443-3.5.164.0/22",
      "provider_name": "registry.terraform.io/hashicorp/aws",
      "change": {
        "actions": [
          "create"
        ],
        "before": null,
        "after": {
          "cidr_block": "3.5.164.0/22",
          "egress": false,
          "from_port": 1024,
          "icmp_code": null,
          "icmp_type": null,
          "ipv6_cidr_block": null,
          "protocol": "tcp",
          "rule_action": "allow",
          "rule_number": 2010,
          "to_port": 65535
        },
        "after_unknown": {
          "id": true,
          "network_acl_id": true
        }
      }
    },
    {
      "address": "module.nacl[\"app_public\"].aws_network_acl_rule.inbound[\"app_public-_aws_s3-443-3.5.168.0/23\"]",
      "module_address": "module.nacl[\"app_public\"]",
      "mode": "managed",
      "type": "aws_network_acl_rule",
      "name": "inbound",
      "index": "app_public-_aws_s3-443-3.5.168.0/23",
      "provider_name": "registry.terraform.io/hashicorp/aws",
      "change": {
        "actions": [
          "create"
        ],
        "before": null,
        "after": {
          "cidr_block": "3.5.168.0/23",
          "egress": false,
          "from_port": 1024,
          "icmp_code": null,
          "icmp_type": null,
          "ipv6_cidr_block": null,
          "protocol": "tcp",
          "rule_action": "allow",
          "rule_number": 2011,
          "to_port": 65535
        },
        "after_unknown": {
          "id": true,
          "network_acl_id": true
        }
      }
    },
    {
      "address": "module.nacl[\"app_public\"].aws_network_acl_rule.inbound[\"app_public-_aws_s3-443-52.95.128.0/21\"]",
      "module_address": "module.nacl[\"app_public\"]",
      "mode": "managed",
      "type": "aws_network_acl_rule",
      "name": "inbound",
      "index": "app_public-_aws_s3-443-52.95.128.0/21",
      "provider_name": "registry.terraform.io/hashicorp/aws",
      "change": {
        "actions": [
          "create"
        ],
        "before": null,
        "after": {
          "cidr_block": "52.95.128.0/21",
          "egress": false,
          "from_port": 1024,
          "icmp_code": null,
          "icmp_type": null,
          "ipv6_cidr_block": null,
          "protocol": "tcp",
          "rule_action": "allow",
          "rule_number": 2012,
          "to_port": 65535
        },
        "after_unknown": {
          "id": true,
          "network_acl_id": true
        }
      }
    },
    {
      "address": "module.nacl[\"app_public\"].aws_network_acl_rule.inbound[\"app_public-app_private-443-10.0.12.0/22\"]",
      "module_address": "module.nacl[\"app_public\"]",
      "mode": "managed",
      "type": "aws_network_acl_rule",
      "name": "inbound",
      "index": "app_public-app_private-443-10.0.12.0/22",
      "provider_name": "registry.terraform.io/hashicorp/aws",
      "change": {
        "actions": [
          "create"
        ],
        "before": null,
        "after": {
          "cidr_block": "10.0.12.0/22",
          "egress": false,
          "from_port": 1024,
          "icmp_code": null,
          "icmp_type": null,
          "ipv6_cidr_block": null,
          "protocol": "tcp",
          "rule_action": "allow",
          "rule_number": 2000,
          "to_port": 65535
        },
        "after_unknown": {
          "id": true,
          "network_acl_id": true
        }
      }
    },
    {
      "address": "module.nacl[\"app_public\"].aws_network_acl_rule.inbound[\"app_public-app_private-443-10.0.16.0/22\"]",
      "module_address": "module.nacl[\"app_public\"]",
      "mode": "managed",
      "type": "aws_network_acl_rule",
      "name": "inbound",
      "index": "app_public-app_private-443-10.0.16.0/22",
      "provider_name": "registry.terraform.io/hashicorp/aws",
      "change": {
        "actions": [
          "create"
        ],
        "before": null,
        "after": {
          "cidr_block": "10.0.16.0/22",
          "egress": false,
          "from_port": 1024,
          "icmp_code": null,
          "icmp_type": null,
          "ipv6_cidr_block": null,
          "protocol": "tcp",
          "rule_action": "allow",
          "rule_number": 2002,
          "to_port": 65535
        },
        "after_unknown": {
          "id": true,
          "network_acl_id": true
        }
      }
    },
    {
      "address": "module.nacl[\"app_public\"].aws_network_acl_rule.inbound[\"app_public-app_private-443-10.0.20.0/22\"]",
      "module_address": "module.nacl[\"app_public\"]",
      "mode": "managed",
      "type": "aws_network_acl_rule",
      "name": "inbound",
      "index": "app_public-app_private-443-10.0.20.0/22",
      "provider_name": "registry.terraform.io/hashicorp/aws",
      "change": {
        "actions": [
          "create"
        ],
        "before": null,
        "after": {
          "cidr_block": "10.0.20.0/22",
          "egress": false,
          "from_port": 1024,
          "icmp_code": null,
          "icmp_type": null,
          "ipv6_cidr_block": null,
          "protocol": "tcp",
          "rule_action": "allow",
          "rule_number": 2001,
          "to_port": 65535
        },
        "after_unknown": {
          "id": true,
          "network_acl_id": true
        }
      }
    },
    {
      "address": "module.nacl[\"app_public\"].aws_network_acl_rule.outbound[\"_universe-app_public-443-0.0.0.0/0\"]",
      "module_address": "module.nacl[\"app_public\"]",
      "mode": "managed",
      "type": "aws_network_acl_rule",
      "name": "outbound",
      "index": "_universe-app_public-443-0.0.0.0/0",
      "provider_name": "registry.terraform.io/hashicorp/aws",
      "change": {
        "actions": [
          "create"
        ],
        "before": null,
        "after": {
          "cidr_block": "0.0.0.0/0",
          "egress": true,
          "from_port": 1024,
          "icmp_code": null,
          "icmp_type": null,
          "ipv6_cidr_block": null,
          "protocol": "tcp",
          "rule_action": "allow",
          "rule_number": 4100,
          "to_port": 65535
        },
        "after_unknown": {
          "id": true,
          "network_acl_id": true
        }
      }
    },
    {
      "address": "module.nacl[\"app_public\"].aws_network_acl_rule.outbound[\"app_public-_aws_s3-443-3.5.164.0/22\"]",
      "module_address": "module.nacl[\"app_public\"]",
      "mode": "managed",
      "type": "aws_network_acl_rule",
      "name": "outbound",
      "index": "app_public-_aws_s3-443-3.5.164.0/22",
      "provider_name": "registry.terraform.io/hashicorp/aws",
      "change": {
        "actions": [
          "create"
        ],
        "before": null,
        "after": {
          "cidr_block": "3.5.164.0/22",
          "egress": true,
          "from_port": 443,
          "icmp_code": null,
          "icmp_type": null,
          "ipv6_cidr_block": null,
          "protocol": "tcp",
          "rule_action": "allow",
          "rule_number": 1010,
          "to_port": 443
        },
        "after_unknown": {
          "id": true,
          "network_acl_id": true
        }
      }
    },
    {
      "address": "module.nacl[\"app_public\"].aws_network_acl_rule.outbound[\"app_public-_aws_s3-443-3.5.168.0/23\"]",
      "module_address": "module.nacl[\"app_public\"]",
      "mode": "managed",
      "type": "aws_network_acl_rule",
      "name": "outbound",
      "index": "app_public-_aws_s3-443-3.5.168.0/23",
      "provider_name": "registry.terraform.io/hashicorp/aws",
      "change": {
        "actions": [
          "create"
        ],
        "before": null,
        "after": {
          "cidr_block": "3.5.168.0/23",
          "egress": true,
          "from_port": 443,
          "icmp_code": null,
          "icmp_type": null,
          "ipv6_cidr_block": null,
          "protocol": "tcp",
          "rule_action": "allow",
          "rule_number": 1011,
          "to_port": 443
        },
        "after_unknown": {
          "id": true,
          "network_acl_id": true
        }
      }
    },
    {
      "address": "module.nacl[\"app_public\"].aws_network_acl_rule.outbound[\"app_public-_aws_s3-443-52.95.128.0/21\"]",
      "module_address": "module.nacl[\"app_public\"]",
      "mode": "managed",
      "type": "aws_network_acl_rule",
      "name": "outbound",
      "index": "app_public-_aws_s3-443-52.95.128.0/21",
      "provider_name": "registry.terraform.io/hashicorp/aws",
      "change": {
        "actions": [
          "create"
        ],
        "before": null,
        "after": {
          "cidr_block": "52.95.128.0/21",
          "egress": true,
          "from_port": 443,
          "icmp_code": null,
          "icmp_type": null,
          "ipv6_cidr_block": null,
          "protocol": "tcp",
          "rule_action": "allow",
          "rule_number": 1012,
          "to_port": 443
        },
        "after_unknown": {
          "id": true,
          "network_acl_id": true
        }
      }
    },
    {
      "address": "module.nacl[\"app_public\"].aws_network_acl_rule.outbound[\"app_public-app_private-443-10.0.12.0/22\"]",
      "module_address": "module.nacl[\"app_public\"]",
      "mode": "managed",
      "type": "aws_network_acl_rule",
      "name": "outbound",
      "index": "app_public-app_private-443-10.0.12.0/22",
      "provider_name": "registry.terraform.io/hashicorp/aws",
      "change": {
        "actions": [
          "create"
        ],
        "before": null,
        "after": {
          "cidr_block": "10.0.12.0/22",
          "egress": true,
          "from_port": 443,
          "icmp_code": null,
          "icmp_type": null,
          "ipv6_cidr_block": null,
          "protocol": "tcp",
          "rule_action": "allow",
          "rule_number": 1000,
          "to_port": 443
        },
        "after_unknown": {
          "id": true,
          "network_acl_id": true
        }
      }
    },
    {
      "address": "module.nacl[\"app_public\"].aws_network_acl_rule.outbound[\"app_public-app_private-443-10.0.16.0/22\"]",
      "module_address": "module.nacl[\"app_public\"]",
      "mode": "managed",
      "type": "aws_network_acl_rule",
      "name": "outbound",
      "index": "app_public-app_private-443-10.0.16.0/22",
      "provider_name": "registry.terraform.io/hashicorp/aws",
      "change": {
        "actions": [
          "create"
        ],
        "before": null,
        "after": {
          "cidr_block": "10.0.16.0/22",
          "egress": true,
          "from_port": 443,
          "icmp_code": null,
          "icmp_type": null,
          "ipv6_cidr_block": null,
          "protocol": "tcp",
          "rule_action": "allow",
          "rule_number": 1002,
          "to_port": 443
        },
        "after_unknown": {
          "id": true,
          "network_acl_id": true
        }
      }
    },
    {
      "address": "module.nacl[\"app_public\"].aws_network_acl_rule.outbound[\"app_public-app_private-443-10.0.20.0/22\"]",
      "module_address": "module.nacl[\"app_public\"]",
      "mode": "managed",
      "type": "aws_network_acl_rule",
      "name": "outbound",
      "index": "app_public-app_private-443-10.0.20.0/22",
      "provider_name": "registry.terraform.io/hashicorp/aws",
      "change": {
        "actions": [
          "create"
        ],
        "before": null,
        "after": {
          "cidr_block": "10.0.20.0/22",
          "egress": true,
          "from_port": 443,
          "icmp_code": null,
          "icmp_type": null,
          "ipv6_cidr_block": null,
          "protocol": "tcp",
          "rule_action": "allow",
          "rule_number": 1001,
          "to_port": 443
        },
        "after_unknown": {
          "id": true,
          "network_acl_id": true
        }
      }
    },
    {
      "address": "module.nacl[\"mgmt_persistence\"].aws_network_acl.this",
      "module_address": "module.nacl[\"mgmt_persistence\"]",
      "mode": "managed",
      "type": "aws_network_acl",
      "name": "this",
      "provider_name": "registry.terraform.io/hashicorp/aws",
      "change": {
        "actions": [
          "create"
        ],
        "before": null,
        "after": {
          "subnet_ids": [
            "subnet-0a4cca15fb3dec67f",
            "subnet-0a9400f2491b17c9a",
            "subnet-0d9f1229167e233ef"
          ],
          "tags": {
            "Name": "mgmt_persistence"
          },
          "vpc_id": "vpc-06ca9163760497ab3"
        },
        "after_unknown": {
          "arn": true,
          "egress": true,
          "id": true,
          "ingress": true,
          "owner_id": true,
          "subnet_ids": [
            false,
            false,
            false
          ],
          "tags": {}
        }
      }
    },
    {
      "address": "module.nacl[\"mgmt_private\"].aws_network_acl.this",
      "module_address": "module.nacl[\"mgmt_private\"]",
      "mode": "managed",
      "type": "aws_network_acl",
      "name": "this",
      "provider_name": "registry.terraform.io/hashicorp/aws",
      "change": {
        "actions": [
          "create"
        ],
        "before": null,
        "after": {
          "subnet_ids": [
            "subnet-0009b05d5c716db96",
            "subnet-0bfe4ed27325566d4",
            "subnet-0c7abab12485b2657"
          ],
          "tags": {
            "Name": "mgmt_private"
          },
          "vpc_id": "vpc-06ca9163760497ab3"
        },
        "after_unknown": {
          "arn": true,
          "egress": true,
          "id": true,
          "ingress": true,
          "owner_id": true,
          "subnet_ids": [
            false,
            false,
            false
          ],
          "tags": {}
        }
      }
    },
    {
      "address": "module.nacl[\"mgmt_private\"].aws_network_acl_rule.inbound[\"mgmt_private-_onprem_ldap-636-54.192.220.70/32\"]",
      "module_address": "module.nacl[\"mgmt_private\"]",
      "mode": "managed",
      "type": "aws_network_acl_rule",
      "name": "inbound",
      "index": "mgmt_private-_onprem_ldap-636-54.192.220.70/32",
      "provider_name": "registry.terraform.io/hashicorp/aws",
      "change": {
        "actions": [
          "create"
        ],
        "before": null,
        "after": {
          "cidr_block": "54.192.220.70/32",
          "egress": false,
          "from_port": 1024,
          "icmp_code": null,
          "icmp_type": null,
          "ipv6_cidr_block": null,
          "protocol": "tcp",
          "rule_action": "allow",
          "rule_number": 2090,
          "to_port": 65535
        },
        "after_unknown": {
          "id": true,
          "network_acl_id": true
        }
      }
    },
    {
      "address": "module.nacl[\"mgmt_private\"].aws_network_acl_rule.inbound[\"mgmt_private-_vpc_app-0-10.0.0.0/16\"]",
      "module_address": "module.nacl[\"mgmt_private\"]",
      "mode": "managed",
      "type": "aws_network_acl_rule",
      "name": "inbound",
      "index": "mgmt_private-_vpc_app-0-10.0.0.0/16",
      "provider_name": "registry.terraform.io/hashicorp/aws",
      "change": {
        "actions": [
          "create"
        ],
        "before": null,
        "after": {
          "cidr_block": "10.0.0.0/16",
          "egress": false,
          "from_port": 1024,
          "icmp_code": null,
          "icmp_type": null,
          "ipv6_cidr_block": null,
          "protocol": "tcp",
          "rule_action": "allow",
          "rule_number": 2080,
          "to_port": 65535
        },
        "after_unknown": {
          "id": true,
          "network_acl_id": true
        }
      }
    },
    {
      "address": "module.nacl[\"mgmt_private\"].aws_network_acl_rule.inbound[\"mgmt_private-_vpc_app-0-10.1.0.0/16\"]",
      "module_address": "module.nacl[\"mgmt_private\"]",
      "mode": "managed",
      "type": "aws_network_acl_rule",
      "name": "inbound",
      "index": "mgmt_private-_vpc_app-0-10.1.0.0/16",
      "provider_name": "registry.terraform.io/hashicorp/aws",
      "change": {
        "actions": [
          "create"
        ],
        "before": null,
        "after": {
          "cidr_block": "10.1.0.0/16",
          "egress": false,
          "from_port": 1024,
          "icmp_code": null,
          "icmp_type": null,
          "ipv6_cidr_block": null,
          "protocol": "tcp",
          "rule_action": "allow",
          "rule_number": 2081,
          "to_port": 65535
        },
        "after_unknown": {
          "id": true,
          "network_acl_id": true
        }
      }
    },
    {
      "address": "module.nacl[\"mgmt_private\"].aws_network_acl_rule.inbound[\"mgmt_private-_vpc_app-0-10.2.0.0/16\"]",
      "module_address": "module.nacl[\"mgmt_private\"]",
      "mode": "managed",
      "type": "aws_network_acl_rule",
      "name": "inbound",
      "index": "mgmt_private-_vpc_app-0-10.2.0.0/16",
      "provider_name": "registry.terraform.io/hashicorp/aws",
      "change": {
        "actions": [
          "create"
        ],
        "before": null,
        "after": {
          "cidr_block": "10.2.0.0/16",
          "egress": false,
          "from_port": 1024,
          "icmp_code": null,
          "icmp_type": null,
          "ipv6_cidr_block": null,
          "protocol": "tcp",
          "rule_action": "allow",
          "rule_number": 2082,
          "to_port": 65535
        },
        "after_unknown": {
          "id": true,
          "network_acl_id": true
        }
      }
    },
    {
      "address": "module.nacl[\"mgmt_private\"].aws_network_acl_rule.inbound[\"mgmt_private-_vpc_mgmt-0-10.8.0.0/16\"]",
      "module_address": "module.nacl[\"mgmt_private\"]",
      "mode": "managed",
      "type": "aws_network_acl_rule",
      "name": "inbound",
      "index": "mgmt_private-_vpc_mgmt-0-10.8.0.0/16",
      "provider_name": "registry.terraform.io/hashicorp/aws",
      "change": {
        "actions": [
          "create"
        ],
        "before": null,
        "after": {
          "cidr_block": "10.8.0.0/16",
          "egress": false,
          "from_port": 1024,
          "icmp_code": null,
          "icmp_type": null,
          "ipv6_cidr_block": null,
          "protocol": "tcp",
          "rule_action": "allow",
          "rule_number": 2070,
          "to_port": 65535
        },
        "after_unknown": {
          "id": true,
          "network_acl_id": true
        }
      }
    },
    {
      "address": "module.nacl[\"mgmt_private\"].aws_network_acl_rule.inbound[\"mgmt_public-mgmt_private-443-10.8.0.0/22\"]",
      "module_address": "module.nacl[\"mgmt_private\"]",
      "mode": "managed",
      "type": "aws_network_acl_rule",
      "name": "inbound",
      "index": "mgmt_public-mgmt_private-443-10.8.0.0/22",
      "provider_name": "registry.terraform.io/hashicorp/aws",
      "change": {
        "actions": [
          "create"
        ],
        "before": null,
        "after": {
          "cidr_block": "10.8.0.0/22",
          "egress": false,
          "from_port": 443,
          "icmp_code": null,
          "icmp_type": null,
          "ipv6_cidr_block": null,
          "protocol": "tcp",
          "rule_action": "allow",
          "rule_number": 3061,
          "to_port": 443
        },
        "after_unknown": {
          "id": true,
          "network_acl_id": true
        }
      }
    },
    {
      "address": "module.nacl[\"mgmt_private\"].aws_network_acl_rule.inbound[\"mgmt_public-mgmt_private-443-10.8.4.0/22\"]",
      "module_address": "module.nacl[\"mgmt_private\"]",
      "mode": "managed",
      "type": "aws_network_acl_rule",
      "name": "inbound",
      "index": "mgmt_public-mgmt_private-443-10.8.4.0/22",
      "provider_name": "registry.terraform.io/hashicorp/aws",
      "change": {
        "actions": [
          "create"
        ],
        "before": null,
        "after": {
          "cidr_block": "10.8.4.0/22",
          "egress": false,
          "from_port": 443,
          "icmp_code": null,
          "icmp_type": null,
          "ipv6_cidr_block": null,
          "protocol": "tcp",
          "rule_action": "allow",
          "rule_number": 3060,
          "to_port": 443
        },
        "after_unknown": {
          "id": true,
          "network_acl_id": true
        }
      }
    },
    {
      "address": "module.nacl[\"mgmt_private\"].aws_network_acl_rule.inbound[\"mgmt_public-mgmt_private-443-10.8.8.0/22\"]",
      "module_address": "module.nacl[\"mgmt_private\"]",
      "mode": "managed",
      "type": "aws_network_acl_rule",
      "name": "inbound",
      "index": "mgmt_public-mgmt_private-443-10.8.8.0/22",
      "provider_name": "registry.terraform.io/hashicorp/aws",
      "change": {
        "actions": [
          "create"
        ],
        "before": null,
        "after": {
          "cidr_block": "10.8.8.0/22",
          "egress": false,
          "from_port": 443,
          "icmp_code": null,
          "icmp_type": null,
          "ipv6_cidr_block": null,
          "protocol": "tcp",
          "rule_action": "allow",
          "rule_number": 3062,
          "to_port": 443
        },
        "after_unknown": {
          "id": true,
          "network_acl_id": true
        }
      }
    },
    {
      "address": "module.nacl[\"mgmt_private\"].aws_network_acl_rule.outbound[\"mgmt_private-_onprem_ldap-636-54.192.220.70/32\"]",
      "module_address": "module.nacl[\"mgmt_private\"]",
      "mode": "managed",
      "type": "aws_network_acl_rule",
      "name": "outbound",
      "index": "mgmt_private-_onprem_ldap-636-54.192.220.70/32",
      "provider_name": "registry.terraform.io/hashicorp/aws",
      "change": {
        "actions": [
          "create"
        ],
        "before": null,
        "after": {
          "cidr_block": "54.192.220.70/32",
          "egress": true,
          "from_port": 636,
          "icmp_code": null,
          "icmp_type": null,
          "ipv6_cidr_block": null,
          "protocol": "tcp",
          "rule_action": "allow",
          "rule_number": 1090,
          "to_port": 636
        },
        "after_unknown": {
          "id": true,
          "network_acl_id": true
        }
      }
    },
    {
      "address": "module.nacl[\"mgmt_private\"].aws_network_acl_rule.outbound[\"mgmt_private-_vpc_app-0-10.0.0.0/16\"]",
      "module_address": "module.nacl[\"mgmt_private\"]",
      "mode": "managed",
      "type": "aws_network_acl_rule",
      "name": "outbound",
      "index": "mgmt_private-_vpc_app-0-10.0.0.0/16",
      "provider_name": "registry.terraform.io/hashicorp/aws",
      "change": {
        "actions": [
          "create"
        ],
        "before": null,
        "after": {
          "cidr_block": "10.0.0.0/16",
          "egress": true,
          "from_port": 0,
          "icmp_code": null,
          "icmp_type": null,
          "ipv6_cidr_block": null,
          "protocol": "all",
          "rule_action": "allow",
          "rule_number": 1080,
          "to_port": 0
        },
        "after_unknown": {
          "id": true,
          "network_acl_id": true
        }
      }
    },
    {
      "address": "module.nacl[\"mgmt_private\"].aws_network_acl_rule.outbound[\"mgmt_private-_vpc_app-0-10.1.0.0/16\"]",
      "module_address": "module.nacl[\"mgmt_private\"]",
      "mode": "managed",
      "type": "aws_network_acl_rule",
      "name": "outbound",
      "index": "mgmt_private-_vpc_app-0-10.1.0.0/16",
      "provider_name": "registry.terraform.io/hashicorp/aws",
      "change": {
        "actions": [
          "create"
        ],
        "before": null,
        "after": {
          "cidr_block": "10.1.0.0/16",
          "egress": true,
          "from_port": 0,
          "icmp_code": null,
          "icmp_type": null,
          "ipv6_cidr_block": null,
          "protocol": "all",
          "rule_action": "allow",
          "rule_number": 1081,
          "to_port": 0
        },
        "after_unknown": {
          "id": true,
          "network_acl_id": true
        }
      }
    },
    {
      "address": "module.nacl[\"mgmt_private\"].aws_network_acl_rule.outbound[\"mgmt_private-_vpc_app-0-10.2.0.0/16\"]",
      "module_address": "module.nacl[\"mgmt_private\"]",
      "mode": "managed",
      "type": "aws_network_acl_rule",
      "name": "outbound",
      "index": "mgmt_private-_vpc_app-0-10.2.0.0/16",
      "provider_name": "registry.terraform.io/hashicorp/aws",
      "change": {
        "actions": [
          "create"
        ],
        "before": null,
        "after": {
          "cidr_block": "10.2.0.0/16",
          "egress": true,
          "from_port": 0,
          "icmp_code": null,
          "icmp_type": null,
          "ipv6_cidr_block": null,
          "protocol": "all",
          "rule_action": "allow",
          "rule_number": 1082,
          "to_port": 0
        },
        "after_unknown": {
          "id": true,
          "network_acl_id": true
        }
      }
    },
    {
      "address": "module.nacl[\"mgmt_private\"].aws_network_acl_rule.outbound[\"mgmt_private-_vpc_mgmt-0-10.8.0.0/16\"]",
      "module_address": "module.nacl[\"mgmt_private\"]",
      "mode": "managed",
      "type": "aws_network_acl_rule",
      "name": "outbound",
      "index": "mgmt_private-_vpc_mgmt-0-10.8.0.0/16",
      "provider_name": "registry.terraform.io/hashicorp/aws",
      "change": {
        "actions": [
          "create"
        ],
        "before": null,
        "after": {
          "cidr_block": "10.8.0.0/16",
          "egress": true,
          "from_port": 0,
          "icmp_code": null,
          "icmp_type": null,
          "ipv6_cidr_block": null,
          "protocol": "all",
          "rule_action": "allow",
          "rule_number": 1070,
          "to_port": 0
        },
        "after_unknown": {
          "id": true,
          "network_acl_id": true
        }
      }
    },
    {
      "address": "module.nacl[\"mgmt_private\"].aws_network_acl_rule.outbound[\"mgmt_public-mgmt_private-443-10.8.0.0/22\"]",
      "module_address": "module.nacl[\"mgmt_private\"]",
      "mode": "managed",
      "type": "aws_network_acl_rule",
      "name": "outbound",
      "index": "mgmt_public-mgmt_private-443-10.8.0.0/22",
      "provider_name": "registry.terraform.io/hashicorp/aws",
      "change": {
        "actions": [
          "create"
        ],
        "before": null,
        "after": {
          "cidr_block": "10.8.0.0/22",
          "egress": true,
          "from_port": 1024,
          "icmp_code": null,
          "icmp_type": null,
          "ipv6_cidr_block": null,
          "protocol": "tcp",
          "rule_action": "allow",
          "rule_number": 4061,
          "to_port": 65535
        },
        "after_unknown": {
          "id": true,
          "network_acl_id": true
        }
      }
    },
    {
      "address": "module.nacl[\"mgmt_private\"].aws_network_acl_rule.outbound[\"mgmt_public-mgmt_private-443-10.8.4.0/22\"]",
      "module_address": "module.nacl[\"mgmt_private\"]",
      "mode": "managed",
      "type": "aws_network_acl_rule",
      "name": "outbound",
      "index": "mgmt_public-mgmt_private-443-10.8.4.0/22",
      "provider_name": "registry.terraform.io/hashicorp/aws",
      "change": {
        "actions": [
          "create"
        ],
        "before": null,
        "after": {
          "cidr_block": "10.8.4.0/22",
          "egress": true,
          "from_port": 1024,
          "icmp_code": null,
          "icmp_type": null,
          "ipv6_cidr_block": null,
          "protocol": "tcp",
          "rule_action": "allow",
          "rule_number": 4060,
          "to_port": 65535
        },
        "after_unknown": {
          "id": true,
          "network_acl_id": true
        }
      }
    },
    {
      "address": "module.nacl[\"mgmt_private\"].aws_network_acl_rule.outbound[\"mgmt_public-mgmt_private-443-10.8.8.0/22\"]",
      "module_address": "module.nacl[\"mgmt_private\"]",
      "mode": "managed",
      "type": "aws_network_acl_rule",
      "name": "outbound",
      "index": "mgmt_public-mgmt_private-443-10.8.8.0/22",
      "provider_name": "registry.terraform.io/hashicorp/aws",
      "change": {
        "actions": [
          "create"
        ],
        "before": null,
        "after": {
          "cidr_block": "10.8.8.0/22",
          "egress": true,
          "from_port": 1024,
          "icmp_code": null,
          "icmp_type": null,
          "ipv6_cidr_block": null,
          "protocol": "tcp",
          "rule_action": "allow",
          "rule_number": 4062,
          "to_port": 65535
        },
        "after_unknown": {
          "id": true,
          "network_acl_id": true
        }
      }
    },
    {
      "address": "module.nacl[\"mgmt_public\"].aws_network_acl.this",
      "module_address": "module.nacl[\"mgmt_public\"]",
      "mode": "managed",
      "type": "aws_network_acl",
      "name": "this",
      "provider_name": "registry.terraform.io/hashicorp/aws",
      "change": {
        "actions": [
          "create"
        ],
        "before": null,
        "after": {
          "subnet_ids": [
            "subnet-0174bcf1db4e9c369",
            "subnet-0c600ab8b7a807de6",
            "subnet-0e9a7c27a65e09c61"
          ],
          "tags": {
            "Name": "mgmt_public"
          },
          "vpc_id": "vpc-06ca9163760497ab3"
        },
        "after_unknown": {
          "arn": true,
          "egress": true,
          "id": true,
          "ingress": true,
          "owner_id": true,
          "subnet_ids": [
            false,
            false,
            false
          ],
          "tags": {}
        }
      }
    },
    {
      "address": "module.nacl[\"mgmt_public\"].aws_network_acl_rule.inbound[\"_universe-mgmt_public-443-0.0.0.0/0\"]",
      "module_address": "module.nacl[\"mgmt_public\"]",
      "mode": "managed",
      "type": "aws_network_acl_rule",
      "name": "inbound",
      "index": "_universe-mgmt_public-443-0.0.0.0/0",
      "provider_name": "registry.terraform.io/hashicorp/aws",
      "change": {
        "actions": [
          "create"
        ],
        "before": null,
        "after": {
          "cidr_block": "0.0.0.0/0",
          "egress": false,
          "from_port": 443,
          "icmp_code": null,
          "icmp_type": null,
          "ipv6_cidr_block": null,
          "protocol": "tcp",
          "rule_action": "allow",
          "rule_number": 3110,
          "to_port": 443
        },
        "after_unknown": {
          "id": true,
          "network_acl_id": true
        }
      }
    },
    {
      "address": "module.nacl[\"mgmt_public\"].aws_network_acl_rule.inbound[\"mgmt_public-mgmt_private-443-10.8.12.0/22\"]",
      "module_address": "module.nacl[\"mgmt_public\"]",
      "mode": "managed",
      "type": "aws_network_acl_rule",
      "name": "inbound",
      "index": "mgmt_public-mgmt_private-443-10.8.12.0/22",
      "provider_name": "registry.terraform.io/hashicorp/aws",
      "change": {
        "actions": [
          "create"
        ],
        "before": null,
        "after": {
          "cidr_block": "10.8.12.0/22",
          "egress": false,
          "from_port": 1024,
          "icmp_code": null,
          "icmp_type": null,
          "ipv6_cidr_block": null,
          "protocol": "tcp",
          "rule_action": "allow",
          "rule_number": 2062,
          "to_port": 65535
        },
        "after_unknown": {
          "id": true,
          "network_acl_id": true
        }
      }
    },
    {
      "address": "module.nacl[\"mgmt_public\"].aws_network_acl_rule.inbound[\"mgmt_public-mgmt_private-443-10.8.16.0/22\"]",
      "module_address": "module.nacl[\"mgmt_public\"]",
      "mode": "managed",
      "type": "aws_network_acl_rule",
      "name": "inbound",
      "index": "mgmt_public-mgmt_private-443-10.8.16.0/22",
      "provider_name": "registry.terraform.io/hashicorp/aws",
      "change": {
        "actions": [
          "create"
        ],
        "before": null,
        "after": {
          "cidr_block": "10.8.16.0/22",
          "egress": false,
          "from_port": 1024,
          "icmp_code": null,
          "icmp_type": null,
          "ipv6_cidr_block": null,
          "protocol": "tcp",
          "rule_action": "allow",
          "rule_number": 2060,
          "to_port": 65535
        },
        "after_unknown": {
          "id": true,
          "network_acl_id": true
        }
      }
    },
    {
      "address": "module.nacl[\"mgmt_public\"].aws_network_acl_rule.inbound[\"mgmt_public-mgmt_private-443-10.8.20.0/22\"]",
      "module_address": "module.nacl[\"mgmt_public\"]",
      "mode": "managed",
      "type": "aws_network_acl_rule",
      "name": "inbound",
      "index": "mgmt_public-mgmt_private-443-10.8.20.0/22",
      "provider_name": "registry.terraform.io/hashicorp/aws",
      "change": {
        "actions": [
          "create"
        ],
        "before": null,
        "after": {
          "cidr_block": "10.8.20.0/22",
          "egress": false,
          "from_port": 1024,
          "icmp_code": null,
          "icmp_type": null,
          "ipv6_cidr_block": null,
          "protocol": "tcp",
          "rule_action": "allow",
          "rule_number": 2061,
          "to_port": 65535
        },
        "after_unknown": {
          "id": true,
          "network_acl_id": true
        }
      }
    },
    {
      "address": "module.nacl[\"mgmt_public\"].aws_network_acl_rule.outbound[\"_universe-mgmt_public-443-0.0.0.0/0\"]",
      "module_address": "module.nacl[\"mgmt_public\"]",
      "mode": "managed",
      "type": "aws_network_acl_rule",
      "name": "outbound",
      "index": "_universe-mgmt_public-443-0.0.0.0/0",
      "provider_name": "registry.terraform.io/hashicorp/aws",
      "change": {
        "actions": [
          "create"
        ],
        "before": null,
        "after": {
          "cidr_block": "0.0.0.0/0",
          "egress": true,
          "from_port": 1024,
          "icmp_code": null,
          "icmp_type": null,
          "ipv6_cidr_block": null,
          "protocol": "tcp",
          "rule_action": "allow",
          "rule_number": 4110,
          "to_port": 65535
        },
        "after_unknown": {
          "id": true,
          "network_acl_id": true
        }
      }
    },
    {
      "address": "module.nacl[\"mgmt_public\"].aws_network_acl_rule.outbound[\"mgmt_public-mgmt_private-443-10.8.12.0/22\"]",
      "module_address": "module.nacl[\"mgmt_public\"]",
      "mode": "managed",
      "type": "aws_network_acl_rule",
      "name": "outbound",
      "index": "mgmt_public-mgmt_private-443-10.8.12.0/22",
      "provider_name": "registry.terraform.io/hashicorp/aws",
      "change": {
        "actions": [
          "create"
        ],
        "before": null,
        "after": {
          "cidr_block": "10.8.12.0/22",
          "egress": true,
          "from_port": 443,
          "icmp_code": null,
          "icmp_type": null,
          "ipv6_cidr_block": null,
          "protocol": "tcp",
          "rule_action": "allow",
          "rule_number": 1062,
          "to_port": 443
        },
        "after_unknown": {
          "id": true,
          "network_acl_id": true
        }
      }
    },
    {
      "address": "module.nacl[\"mgmt_public\"].aws_network_acl_rule.outbound[\"mgmt_public-mgmt_private-443-10.8.16.0/22\"]",
      "module_address": "module.nacl[\"mgmt_public\"]",
      "mode": "managed",
      "type": "aws_network_acl_rule",
      "name": "outbound",
      "index": "mgmt_public-mgmt_private-443-10.8.16.0/22",
      "provider_name": "registry.terraform.io/hashicorp/aws",
      "change": {
        "actions": [
          "create"
        ],
        "before": null,
        "after": {
          "cidr_block": "10.8.16.0/22",
          "egress": true,
          "from_port": 443,
          "icmp_code": null,
          "icmp_type": null,
          "ipv6_cidr_block": null,
          "protocol": "tcp",
          "rule_action": "allow",
          "rule_number": 1060,
          "to_port": 443
        },
        "after_unknown": {
          "id": true,
          "network_acl_id": true
        }
      }
    },
    {
      "address": "module.nacl[\"mgmt_public\"].aws_network_acl_rule.outbound[\"mgmt_public-mgmt_private-443-10.8.20.0/22\"]",
      "module_address": "module.nacl[\"mgmt_public\"]",
      "mode": "managed",
      "type": "aws_network_acl_rule",
      "name": "outbound",
      "index": "mgmt_public-mgmt_private-443-10.8.20.0/22",
      "provider_name": "registry.terraform.io/hashicorp/aws",
      "change": {
        "actions": [
          "create"
        ],
        "before": null,
        "after": {
          "cidr_block": "10.8.20.0/22",
          "egress": true,
          "from_port": 443,
          "icmp_code": null,
          "icmp_type": null,
          "ipv6_cidr_block": null,
          "protocol": "tcp",
          "rule_action": "allow",
          "rule_number": 1061,
          "to_port": 443
        },
        "after_unknown": {
          "id": true,
          "network_acl_id": true
        }
      }
    }
  ],
  "output_changes": {
    "nacl": {
      "actions": [
        "create"
      ],
      "before": null,
      "after": {
        "app_persistence": {
          "inbound_rules": {
            "app_private-app_persistence-22-10.0.12.0/22": {
              "cidr": "10.0.12.0/22",
              "from_port": 22,
              "id": "app_private-app_persistence-22-10.0.12.0/22",
              "rulenum": 3030,
              "subnet_group": "app_persistence",
              "to_port": 22
            },
            "app_private-app_persistence-22-10.0.16.0/22": {
              "cidr": "10.0.16.0/22",
              "from_port": 22,
              "id": "app_private-app_persistence-22-10.0.16.0/22",
              "rulenum": 3032,
              "subnet_group": "app_persistence",
              "to_port": 22
            },
            "app_private-app_persistence-22-10.0.20.0/22": {
              "cidr": "10.0.20.0/22",
              "from_port": 22,
              "id": "app_private-app_persistence-22-10.0.20.0/22",
              "rulenum": 3031,
              "subnet_group": "app_persistence",
              "to_port": 22
            },
            "app_private-app_persistence-3306-10.0.12.0/22": {
              "cidr": "10.0.12.0/22",
              "from_port": 3306,
              "id": "app_private-app_persistence-3306-10.0.12.0/22",
              "rulenum": 3020,
              "subnet_group": "app_persistence",
              "to_port": 3306
            },
            "app_private-app_persistence-3306-10.0.16.0/22": {
              "cidr": "10.0.16.0/22",
              "from_port": 3306,
              "id": "app_private-app_persistence-3306-10.0.16.0/22",
              "rulenum": 3022,
              "subnet_group": "app_persistence",
              "to_port": 3306
            },
            "app_private-app_persistence-3306-10.0.20.0/22": {
              "cidr": "10.0.20.0/22",
              "from_port": 3306,
              "id": "app_private-app_persistence-3306-10.0.20.0/22",
              "rulenum": 3021,
              "subnet_group": "app_persistence",
              "to_port": 3306
            }
          },
          "outbound_rules": {
            "app_private-app_persistence-22-10.0.12.0/22": {
              "cidr": "10.0.12.0/22",
              "from_port": 1024,
              "id": "app_private-app_persistence-22-10.0.12.0/22",
              "rulenum": 4030,
              "subnet_group": "app_persistence",
              "to_port": 65535
            },
            "app_private-app_persistence-22-10.0.16.0/22": {
              "cidr": "10.0.16.0/22",
              "from_port": 1024,
              "id": "app_private-app_persistence-22-10.0.16.0/22",
              "rulenum": 4032,
              "subnet_group": "app_persistence",
              "to_port": 65535
            },
            "app_private-app_persistence-22-10.0.20.0/22": {
              "cidr": "10.0.20.0/22",
              "from_port": 1024,
              "id": "app_private-app_persistence-22-10.0.20.0/22",
              "rulenum": 4031,
              "subnet_group": "app_persistence",
              "to_port": 65535
            },
            "app_private-app_persistence-3306-10.0.12.0/22": {
              "cidr": "10.0.12.0/22",
              "from_port": 1024,
              "id": "app_private-app_persistence-3306-10.0.12.0/22",
              "rulenum": 4020,
              "subnet_group": "app_persistence",
              "to_port": 65535
            },
            "app_private-app_persistence-3306-10.0.16.0/22": {
              "cidr": "10.0.16.0/22",
              "from_port": 1024,
              "id": "app_private-app_persistence-3306-10.0.16.0/22",
              "rulenum": 4022,
              "subnet_group": "app_persistence",
              "to_port": 65535
            },
            "app_private-app_persistence-3306-10.0.20.0/22": {
              "cidr": "10.0.20.0/22",
              "from_port": 1024,
              "id": "app_private-app_persistence-3306-10.0.20.0/22",
              "rulenum": 4021,
              "subnet_group": "app_persistence",
              "to_port": 65535
            }
          }
        },
        "app_private": {
          "inbound_rules": {
            "app_private-_aws_s3-443-3.5.164.0/22": {
              "cidr": "3.5.164.0/22",
              "from_port": 1024,
              "id": "app_private-_aws_s3-443-3.5.164.0/22",
              "rulenum": 2050,
              "subnet_group": "app_private",
              "to_port": 65535
            },
            "app_private-_aws_s3-443-3.5.168.0/23": {
              "cidr": "3.5.168.0/23",
              "from_port": 1024,
              "id": "app_private-_aws_s3-443-3.5.168.0/23",
              "rulenum": 2051,
              "subnet_group": "app_private",
              "to_port": 65535
            },
            "app_private-_aws_s3-443-52.95.128.0/21": {
              "cidr": "52.95.128.0/21",
              "from_port": 1024,
              "id": "app_private-_aws_s3-443-52.95.128.0/21",
              "rulenum": 2052,
              "subnet_group": "app_private",
              "to_port": 65535
            },
            "app_private-_onprem_ldap-636-54.192.220.70/32": {
              "cidr": "54.192.220.70/32",
              "from_port": 1024,
              "id": "app_private-_onprem_ldap-636-54.192.220.70/32",
              "rulenum": 2040,
              "subnet_group": "app_private",
              "to_port": 65535
            },
            "app_private-app_persistence-22-10.0.24.0/22": {
              "cidr": "10.0.24.0/22",
              "from_port": 1024,
              "id": "app_private-app_persistence-22-10.0.24.0/22",
              "rulenum": 2030,
              "subnet_group": "app_private",
              "to_port": 65535
            },
            "app_private-app_persistence-22-10.0.28.0/22": {
              "cidr": "10.0.28.0/22",
              "from_port": 1024,
              "id": "app_private-app_persistence-22-10.0.28.0/22",
              "rulenum": 2031,
              "subnet_group": "app_private",
              "to_port": 65535
            },
            "app_private-app_persistence-22-10.0.32.0/22": {
              "cidr": "10.0.32.0/22",
              "from_port": 1024,
              "id": "app_private-app_persistence-22-10.0.32.0/22",
              "rulenum": 2032,
              "subnet_group": "app_private",
              "to_port": 65535
            },
            "app_private-app_persistence-3306-10.0.24.0/22": {
              "cidr": "10.0.24.0/22",
              "from_port": 1024,
              "id": "app_private-app_persistence-3306-10.0.24.0/22",
              "rulenum": 2020,
              "subnet_group": "app_private",
              "to_port": 65535
            },
            "app_private-app_persistence-3306-10.0.28.0/22": {
              "cidr": "10.0.28.0/22",
              "from_port": 1024,
              "id": "app_private-app_persistence-3306-10.0.28.0/22",
              "rulenum": 2021,
              "subnet_group": "app_private",
              "to_port": 65535
            },
            "app_private-app_persistence-3306-10.0.32.0/22": {
              "cidr": "10.0.32.0/22",
              "from_port": 1024,
              "id": "app_private-app_persistence-3306-10.0.32.0/22",
              "rulenum": 2022,
              "subnet_group": "app_private",
              "to_port": 65535
            },
            "app_public-app_private-443-10.0.0.0/22": {
              "cidr": "10.0.0.0/22",
              "from_port": 443,
              "id": "app_public-app_private-443-10.0.0.0/22",
              "rulenum": 3001,
              "subnet_group": "app_private",
              "to_port": 443
            },
            "app_public-app_private-443-10.0.4.0/22": {
              "cidr": "10.0.4.0/22",
              "from_port": 443,
              "id": "app_public-app_private-443-10.0.4.0/22",
              "rulenum": 3000,
              "subnet_group": "app_private",
              "to_port": 443
            },
            "app_public-app_private-443-10.0.8.0/22": {
              "cidr": "10.0.8.0/22",
              "from_port": 443,
              "id": "app_public-app_private-443-10.0.8.0/22",
              "rulenum": 3002,
              "subnet_group": "app_private",
              "to_port": 443
            }
          },
          "outbound_rules": {
            "app_private-_aws_s3-443-3.5.164.0/22": {
              "cidr": "3.5.164.0/22",
              "from_port": 443,
              "id": "app_private-_aws_s3-443-3.5.164.0/22",
              "rulenum": 1050,
              "subnet_group": "app_private",
              "to_port": 443
            },
            "app_private-_aws_s3-443-3.5.168.0/23": {
              "cidr": "3.5.168.0/23",
              "from_port": 443,
              "id": "app_private-_aws_s3-443-3.5.168.0/23",
              "rulenum": 1051,
              "subnet_group": "app_private",
              "to_port": 443
            },
            "app_private-_aws_s3-443-52.95.128.0/21": {
              "cidr": "52.95.128.0/21",
              "from_port": 443,
              "id": "app_private-_aws_s3-443-52.95.128.0/21",
              "rulenum": 1052,
              "subnet_group": "app_private",
              "to_port": 443
            },
            "app_private-_onprem_ldap-636-54.192.220.70/32": {
              "cidr": "54.192.220.70/32",
              "from_port": 636,
              "id": "app_private-_onprem_ldap-636-54.192.220.70/32",
              "rulenum": 1040,
              "subnet_group": "app_private",
              "to_port": 636
            },
            "app_private-app_persistence-22-10.0.24.0/22": {
              "cidr": "10.0.24.0/22",
              "from_port": 22,
              "id": "app_private-app_persistence-22-10.0.24.0/22",
              "rulenum": 1030,
              "subnet_group": "app_private",
              "to_port": 22
            },
            "app_private-app_persistence-22-10.0.28.0/22": {
              "cidr": "10.0.28.0/22",
              "from_port": 22,
              "id": "app_private-app_persistence-22-10.0.28.0/22",
              "rulenum": 1031,
              "subnet_group": "app_private",
              "to_port": 22
            },
            "app_private-app_persistence-22-10.0.32.0/22": {
              "cidr": "10.0.32.0/22",
              "from_port": 22,
              "id": "app_private-app_persistence-22-10.0.32.0/22",
              "rulenum": 1032,
              "subnet_group": "app_private",
              "to_port": 22
            },
            "app_private-app_persistence-3306-10.0.24.0/22": {
              "cidr": "10.0.24.0/22",
              "from_port": 3306,
              "id": "app_private-app_persistence-3306-10.0.24.0/22",
              "rulenum": 1020,
              "subnet_group": "app_private",
              "to_port": 3306
            },
            "app_private-app_persistence-3306-10.0.28.0/22": {
              "cidr": "10.0.28.0/22",
              "from_port": 3306,
              "id": "app_private-app_persistence-3306-10.0.28.0/22",
              "rulenum": 1021,
              "subnet_group": "app_private",
              "to_port": 3306
            },
            "app_private-app_persistence-3306-10.0.32.0/22": {
              "cidr": "10.0.32.0/22",
              "from_port": 3306,
              "id": "app_private-app_persistence-3306-10.0.32.0/22",
              "rulenum": 1022,
              "subnet_group": "app_private",
              "to_port": 3306
            },
            "app_public-app_private-443-10.0.0.0/22": {
              "cidr": "10.0.0.0/22",
              "from_port": 1024,
              "id": "app_public-app_private-443-10.0.0.0/22",
              "rulenum": 4001,
              "subnet_group": "app_private",
              "to_port": 65535
            },
            "app_public-app_private-443-10.0.4.0/22": {
              "cidr": "10.0.4.0/22",
              "from_port": 1024,
              "id": "app_public-app_private-443-10.0.4.0/22",
              "rulenum": 4000,
              "subnet_group": "app_private",
              "to_port": 65535
            },
            "app_public-app_private-443-10.0.8.0/22": {
              "cidr": "10.0.8.0/22",
              "from_port": 1024,
              "id": "app_public-app_private-443-10.0.8.0/22",
              "rulenum": 4002,
              "subnet_group": "app_private",
              "to_port": 65535
            }
          }
        },
        "app_public": {
          "inbound_rules": {
            "_universe-app_public-443-0.0.0.0/0": {
              "cidr": "0.0.0.0/0",
              "from_port": 443,
              "id": "_universe-app_public-443-0.0.0.0/0",
              "rulenum": 3100,
              "subnet_group": "app_public",
              "to_port": 443
            },
            "app_public-_aws_s3-443-3.5.164.0/22": {
              "cidr": "3.5.164.0/22",
              "from_port": 1024,
              "id": "app_public-_aws_s3-443-3.5.164.0/22",
              "rulenum": 2010,
              "subnet_group": "app_public",
              "to_port": 65535
            },
            "app_public-_aws_s3-443-3.5.168.0/23": {
              "cidr": "3.5.168.0/23",
              "from_port": 1024,
              "id": "app_public-_aws_s3-443-3.5.168.0/23",
              "rulenum": 2011,
              "subnet_group": "app_public",
              "to_port": 65535
            },
            "app_public-_aws_s3-443-52.95.128.0/21": {
              "cidr": "52.95.128.0/21",
              "from_port": 1024,
              "id": "app_public-_aws_s3-443-52.95.128.0/21",
              "rulenum": 2012,
              "subnet_group": "app_public",
              "to_port": 65535
            },
            "app_public-app_private-443-10.0.12.0/22": {
              "cidr": "10.0.12.0/22",
              "from_port": 1024,
              "id": "app_public-app_private-443-10.0.12.0/22",
              "rulenum": 2000,
              "subnet_group": "app_public",
              "to_port": 65535
            },
            "app_public-app_private-443-10.0.16.0/22": {
              "cidr": "10.0.16.0/22",
              "from_port": 1024,
              "id": "app_public-app_private-443-10.0.16.0/22",
              "rulenum": 2002,
              "subnet_group": "app_public",
              "to_port": 65535
            },
            "app_public-app_private-443-10.0.20.0/22": {
              "cidr": "10.0.20.0/22",
              "from_port": 1024,
              "id": "app_public-app_private-443-10.0.20.0/22",
              "rulenum": 2001,
              "subnet_group": "app_public",
              "to_port": 65535
            }
          },
          "outbound_rules": {
            "_universe-app_public-443-0.0.0.0/0": {
              "cidr": "0.0.0.0/0",
              "from_port": 1024,
              "id": "_universe-app_public-443-0.0.0.0/0",
              "rulenum": 4100,
              "subnet_group": "app_public",
              "to_port": 65535
            },
            "app_public-_aws_s3-443-3.5.164.0/22": {
              "cidr": "3.5.164.0/22",
              "from_port": 443,
              "id": "app_public-_aws_s3-443-3.5.164.0/22",
              "rulenum": 1010,
              "subnet_group": "app_public",
              "to_port": 443
            },
            "app_public-_aws_s3-443-3.5.168.0/23": {
              "cidr": "3.5.168.0/23",
              "from_port": 443,
              "id": "app_public-_aws_s3-443-3.5.168.0/23",
              "rulenum": 1011,
              "subnet_group": "app_public",
              "to_port": 443
            },
            "app_public-_aws_s3-443-52.95.128.0/21": {
              "cidr": "52.95.128.0/21",
              "from_port": 443,
              "id": "app_public-_aws_s3-443-52.95.128.0/21",
              "rulenum": 1012,
              "subnet_group": "app_public",
              "to_port": 443
            },
            "app_public-app_private-443-10.0.12.0/22": {
              "cidr": "10.0.12.0/22",
              "from_port": 443,
              "id": "app_public-app_private-443-10.0.12.0/22",
              "rulenum": 1000,
              "subnet_group": "app_public",
              "to_port": 443
            },
            "app_public-app_private-443-10.0.16.0/22": {
              "cidr": "10.0.16.0/22",
              "from_port": 443,
              "id": "app_public-app_private-443-10.0.16.0/22",
              "rulenum": 1002,
              "subnet_group": "app_public",
              "to_port": 443
            },
            "app_public-app_private-443-10.0.20.0/22": {
              "cidr": "10.0.20.0/22",
              "from_port": 443,
              "id": "app_public-app_private-443-10.0.20.0/22",
              "rulenum": 1001,
              "subnet_group": "app_public",
              "to_port": 443
            }
          }
        },
        "mgmt_persistence": {
          "inbound_rules": {},
          "outbound_rules": {}
        },
        "mgmt_private": {
          "inbound_rules": {
            "mgmt_private-_onprem_ldap-636-54.192.220.70/32": {
              "cidr": "54.192.220.70/32",
              "from_port": 1024,
              "id": "mgmt_private-_onprem_ldap-636-54.192.220.70/32",
              "rulenum": 2090,
              "subnet_group": "mgmt_private",
              "to_port": 65535
            },
            "mgmt_private-_vpc_app-0-10.0.0.0/16": {
              "cidr": "10.0.0.0/16",
              "from_port": 1024,
              "id": "mgmt_private-_vpc_app-0-10.0.0.0/16",
              "rulenum": 2080,
              "subnet_group": "mgmt_private",
              "to_port": 65535
            },
            "mgmt_private-_vpc_app-0-10.1.0.0/16": {
              "cidr": "10.1.0.0/16",
              "from_port": 1024,
              "id": "mgmt_private-_vpc_app-0-10.1.0.0/16",
              "rulenum": 2081,
              "subnet_group": "mgmt_private",
              "to_port": 65535
            },
            "mgmt_private-_vpc_app-0-10.2.0.0/16": {
              "cidr": "10.2.0.0/16",
              "from_port": 1024,
              "id": "mgmt_private-_vpc_app-0-10.2.0.0/16",
              "rulenum": 2082,
              "subnet_group": "mgmt_private",
              "to_port": 65535
            },
            "mgmt_private-_vpc_mgmt-0-10.8.0.0/16": {
              "cidr": "10.8.0.0/16",
              "from_port": 1024,
              "id": "mgmt_private-_vpc_mgmt-0-10.8.0.0/16",
              "rulenum": 2070,
              "subnet_group": "mgmt_private",
              "to_port": 65535
            },
            "mgmt_public-mgmt_private-443-10.8.0.0/22": {
              "cidr": "10.8.0.0/22",
              "from_port": 443,
              "id": "mgmt_public-mgmt_private-443-10.8.0.0/22",
              "rulenum": 3061,
              "subnet_group": "mgmt_private",
              "to_port": 443
            },
            "mgmt_public-mgmt_private-443-10.8.4.0/22": {
              "cidr": "10.8.4.0/22",
              "from_port": 443,
              "id": "mgmt_public-mgmt_private-443-10.8.4.0/22",
              "rulenum": 3060,
              "subnet_group": "mgmt_private",
              "to_port": 443
            },
            "mgmt_public-mgmt_private-443-10.8.8.0/22": {
              "cidr": "10.8.8.0/22",
              "from_port": 443,
              "id": "mgmt_public-mgmt_private-443-10.8.8.0/22",
              "rulenum": 3062,
              "subnet_group": "mgmt_private",
              "to_port": 443
            }
          },
          "outbound_rules": {
            "mgmt_private-_onprem_ldap-636-54.192.220.70/32": {
              "cidr": "54.192.220.70/32",
              "from_port": 636,
              "id": "mgmt_private-_onprem_ldap-636-54.192.220.70/32",
              "rulenum": 1090,
              "subnet_group": "mgmt_private",
              "to_port": 636
            },
            "mgmt_private-_vpc_app-0-10.0.0.0/16": {
              "cidr": "10.0.0.0/16",
              "from_port": 0,
              "id": "mgmt_private-_vpc_app-0-10.0.0.0/16",
              "rulenum": 1080,
              "subnet_group": "mgmt_private",
              "to_port": 0
            },
            "mgmt_private-_vpc_app-0-10.1.0.0/16": {
              "cidr": "10.1.0.0/16",
              "from_port": 0,
              "id": "mgmt_private-_vpc_app-0-10.1.0.0/16",
              "rulenum": 1081,
              "subnet_group": "mgmt_private",
              "to_port": 0
            },
            "mgmt_private-_vpc_app-0-10.2.0.0/16": {
              "cidr": "10.2.0.0/16",
              "from_port": 0,
              "id": "mgmt_private-_vpc_app-0-10.2.0.0/16",
              "rulenum": 1082,
              "subnet_group": "mgmt_private",
              "to_port": 0
            },
            "mgmt_private-_vpc_mgmt-0-10.8.0.0/16": {
              "cidr": "10.8.0.0/16",
              "from_port": 0,
              "id": "mgmt_private-_vpc_mgmt-0-10.8.0.0/16",
              "rulenum": 1070,
              "subnet_group": "mgmt_private",
              "to_port": 0
            },
            "mgmt_public-mgmt_private-443-10.8.0.0/22": {
              "cidr": "10.8.0.0/22",
              "from_port": 1024,
              "id": "mgmt_public-mgmt_private-443-10.8.0.0/22",
              "rulenum": 4061,
              "subnet_group": "mgmt_private",
              "to_port": 65535
            },
            "mgmt_public-mgmt_private-443-10.8.4.0/22": {
              "cidr": "10.8.4.0/22",
              "from_port": 1024,
              "id": "mgmt_public-mgmt_private-443-10.8.4.0/22",
              "rulenum": 4060,
              "subnet_group": "mgmt_private",
              "to_port": 65535
            },
            "mgmt_public-mgmt_private-443-10.8.8.0/22": {
              "cidr": "10.8.8.0/22",
              "from_port": 1024,
              "id": "mgmt_public-mgmt_private-443-10.8.8.0/22",
              "rulenum": 4062,
              "subnet_group": "mgmt_private",
              "to_port": 65535
            }
          }
        },
        "mgmt_public": {
          "inbound_rules": {
            "_universe-mgmt_public-443-0.0.0.0/0": {
              "cidr": "0.0.0.0/0",
              "from_port": 443,
              "id": "_universe-mgmt_public-443-0.0.0.0/0",
              "rulenum": 3110,
              "subnet_group": "mgmt_public",
              "to_port": 443
            },
            "mgmt_public-mgmt_private-443-10.8.12.0/22": {
              "cidr": "10.8.12.0/22",
              "from_port": 1024,
              "id": "mgmt_public-mgmt_private-443-10.8.12.0/22",
              "rulenum": 2062,
              "subnet_group": "mgmt_public",
              "to_port": 65535
            },
            "mgmt_public-mgmt_private-443-10.8.16.0/22": {
              "cidr": "10.8.16.0/22",
              "from_port": 1024,
              "id": "mgmt_public-mgmt_private-443-10.8.16.0/22",
              "rulenum": 2060,
              "subnet_group": "mgmt_public",
              "to_port": 65535
            },
            "mgmt_public-mgmt_private-443-10.8.20.0/22": {
              "cidr": "10.8.20.0/22",
              "from_port": 1024,
              "id": "mgmt_public-mgmt_private-443-10.8.20.0/22",
              "rulenum": 2061,
              "subnet_group": "mgmt_public",
              "to_port": 65535
            }
          },
          "outbound_rules": {
            "_universe-mgmt_public-443-0.0.0.0/0": {
              "cidr": "0.0.0.0/0",
              "from_port": 1024,
              "id": "_universe-mgmt_public-443-0.0.0.0/0",
              "rulenum": 4110,
              "subnet_group": "mgmt_public",
              "to_port": 65535
            },
            "mgmt_public-mgmt_private-443-10.8.12.0/22": {
              "cidr": "10.8.12.0/22",
              "from_port": 443,
              "id": "mgmt_public-mgmt_private-443-10.8.12.0/22",
              "rulenum": 1062,
              "subnet_group": "mgmt_public",
              "to_port": 443
            },
            "mgmt_public-mgmt_private-443-10.8.16.0/22": {
              "cidr": "10.8.16.0/22",
              "from_port": 443,
              "id": "mgmt_public-mgmt_private-443-10.8.16.0/22",
              "rulenum": 1060,
              "subnet_group": "mgmt_public",
              "to_port": 443
            },
            "mgmt_public-mgmt_private-443-10.8.20.0/22": {
              "cidr": "10.8.20.0/22",
              "from_port": 443,
              "id": "mgmt_public-mgmt_private-443-10.8.20.0/22",
              "rulenum": 1061,
              "subnet_group": "mgmt_public",
              "to_port": 443
            }
          }
        }
      },
      "after_unknown": false
    },
    "ruleset": {
      "actions": [
        "create"
      ],
      "before": null,
      "after": [
        {
          "port": "443",
          "source": "app_public",
          "target": "app_private"
        },
        {
          "port": "443",
          "source": "app_public",
          "target": "_aws_s3"
        },
        {
          "port": "3306",
          "source": "app_private",
          "target": "app_persistence"
        },
        {
          "port": "22",
          "source": "app_private",
          "target": "app_persistence"
        },
        {
          "port": "636",
          "source": "app_private",
          "target": "_onprem_ldap"
        },
        {
          "port": "443",
          "source": "app_private",
          "target": "_aws_s3"
        },
        {
          "port": "443",
          "source": "mgmt_public",
          "target": "mgmt_private"
        },
        {
          "port": "0",
          "source": "mgmt_private",
          "target": "_vpc_mgmt"
        },
        {
          "port": "0",
          "source": "mgmt_private",
          "target": "_vpc_app"
        },
        {
          "port": "636",
          "source": "mgmt_private",
          "target": "_onprem_ldap"
        },
        {
          "port": "443",
          "source": "_universe",
          "target": "app_public"
        },
        {
          "port": "443",
          "source": "_universe",
          "target": "mgmt_public"
        }
      ],
      "after_unknown": false
    }
  },
  "prior_state": {
    "format_version": "0.1",
    "terraform_version": "0.14.8",
    "values": {
      "outputs": {
        "nacl": {
          "sensitive": false,
          "value": {
            "app_persistence": {
              "inbound_rules": {
                "app_private-app_persistence-22-10.0.12.0/22": {
                  "cidr": "10.0.12.0/22",
                  "from_port": 22,
                  "id": "app_private-app_persistence-22-10.0.12.0/22",
                  "rulenum": 3030,
                  "subnet_group": "app_persistence",
                  "to_port": 22
                },
                "app_private-app_persistence-22-10.0.16.0/22": {
                  "cidr": "10.0.16.0/22",
                  "from_port": 22,
                  "id": "app_private-app_persistence-22-10.0.16.0/22",
                  "rulenum": 3032,
                  "subnet_group": "app_persistence",
                  "to_port": 22
                },
                "app_private-app_persistence-22-10.0.20.0/22": {
                  "cidr": "10.0.20.0/22",
                  "from_port": 22,
                  "id": "app_private-app_persistence-22-10.0.20.0/22",
                  "rulenum": 3031,
                  "subnet_group": "app_persistence",
                  "to_port": 22
                },
                "app_private-app_persistence-3306-10.0.12.0/22": {
                  "cidr": "10.0.12.0/22",
                  "from_port": 3306,
                  "id": "app_private-app_persistence-3306-10.0.12.0/22",
                  "rulenum": 3020,
                  "subnet_group": "app_persistence",
                  "to_port": 3306
                },
                "app_private-app_persistence-3306-10.0.16.0/22": {
                  "cidr": "10.0.16.0/22",
                  "from_port": 3306,
                  "id": "app_private-app_persistence-3306-10.0.16.0/22",
                  "rulenum": 3022,
                  "subnet_group": "app_persistence",
                  "to_port": 3306
                },
                "app_private-app_persistence-3306-10.0.20.0/22": {
                  "cidr": "10.0.20.0/22",
                  "from_port": 3306,
                  "id": "app_private-app_persistence-3306-10.0.20.0/22",
                  "rulenum": 3021,
                  "subnet_group": "app_persistence",
                  "to_port": 3306
                }
              },
              "outbound_rules": {
                "app_private-app_persistence-22-10.0.12.0/22": {
                  "cidr": "10.0.12.0/22",
                  "from_port": 1024,
                  "id": "app_private-app_persistence-22-10.0.12.0/22",
                  "rulenum": 4030,
                  "subnet_group": "app_persistence",
                  "to_port": 65535
                },
                "app_private-app_persistence-22-10.0.16.0/22": {
                  "cidr": "10.0.16.0/22",
                  "from_port": 1024,
                  "id": "app_private-app_persistence-22-10.0.16.0/22",
                  "rulenum": 4032,
                  "subnet_group": "app_persistence",
                  "to_port": 65535
                },
                "app_private-app_persistence-22-10.0.20.0/22": {
                  "cidr": "10.0.20.0/22",
                  "from_port": 1024,
                  "id": "app_private-app_persistence-22-10.0.20.0/22",
                  "rulenum": 4031,
                  "subnet_group": "app_persistence",
                  "to_port": 65535
                },
                "app_private-app_persistence-3306-10.0.12.0/22": {
                  "cidr": "10.0.12.0/22",
                  "from_port": 1024,
                  "id": "app_private-app_persistence-3306-10.0.12.0/22",
                  "rulenum": 4020,
                  "subnet_group": "app_persistence",
                  "to_port": 65535
                },
                "app_private-app_persistence-3306-10.0.16.0/22": {
                  "cidr": "10.0.16.0/22",
                  "from_port": 1024,
                  "id": "app_private-app_persistence-3306-10.0.16.0/22",
                  "rulenum": 4022,
                  "subnet_group": "app_persistence",
                  "to_port": 65535
                },
                "app_private-app_persistence-3306-10.0.20.0/22": {
                  "cidr": "10.0.20.0/22",
                  "from_port": 1024,
                  "id": "app_private-app_persistence-3306-10.0.20.0/22",
                  "rulenum": 4021,
                  "subnet_group": "app_persistence",
                  "to_port": 65535
                }
              }
            },
            "app_private": {
              "inbound_rules": {
                "app_private-_aws_s3-443-3.5.164.0/22": {
                  "cidr": "3.5.164.0/22",
                  "from_port": 1024,
                  "id": "app_private-_aws_s3-443-3.5.164.0/22",
                  "rulenum": 2050,
                  "subnet_group": "app_private",
                  "to_port": 65535
                },
                "app_private-_aws_s3-443-3.5.168.0/23": {
                  "cidr": "3.5.168.0/23",
                  "from_port": 1024,
                  "id": "app_private-_aws_s3-443-3.5.168.0/23",
                  "rulenum": 2051,
                  "subnet_group": "app_private",
                  "to_port": 65535
                },
                "app_private-_aws_s3-443-52.95.128.0/21": {
                  "cidr": "52.95.128.0/21",
                  "from_port": 1024,
                  "id": "app_private-_aws_s3-443-52.95.128.0/21",
                  "rulenum": 2052,
                  "subnet_group": "app_private",
                  "to_port": 65535
                },
                "app_private-_onprem_ldap-636-54.192.220.70/32": {
                  "cidr": "54.192.220.70/32",
                  "from_port": 1024,
                  "id": "app_private-_onprem_ldap-636-54.192.220.70/32",
                  "rulenum": 2040,
                  "subnet_group": "app_private",
                  "to_port": 65535
                },
                "app_private-app_persistence-22-10.0.24.0/22": {
                  "cidr": "10.0.24.0/22",
                  "from_port": 1024,
                  "id": "app_private-app_persistence-22-10.0.24.0/22",
                  "rulenum": 2030,
                  "subnet_group": "app_private",
                  "to_port": 65535
                },
                "app_private-app_persistence-22-10.0.28.0/22": {
                  "cidr": "10.0.28.0/22",
                  "from_port": 1024,
                  "id": "app_private-app_persistence-22-10.0.28.0/22",
                  "rulenum": 2031,
                  "subnet_group": "app_private",
                  "to_port": 65535
                },
                "app_private-app_persistence-22-10.0.32.0/22": {
                  "cidr": "10.0.32.0/22",
                  "from_port": 1024,
                  "id": "app_private-app_persistence-22-10.0.32.0/22",
                  "rulenum": 2032,
                  "subnet_group": "app_private",
                  "to_port": 65535
                },
                "app_private-app_persistence-3306-10.0.24.0/22": {
                  "cidr": "10.0.24.0/22",
                  "from_port": 1024,
                  "id": "app_private-app_persistence-3306-10.0.24.0/22",
                  "rulenum": 2020,
                  "subnet_group": "app_private",
                  "to_port": 65535
                },
                "app_private-app_persistence-3306-10.0.28.0/22": {
                  "cidr": "10.0.28.0/22",
                  "from_port": 1024,
                  "id": "app_private-app_persistence-3306-10.0.28.0/22",
                  "rulenum": 2021,
                  "subnet_group": "app_private",
                  "to_port": 65535
                },
                "app_private-app_persistence-3306-10.0.32.0/22": {
                  "cidr": "10.0.32.0/22",
                  "from_port": 1024,
                  "id": "app_private-app_persistence-3306-10.0.32.0/22",
                  "rulenum": 2022,
                  "subnet_group": "app_private",
                  "to_port": 65535
                },
                "app_public-app_private-443-10.0.0.0/22": {
                  "cidr": "10.0.0.0/22",
                  "from_port": 443,
                  "id": "app_public-app_private-443-10.0.0.0/22",
                  "rulenum": 3001,
                  "subnet_group": "app_private",
                  "to_port": 443
                },
                "app_public-app_private-443-10.0.4.0/22": {
                  "cidr": "10.0.4.0/22",
                  "from_port": 443,
                  "id": "app_public-app_private-443-10.0.4.0/22",
                  "rulenum": 3000,
                  "subnet_group": "app_private",
                  "to_port": 443
                },
                "app_public-app_private-443-10.0.8.0/22": {
                  "cidr": "10.0.8.0/22",
                  "from_port": 443,
                  "id": "app_public-app_private-443-10.0.8.0/22",
                  "rulenum": 3002,
                  "subnet_group": "app_private",
                  "to_port": 443
                }
              },
              "outbound_rules": {
                "app_private-_aws_s3-443-3.5.164.0/22": {
                  "cidr": "3.5.164.0/22",
                  "from_port": 443,
                  "id": "app_private-_aws_s3-443-3.5.164.0/22",
                  "rulenum": 1050,
                  "subnet_group": "app_private",
                  "to_port": 443
                },
                "app_private-_aws_s3-443-3.5.168.0/23": {
                  "cidr": "3.5.168.0/23",
                  "from_port": 443,
                  "id": "app_private-_aws_s3-443-3.5.168.0/23",
                  "rulenum": 1051,
                  "subnet_group": "app_private",
                  "to_port": 443
                },
                "app_private-_aws_s3-443-52.95.128.0/21": {
                  "cidr": "52.95.128.0/21",
                  "from_port": 443,
                  "id": "app_private-_aws_s3-443-52.95.128.0/21",
                  "rulenum": 1052,
                  "subnet_group": "app_private",
                  "to_port": 443
                },
                "app_private-_onprem_ldap-636-54.192.220.70/32": {
                  "cidr": "54.192.220.70/32",
                  "from_port": 636,
                  "id": "app_private-_onprem_ldap-636-54.192.220.70/32",
                  "rulenum": 1040,
                  "subnet_group": "app_private",
                  "to_port": 636
                },
                "app_private-app_persistence-22-10.0.24.0/22": {
                  "cidr": "10.0.24.0/22",
                  "from_port": 22,
                  "id": "app_private-app_persistence-22-10.0.24.0/22",
                  "rulenum": 1030,
                  "subnet_group": "app_private",
                  "to_port": 22
                },
                "app_private-app_persistence-22-10.0.28.0/22": {
                  "cidr": "10.0.28.0/22",
                  "from_port": 22,
                  "id": "app_private-app_persistence-22-10.0.28.0/22",
                  "rulenum": 1031,
                  "subnet_group": "app_private",
                  "to_port": 22
                },
                "app_private-app_persistence-22-10.0.32.0/22": {
                  "cidr": "10.0.32.0/22",
                  "from_port": 22,
                  "id": "app_private-app_persistence-22-10.0.32.0/22",
                  "rulenum": 1032,
                  "subnet_group": "app_private",
                  "to_port": 22
                },
                "app_private-app_persistence-3306-10.0.24.0/22": {
                  "cidr": "10.0.24.0/22",
                  "from_port": 3306,
                  "id": "app_private-app_persistence-3306-10.0.24.0/22",
                  "rulenum": 1020,
                  "subnet_group": "app_private",
                  "to_port": 3306
                },
                "app_private-app_persistence-3306-10.0.28.0/22": {
                  "cidr": "10.0.28.0/22",
                  "from_port": 3306,
                  "id": "app_private-app_persistence-3306-10.0.28.0/22",
                  "rulenum": 1021,
                  "subnet_group": "app_private",
                  "to_port": 3306
                },
                "app_private-app_persistence-3306-10.0.32.0/22": {
                  "cidr": "10.0.32.0/22",
                  "from_port": 3306,
                  "id": "app_private-app_persistence-3306-10.0.32.0/22",
                  "rulenum": 1022,
                  "subnet_group": "app_private",
                  "to_port": 3306
                },
                "app_public-app_private-443-10.0.0.0/22": {
                  "cidr": "10.0.0.0/22",
                  "from_port": 1024,
                  "id": "app_public-app_private-443-10.0.0.0/22",
                  "rulenum": 4001,
                  "subnet_group": "app_private",
                  "to_port": 65535
                },
                "app_public-app_private-443-10.0.4.0/22": {
                  "cidr": "10.0.4.0/22",
                  "from_port": 1024,
                  "id": "app_public-app_private-443-10.0.4.0/22",
                  "rulenum": 4000,
                  "subnet_group": "app_private",
                  "to_port": 65535
                },
                "app_public-app_private-443-10.0.8.0/22": {
                  "cidr": "10.0.8.0/22",
                  "from_port": 1024,
                  "id": "app_public-app_private-443-10.0.8.0/22",
                  "rulenum": 4002,
                  "subnet_group": "app_private",
                  "to_port": 65535
                }
              }
            },
            "app_public": {
              "inbound_rules": {
                "_universe-app_public-443-0.0.0.0/0": {
                  "cidr": "0.0.0.0/0",
                  "from_port": 443,
                  "id": "_universe-app_public-443-0.0.0.0/0",
                  "rulenum": 3100,
                  "subnet_group": "app_public",
                  "to_port": 443
                },
                "app_public-_aws_s3-443-3.5.164.0/22": {
                  "cidr": "3.5.164.0/22",
                  "from_port": 1024,
                  "id": "app_public-_aws_s3-443-3.5.164.0/22",
                  "rulenum": 2010,
                  "subnet_group": "app_public",
                  "to_port": 65535
                },
                "app_public-_aws_s3-443-3.5.168.0/23": {
                  "cidr": "3.5.168.0/23",
                  "from_port": 1024,
                  "id": "app_public-_aws_s3-443-3.5.168.0/23",
                  "rulenum": 2011,
                  "subnet_group": "app_public",
                  "to_port": 65535
                },
                "app_public-_aws_s3-443-52.95.128.0/21": {
                  "cidr": "52.95.128.0/21",
                  "from_port": 1024,
                  "id": "app_public-_aws_s3-443-52.95.128.0/21",
                  "rulenum": 2012,
                  "subnet_group": "app_public",
                  "to_port": 65535
                },
                "app_public-app_private-443-10.0.12.0/22": {
                  "cidr": "10.0.12.0/22",
                  "from_port": 1024,
                  "id": "app_public-app_private-443-10.0.12.0/22",
                  "rulenum": 2000,
                  "subnet_group": "app_public",
                  "to_port": 65535
                },
                "app_public-app_private-443-10.0.16.0/22": {
                  "cidr": "10.0.16.0/22",
                  "from_port": 1024,
                  "id": "app_public-app_private-443-10.0.16.0/22",
                  "rulenum": 2002,
                  "subnet_group": "app_public",
                  "to_port": 65535
                },
                "app_public-app_private-443-10.0.20.0/22": {
                  "cidr": "10.0.20.0/22",
                  "from_port": 1024,
                  "id": "app_public-app_private-443-10.0.20.0/22",
                  "rulenum": 2001,
                  "subnet_group": "app_public",
                  "to_port": 65535
                }
              },
              "outbound_rules": {
                "_universe-app_public-443-0.0.0.0/0": {
                  "cidr": "0.0.0.0/0",
                  "from_port": 1024,
                  "id": "_universe-app_public-443-0.0.0.0/0",
                  "rulenum": 4100,
                  "subnet_group": "app_public",
                  "to_port": 65535
                },
                "app_public-_aws_s3-443-3.5.164.0/22": {
                  "cidr": "3.5.164.0/22",
                  "from_port": 443,
                  "id": "app_public-_aws_s3-443-3.5.164.0/22",
                  "rulenum": 1010,
                  "subnet_group": "app_public",
                  "to_port": 443
                },
                "app_public-_aws_s3-443-3.5.168.0/23": {
                  "cidr": "3.5.168.0/23",
                  "from_port": 443,
                  "id": "app_public-_aws_s3-443-3.5.168.0/23",
                  "rulenum": 1011,
                  "subnet_group": "app_public",
                  "to_port": 443
                },
                "app_public-_aws_s3-443-52.95.128.0/21": {
                  "cidr": "52.95.128.0/21",
                  "from_port": 443,
                  "id": "app_public-_aws_s3-443-52.95.128.0/21",
                  "rulenum": 1012,
                  "subnet_group": "app_public",
                  "to_port": 443
                },
                "app_public-app_private-443-10.0.12.0/22": {
                  "cidr": "10.0.12.0/22",
                  "from_port": 443,
                  "id": "app_public-app_private-443-10.0.12.0/22",
                  "rulenum": 1000,
                  "subnet_group": "app_public",
                  "to_port": 443
                },
                "app_public-app_private-443-10.0.16.0/22": {
                  "cidr": "10.0.16.0/22",
                  "from_port": 443,
                  "id": "app_public-app_private-443-10.0.16.0/22",
                  "rulenum": 1002,
                  "subnet_group": "app_public",
                  "to_port": 443
                },
                "app_public-app_private-443-10.0.20.0/22": {
                  "cidr": "10.0.20.0/22",
                  "from_port": 443,
                  "id": "app_public-app_private-443-10.0.20.0/22",
                  "rulenum": 1001,
                  "subnet_group": "app_public",
                  "to_port": 443
                }
              }
            },
            "mgmt_persistence": {
              "inbound_rules": {},
              "outbound_rules": {}
            },
            "mgmt_private": {
              "inbound_rules": {
                "mgmt_private-_onprem_ldap-636-54.192.220.70/32": {
                  "cidr": "54.192.220.70/32",
                  "from_port": 1024,
                  "id": "mgmt_private-_onprem_ldap-636-54.192.220.70/32",
                  "rulenum": 2090,
                  "subnet_group": "mgmt_private",
                  "to_port": 65535
                },
                "mgmt_private-_vpc_app-0-10.0.0.0/16": {
                  "cidr": "10.0.0.0/16",
                  "from_port": 1024,
                  "id": "mgmt_private-_vpc_app-0-10.0.0.0/16",
                  "rulenum": 2080,
                  "subnet_group": "mgmt_private",
                  "to_port": 65535
                },
                "mgmt_private-_vpc_app-0-10.1.0.0/16": {
                  "cidr": "10.1.0.0/16",
                  "from_port": 1024,
                  "id": "mgmt_private-_vpc_app-0-10.1.0.0/16",
                  "rulenum": 2081,
                  "subnet_group": "mgmt_private",
                  "to_port": 65535
                },
                "mgmt_private-_vpc_app-0-10.2.0.0/16": {
                  "cidr": "10.2.0.0/16",
                  "from_port": 1024,
                  "id": "mgmt_private-_vpc_app-0-10.2.0.0/16",
                  "rulenum": 2082,
                  "subnet_group": "mgmt_private",
                  "to_port": 65535
                },
                "mgmt_private-_vpc_mgmt-0-10.8.0.0/16": {
                  "cidr": "10.8.0.0/16",
                  "from_port": 1024,
                  "id": "mgmt_private-_vpc_mgmt-0-10.8.0.0/16",
                  "rulenum": 2070,
                  "subnet_group": "mgmt_private",
                  "to_port": 65535
                },
                "mgmt_public-mgmt_private-443-10.8.0.0/22": {
                  "cidr": "10.8.0.0/22",
                  "from_port": 443,
                  "id": "mgmt_public-mgmt_private-443-10.8.0.0/22",
                  "rulenum": 3061,
                  "subnet_group": "mgmt_private",
                  "to_port": 443
                },
                "mgmt_public-mgmt_private-443-10.8.4.0/22": {
                  "cidr": "10.8.4.0/22",
                  "from_port": 443,
                  "id": "mgmt_public-mgmt_private-443-10.8.4.0/22",
                  "rulenum": 3060,
                  "subnet_group": "mgmt_private",
                  "to_port": 443
                },
                "mgmt_public-mgmt_private-443-10.8.8.0/22": {
                  "cidr": "10.8.8.0/22",
                  "from_port": 443,
                  "id": "mgmt_public-mgmt_private-443-10.8.8.0/22",
                  "rulenum": 3062,
                  "subnet_group": "mgmt_private",
                  "to_port": 443
                }
              },
              "outbound_rules": {
                "mgmt_private-_onprem_ldap-636-54.192.220.70/32": {
                  "cidr": "54.192.220.70/32",
                  "from_port": 636,
                  "id": "mgmt_private-_onprem_ldap-636-54.192.220.70/32",
                  "rulenum": 1090,
                  "subnet_group": "mgmt_private",
                  "to_port": 636
                },
                "mgmt_private-_vpc_app-0-10.0.0.0/16": {
                  "cidr": "10.0.0.0/16",
                  "from_port": 0,
                  "id": "mgmt_private-_vpc_app-0-10.0.0.0/16",
                  "rulenum": 1080,
                  "subnet_group": "mgmt_private",
                  "to_port": 0
                },
                "mgmt_private-_vpc_app-0-10.1.0.0/16": {
                  "cidr": "10.1.0.0/16",
                  "from_port": 0,
                  "id": "mgmt_private-_vpc_app-0-10.1.0.0/16",
                  "rulenum": 1081,
                  "subnet_group": "mgmt_private",
                  "to_port": 0
                },
                "mgmt_private-_vpc_app-0-10.2.0.0/16": {
                  "cidr": "10.2.0.0/16",
                  "from_port": 0,
                  "id": "mgmt_private-_vpc_app-0-10.2.0.0/16",
                  "rulenum": 1082,
                  "subnet_group": "mgmt_private",
                  "to_port": 0
                },
                "mgmt_private-_vpc_mgmt-0-10.8.0.0/16": {
                  "cidr": "10.8.0.0/16",
                  "from_port": 0,
                  "id": "mgmt_private-_vpc_mgmt-0-10.8.0.0/16",
                  "rulenum": 1070,
                  "subnet_group": "mgmt_private",
                  "to_port": 0
                },
                "mgmt_public-mgmt_private-443-10.8.0.0/22": {
                  "cidr": "10.8.0.0/22",
                  "from_port": 1024,
                  "id": "mgmt_public-mgmt_private-443-10.8.0.0/22",
                  "rulenum": 4061,
                  "subnet_group": "mgmt_private",
                  "to_port": 65535
                },
                "mgmt_public-mgmt_private-443-10.8.4.0/22": {
                  "cidr": "10.8.4.0/22",
                  "from_port": 1024,
                  "id": "mgmt_public-mgmt_private-443-10.8.4.0/22",
                  "rulenum": 4060,
                  "subnet_group": "mgmt_private",
                  "to_port": 65535
                },
                "mgmt_public-mgmt_private-443-10.8.8.0/22": {
                  "cidr": "10.8.8.0/22",
                  "from_port": 1024,
                  "id": "mgmt_public-mgmt_private-443-10.8.8.0/22",
                  "rulenum": 4062,
                  "subnet_group": "mgmt_private",
                  "to_port": 65535
                }
              }
            },
            "mgmt_public": {
              "inbound_rules": {
                "_universe-mgmt_public-443-0.0.0.0/0": {
                  "cidr": "0.0.0.0/0",
                  "from_port": 443,
                  "id": "_universe-mgmt_public-443-0.0.0.0/0",
                  "rulenum": 3110,
                  "subnet_group": "mgmt_public",
                  "to_port": 443
                },
                "mgmt_public-mgmt_private-443-10.8.12.0/22": {
                  "cidr": "10.8.12.0/22",
                  "from_port": 1024,
                  "id": "mgmt_public-mgmt_private-443-10.8.12.0/22",
                  "rulenum": 2062,
                  "subnet_group": "mgmt_public",
                  "to_port": 65535
                },
                "mgmt_public-mgmt_private-443-10.8.16.0/22": {
                  "cidr": "10.8.16.0/22",
                  "from_port": 1024,
                  "id": "mgmt_public-mgmt_private-443-10.8.16.0/22",
                  "rulenum": 2060,
                  "subnet_group": "mgmt_public",
                  "to_port": 65535
                },
                "mgmt_public-mgmt_private-443-10.8.20.0/22": {
                  "cidr": "10.8.20.0/22",
                  "from_port": 1024,
                  "id": "mgmt_public-mgmt_private-443-10.8.20.0/22",
                  "rulenum": 2061,
                  "subnet_group": "mgmt_public",
                  "to_port": 65535
                }
              },
              "outbound_rules": {
                "_universe-mgmt_public-443-0.0.0.0/0": {
                  "cidr": "0.0.0.0/0",
                  "from_port": 1024,
                  "id": "_universe-mgmt_public-443-0.0.0.0/0",
                  "rulenum": 4110,
                  "subnet_group": "mgmt_public",
                  "to_port": 65535
                },
                "mgmt_public-mgmt_private-443-10.8.12.0/22": {
                  "cidr": "10.8.12.0/22",
                  "from_port": 443,
                  "id": "mgmt_public-mgmt_private-443-10.8.12.0/22",
                  "rulenum": 1062,
                  "subnet_group": "mgmt_public",
                  "to_port": 443
                },
                "mgmt_public-mgmt_private-443-10.8.16.0/22": {
                  "cidr": "10.8.16.0/22",
                  "from_port": 443,
                  "id": "mgmt_public-mgmt_private-443-10.8.16.0/22",
                  "rulenum": 1060,
                  "subnet_group": "mgmt_public",
                  "to_port": 443
                },
                "mgmt_public-mgmt_private-443-10.8.20.0/22": {
                  "cidr": "10.8.20.0/22",
                  "from_port": 443,
                  "id": "mgmt_public-mgmt_private-443-10.8.20.0/22",
                  "rulenum": 1061,
                  "subnet_group": "mgmt_public",
                  "to_port": 443
                }
              }
            }
          }
        },
        "ruleset": {
          "sensitive": false,
          "value": [
            {
              "port": "443",
              "source": "app_public",
              "target": "app_private"
            },
            {
              "port": "443",
              "source": "app_public",
              "target": "_aws_s3"
            },
            {
              "port": "3306",
              "source": "app_private",
              "target": "app_persistence"
            },
            {
              "port": "22",
              "source": "app_private",
              "target": "app_persistence"
            },
            {
              "port": "636",
              "source": "app_private",
              "target": "_onprem_ldap"
            },
            {
              "port": "443",
              "source": "app_private",
              "target": "_aws_s3"
            },
            {
              "port": "443",
              "source": "mgmt_public",
              "target": "mgmt_private"
            },
            {
              "port": "0",
              "source": "mgmt_private",
              "target": "_vpc_mgmt"
            },
            {
              "port": "0",
              "source": "mgmt_private",
              "target": "_vpc_app"
            },
            {
              "port": "636",
              "source": "mgmt_private",
              "target": "_onprem_ldap"
            },
            {
              "port": "443",
              "source": "_universe",
              "target": "app_public"
            },
            {
              "port": "443",
              "source": "_universe",
              "target": "mgmt_public"
            }
          ]
        }
      },
      "root_module": {
        "resources": [
          {
            "address": "data.aws_subnet.app[\"subnet-035b1ab2f5bd68ba2\"]",
            "mode": "data",
            "type": "aws_subnet",
            "name": "app",
            "index": "subnet-035b1ab2f5bd68ba2",
            "provider_name": "registry.terraform.io/hashicorp/aws",
            "schema_version": 0,
            "values": {
              "arn": "arn:aws:ec2:ap-southeast-2:916358484462:subnet/subnet-035b1ab2f5bd68ba2",
              "assign_ipv6_address_on_creation": false,
              "availability_zone": "ap-southeast-2b",
              "availability_zone_id": "apse2-az1",
              "available_ip_address_count": 1019,
              "cidr_block": "10.0.12.0/22",
              "customer_owned_ipv4_pool": "",
              "default_for_az": false,
              "filter": null,
              "id": "subnet-035b1ab2f5bd68ba2",
              "ipv6_cidr_block": null,
              "ipv6_cidr_block_association_id": null,
              "map_customer_owned_ip_on_launch": false,
              "map_public_ip_on_launch": false,
              "outpost_arn": "",
              "owner_id": "916358484462",
              "state": "available",
              "tags": {
                "Name": "app_private_0",
                "SubnetGroup": "app_private"
              },
              "vpc_id": "vpc-0d62f8ced5383b24b"
            }
          },
          {
            "address": "data.aws_subnet.app[\"subnet-066c732c1d7bbeea7\"]",
            "mode": "data",
            "type": "aws_subnet",
            "name": "app",
            "index": "subnet-066c732c1d7bbeea7",
            "provider_name": "registry.terraform.io/hashicorp/aws",
            "schema_version": 0,
            "values": {
              "arn": "arn:aws:ec2:ap-southeast-2:916358484462:subnet/subnet-066c732c1d7bbeea7",
              "assign_ipv6_address_on_creation": false,
              "availability_zone": "ap-southeast-2c",
              "availability_zone_id": "apse2-az2",
              "available_ip_address_count": 1019,
              "cidr_block": "10.0.4.0/22",
              "customer_owned_ipv4_pool": "",
              "default_for_az": false,
              "filter": null,
              "id": "subnet-066c732c1d7bbeea7",
              "ipv6_cidr_block": null,
              "ipv6_cidr_block_association_id": null,
              "map_customer_owned_ip_on_launch": false,
              "map_public_ip_on_launch": false,
              "outpost_arn": "",
              "owner_id": "916358484462",
              "state": "available",
              "tags": {
                "Name": "app_public_1",
                "SubnetGroup": "app_public"
              },
              "vpc_id": "vpc-0d62f8ced5383b24b"
            }
          },
          {
            "address": "data.aws_subnet.app[\"subnet-06e41c4d23a1a95cc\"]",
            "mode": "data",
            "type": "aws_subnet",
            "name": "app",
            "index": "subnet-06e41c4d23a1a95cc",
            "provider_name": "registry.terraform.io/hashicorp/aws",
            "schema_version": 0,
            "values": {
              "arn": "arn:aws:ec2:ap-southeast-2:916358484462:subnet/subnet-06e41c4d23a1a95cc",
              "assign_ipv6_address_on_creation": false,
              "availability_zone": "ap-southeast-2b",
              "availability_zone_id": "apse2-az1",
              "available_ip_address_count": 1019,
              "cidr_block": "10.0.24.0/22",
              "customer_owned_ipv4_pool": "",
              "default_for_az": false,
              "filter": null,
              "id": "subnet-06e41c4d23a1a95cc",
              "ipv6_cidr_block": null,
              "ipv6_cidr_block_association_id": null,
              "map_customer_owned_ip_on_launch": false,
              "map_public_ip_on_launch": false,
              "outpost_arn": "",
              "owner_id": "916358484462",
              "state": "available",
              "tags": {
                "Name": "app_persistence_0",
                "SubnetGroup": "app_persistence"
              },
              "vpc_id": "vpc-0d62f8ced5383b24b"
            }
          },
          {
            "address": "data.aws_subnet.app[\"subnet-0a076e3ed01b116d6\"]",
            "mode": "data",
            "type": "aws_subnet",
            "name": "app",
            "index": "subnet-0a076e3ed01b116d6",
            "provider_name": "registry.terraform.io/hashicorp/aws",
            "schema_version": 0,
            "values": {
              "arn": "arn:aws:ec2:ap-southeast-2:916358484462:subnet/subnet-0a076e3ed01b116d6",
              "assign_ipv6_address_on_creation": false,
              "availability_zone": "ap-southeast-2c",
              "availability_zone_id": "apse2-az2",
              "available_ip_address_count": 1019,
              "cidr_block": "10.0.28.0/22",
              "customer_owned_ipv4_pool": "",
              "default_for_az": false,
              "filter": null,
              "id": "subnet-0a076e3ed01b116d6",
              "ipv6_cidr_block": null,
              "ipv6_cidr_block_association_id": null,
              "map_customer_owned_ip_on_launch": false,
              "map_public_ip_on_launch": false,
              "outpost_arn": "",
              "owner_id": "916358484462",
              "state": "available",
              "tags": {
                "Name": "app_persistence_1",
                "SubnetGroup": "app_persistence"
              },
              "vpc_id": "vpc-0d62f8ced5383b24b"
            }
          },
          {
            "address": "data.aws_subnet.app[\"subnet-0b471d343b0410ff6\"]",
            "mode": "data",
            "type": "aws_subnet",
            "name": "app",
            "index": "subnet-0b471d343b0410ff6",
            "provider_name": "registry.terraform.io/hashicorp/aws",
            "schema_version": 0,
            "values": {
              "arn": "arn:aws:ec2:ap-southeast-2:916358484462:subnet/subnet-0b471d343b0410ff6",
              "assign_ipv6_address_on_creation": false,
              "availability_zone": "ap-southeast-2b",
              "availability_zone_id": "apse2-az1",
              "available_ip_address_count": 1019,
              "cidr_block": "10.0.0.0/22",
              "customer_owned_ipv4_pool": "",
              "default_for_az": false,
              "filter": null,
              "id": "subnet-0b471d343b0410ff6",
              "ipv6_cidr_block": null,
              "ipv6_cidr_block_association_id": null,
              "map_customer_owned_ip_on_launch": false,
              "map_public_ip_on_launch": false,
              "outpost_arn": "",
              "owner_id": "916358484462",
              "state": "available",
              "tags": {
                "Name": "app_public_0",
                "SubnetGroup": "app_public"
              },
              "vpc_id": "vpc-0d62f8ced5383b24b"
            }
          },
          {
            "address": "data.aws_subnet.app[\"subnet-0be0c5749587a84ba\"]",
            "mode": "data",
            "type": "aws_subnet",
            "name": "app",
            "index": "subnet-0be0c5749587a84ba",
            "provider_name": "registry.terraform.io/hashicorp/aws",
            "schema_version": 0,
            "values": {
              "arn": "arn:aws:ec2:ap-southeast-2:916358484462:subnet/subnet-0be0c5749587a84ba",
              "assign_ipv6_address_on_creation": false,
              "availability_zone": "ap-southeast-2a",
              "availability_zone_id": "apse2-az3",
              "available_ip_address_count": 1019,
              "cidr_block": "10.0.32.0/22",
              "customer_owned_ipv4_pool": "",
              "default_for_az": false,
              "filter": null,
              "id": "subnet-0be0c5749587a84ba",
              "ipv6_cidr_block": null,
              "ipv6_cidr_block_association_id": null,
              "map_customer_owned_ip_on_launch": false,
              "map_public_ip_on_launch": false,
              "outpost_arn": "",
              "owner_id": "916358484462",
              "state": "available",
              "tags": {
                "Name": "app_persistence_2",
                "SubnetGroup": "app_persistence"
              },
              "vpc_id": "vpc-0d62f8ced5383b24b"
            }
          },
          {
            "address": "data.aws_subnet.app[\"subnet-0c35f79f1a129bfc1\"]",
            "mode": "data",
            "type": "aws_subnet",
            "name": "app",
            "index": "subnet-0c35f79f1a129bfc1",
            "provider_name": "registry.terraform.io/hashicorp/aws",
            "schema_version": 0,
            "values": {
              "arn": "arn:aws:ec2:ap-southeast-2:916358484462:subnet/subnet-0c35f79f1a129bfc1",
              "assign_ipv6_address_on_creation": false,
              "availability_zone": "ap-southeast-2a",
              "availability_zone_id": "apse2-az3",
              "available_ip_address_count": 1019,
              "cidr_block": "10.0.20.0/22",
              "customer_owned_ipv4_pool": "",
              "default_for_az": false,
              "filter": null,
              "id": "subnet-0c35f79f1a129bfc1",
              "ipv6_cidr_block": null,
              "ipv6_cidr_block_association_id": null,
              "map_customer_owned_ip_on_launch": false,
              "map_public_ip_on_launch": false,
              "outpost_arn": "",
              "owner_id": "916358484462",
              "state": "available",
              "tags": {
                "Name": "app_private_2",
                "SubnetGroup": "app_private"
              },
              "vpc_id": "vpc-0d62f8ced5383b24b"
            }
          },
          {
            "address": "data.aws_subnet.app[\"subnet-0d1b49f2035c717d2\"]",
            "mode": "data",
            "type": "aws_subnet",
            "name": "app",
            "index": "subnet-0d1b49f2035c717d2",
            "provider_name": "registry.terraform.io/hashicorp/aws",
            "schema_version": 0,
            "values": {
              "arn": "arn:aws:ec2:ap-southeast-2:916358484462:subnet/subnet-0d1b49f2035c717d2",
              "assign_ipv6_address_on_creation": false,
              "availability_zone": "ap-southeast-2c",
              "availability_zone_id": "apse2-az2",
              "available_ip_address_count": 1019,
              "cidr_block": "10.0.16.0/22",
              "customer_owned_ipv4_pool": "",
              "default_for_az": false,
              "filter": null,
              "id": "subnet-0d1b49f2035c717d2",
              "ipv6_cidr_block": null,
              "ipv6_cidr_block_association_id": null,
              "map_customer_owned_ip_on_launch": false,
              "map_public_ip_on_launch": false,
              "outpost_arn": "",
              "owner_id": "916358484462",
              "state": "available",
              "tags": {
                "Name": "app_private_1",
                "SubnetGroup": "app_private"
              },
              "vpc_id": "vpc-0d62f8ced5383b24b"
            }
          },
          {
            "address": "data.aws_subnet.app[\"subnet-0d6beca68353efca0\"]",
            "mode": "data",
            "type": "aws_subnet",
            "name": "app",
            "index": "subnet-0d6beca68353efca0",
            "provider_name": "registry.terraform.io/hashicorp/aws",
            "schema_version": 0,
            "values": {
              "arn": "arn:aws:ec2:ap-southeast-2:916358484462:subnet/subnet-0d6beca68353efca0",
              "assign_ipv6_address_on_creation": false,
              "availability_zone": "ap-southeast-2a",
              "availability_zone_id": "apse2-az3",
              "available_ip_address_count": 1019,
              "cidr_block": "10.0.8.0/22",
              "customer_owned_ipv4_pool": "",
              "default_for_az": false,
              "filter": null,
              "id": "subnet-0d6beca68353efca0",
              "ipv6_cidr_block": null,
              "ipv6_cidr_block_association_id": null,
              "map_customer_owned_ip_on_launch": false,
              "map_public_ip_on_launch": false,
              "outpost_arn": "",
              "owner_id": "916358484462",
              "state": "available",
              "tags": {
                "Name": "app_public_2",
                "SubnetGroup": "app_public"
              },
              "vpc_id": "vpc-0d62f8ced5383b24b"
            }
          },
          {
            "address": "data.aws_subnet.mgmt[\"subnet-0009b05d5c716db96\"]",
            "mode": "data",
            "type": "aws_subnet",
            "name": "mgmt",
            "index": "subnet-0009b05d5c716db96",
            "provider_name": "registry.terraform.io/hashicorp/aws",
            "schema_version": 0,
            "values": {
              "arn": "arn:aws:ec2:ap-southeast-2:916358484462:subnet/subnet-0009b05d5c716db96",
              "assign_ipv6_address_on_creation": false,
              "availability_zone": "ap-southeast-2c",
              "availability_zone_id": "apse2-az2",
              "available_ip_address_count": 1019,
              "cidr_block": "10.8.16.0/22",
              "customer_owned_ipv4_pool": "",
              "default_for_az": false,
              "filter": null,
              "id": "subnet-0009b05d5c716db96",
              "ipv6_cidr_block": null,
              "ipv6_cidr_block_association_id": null,
              "map_customer_owned_ip_on_launch": false,
              "map_public_ip_on_launch": false,
              "outpost_arn": "",
              "owner_id": "916358484462",
              "state": "available",
              "tags": {
                "Name": "mgmt_private_1",
                "SubnetGroup": "mgmt_private"
              },
              "vpc_id": "vpc-06ca9163760497ab3"
            }
          },
          {
            "address": "data.aws_subnet.mgmt[\"subnet-0174bcf1db4e9c369\"]",
            "mode": "data",
            "type": "aws_subnet",
            "name": "mgmt",
            "index": "subnet-0174bcf1db4e9c369",
            "provider_name": "registry.terraform.io/hashicorp/aws",
            "schema_version": 0,
            "values": {
              "arn": "arn:aws:ec2:ap-southeast-2:916358484462:subnet/subnet-0174bcf1db4e9c369",
              "assign_ipv6_address_on_creation": false,
              "availability_zone": "ap-southeast-2c",
              "availability_zone_id": "apse2-az2",
              "available_ip_address_count": 1019,
              "cidr_block": "10.8.4.0/22",
              "customer_owned_ipv4_pool": "",
              "default_for_az": false,
              "filter": null,
              "id": "subnet-0174bcf1db4e9c369",
              "ipv6_cidr_block": null,
              "ipv6_cidr_block_association_id": null,
              "map_customer_owned_ip_on_launch": false,
              "map_public_ip_on_launch": false,
              "outpost_arn": "",
              "owner_id": "916358484462",
              "state": "available",
              "tags": {
                "Name": "mgmt_public_1",
                "SubnetGroup": "mgmt_public"
              },
              "vpc_id": "vpc-06ca9163760497ab3"
            }
          },
          {
            "address": "data.aws_subnet.mgmt[\"subnet-0a4cca15fb3dec67f\"]",
            "mode": "data",
            "type": "aws_subnet",
            "name": "mgmt",
            "index": "subnet-0a4cca15fb3dec67f",
            "provider_name": "registry.terraform.io/hashicorp/aws",
            "schema_version": 0,
            "values": {
              "arn": "arn:aws:ec2:ap-southeast-2:916358484462:subnet/subnet-0a4cca15fb3dec67f",
              "assign_ipv6_address_on_creation": false,
              "availability_zone": "ap-southeast-2c",
              "availability_zone_id": "apse2-az2",
              "available_ip_address_count": 1019,
              "cidr_block": "10.8.28.0/22",
              "customer_owned_ipv4_pool": "",
              "default_for_az": false,
              "filter": null,
              "id": "subnet-0a4cca15fb3dec67f",
              "ipv6_cidr_block": null,
              "ipv6_cidr_block_association_id": null,
              "map_customer_owned_ip_on_launch": false,
              "map_public_ip_on_launch": false,
              "outpost_arn": "",
              "owner_id": "916358484462",
              "state": "available",
              "tags": {
                "Name": "mgmt_persistence_1",
                "SubnetGroup": "mgmt_persistence"
              },
              "vpc_id": "vpc-06ca9163760497ab3"
            }
          },
          {
            "address": "data.aws_subnet.mgmt[\"subnet-0a9400f2491b17c9a\"]",
            "mode": "data",
            "type": "aws_subnet",
            "name": "mgmt",
            "index": "subnet-0a9400f2491b17c9a",
            "provider_name": "registry.terraform.io/hashicorp/aws",
            "schema_version": 0,
            "values": {
              "arn": "arn:aws:ec2:ap-southeast-2:916358484462:subnet/subnet-0a9400f2491b17c9a",
              "assign_ipv6_address_on_creation": false,
              "availability_zone": "ap-southeast-2b",
              "availability_zone_id": "apse2-az1",
              "available_ip_address_count": 1019,
              "cidr_block": "10.8.24.0/22",
              "customer_owned_ipv4_pool": "",
              "default_for_az": false,
              "filter": null,
              "id": "subnet-0a9400f2491b17c9a",
              "ipv6_cidr_block": null,
              "ipv6_cidr_block_association_id": null,
              "map_customer_owned_ip_on_launch": false,
              "map_public_ip_on_launch": false,
              "outpost_arn": "",
              "owner_id": "916358484462",
              "state": "available",
              "tags": {
                "Name": "mgmt_persistence_0",
                "SubnetGroup": "mgmt_persistence"
              },
              "vpc_id": "vpc-06ca9163760497ab3"
            }
          },
          {
            "address": "data.aws_subnet.mgmt[\"subnet-0bfe4ed27325566d4\"]",
            "mode": "data",
            "type": "aws_subnet",
            "name": "mgmt",
            "index": "subnet-0bfe4ed27325566d4",
            "provider_name": "registry.terraform.io/hashicorp/aws",
            "schema_version": 0,
            "values": {
              "arn": "arn:aws:ec2:ap-southeast-2:916358484462:subnet/subnet-0bfe4ed27325566d4",
              "assign_ipv6_address_on_creation": false,
              "availability_zone": "ap-southeast-2a",
              "availability_zone_id": "apse2-az3",
              "available_ip_address_count": 1019,
              "cidr_block": "10.8.20.0/22",
              "customer_owned_ipv4_pool": "",
              "default_for_az": false,
              "filter": null,
              "id": "subnet-0bfe4ed27325566d4",
              "ipv6_cidr_block": null,
              "ipv6_cidr_block_association_id": null,
              "map_customer_owned_ip_on_launch": false,
              "map_public_ip_on_launch": false,
              "outpost_arn": "",
              "owner_id": "916358484462",
              "state": "available",
              "tags": {
                "Name": "mgmt_private_2",
                "SubnetGroup": "mgmt_private"
              },
              "vpc_id": "vpc-06ca9163760497ab3"
            }
          },
          {
            "address": "data.aws_subnet.mgmt[\"subnet-0c600ab8b7a807de6\"]",
            "mode": "data",
            "type": "aws_subnet",
            "name": "mgmt",
            "index": "subnet-0c600ab8b7a807de6",
            "provider_name": "registry.terraform.io/hashicorp/aws",
            "schema_version": 0,
            "values": {
              "arn": "arn:aws:ec2:ap-southeast-2:916358484462:subnet/subnet-0c600ab8b7a807de6",
              "assign_ipv6_address_on_creation": false,
              "availability_zone": "ap-southeast-2b",
              "availability_zone_id": "apse2-az1",
              "available_ip_address_count": 1019,
              "cidr_block": "10.8.0.0/22",
              "customer_owned_ipv4_pool": "",
              "default_for_az": false,
              "filter": null,
              "id": "subnet-0c600ab8b7a807de6",
              "ipv6_cidr_block": null,
              "ipv6_cidr_block_association_id": null,
              "map_customer_owned_ip_on_launch": false,
              "map_public_ip_on_launch": false,
              "outpost_arn": "",
              "owner_id": "916358484462",
              "state": "available",
              "tags": {
                "Name": "mgmt_public_0",
                "SubnetGroup": "mgmt_public"
              },
              "vpc_id": "vpc-06ca9163760497ab3"
            }
          },
          {
            "address": "data.aws_subnet.mgmt[\"subnet-0c7abab12485b2657\"]",
            "mode": "data",
            "type": "aws_subnet",
            "name": "mgmt",
            "index": "subnet-0c7abab12485b2657",
            "provider_name": "registry.terraform.io/hashicorp/aws",
            "schema_version": 0,
            "values": {
              "arn": "arn:aws:ec2:ap-southeast-2:916358484462:subnet/subnet-0c7abab12485b2657",
              "assign_ipv6_address_on_creation": false,
              "availability_zone": "ap-southeast-2b",
              "availability_zone_id": "apse2-az1",
              "available_ip_address_count": 1019,
              "cidr_block": "10.8.12.0/22",
              "customer_owned_ipv4_pool": "",
              "default_for_az": false,
              "filter": null,
              "id": "subnet-0c7abab12485b2657",
              "ipv6_cidr_block": null,
              "ipv6_cidr_block_association_id": null,
              "map_customer_owned_ip_on_launch": false,
              "map_public_ip_on_launch": false,
              "outpost_arn": "",
              "owner_id": "916358484462",
              "state": "available",
              "tags": {
                "Name": "mgmt_private_0",
                "SubnetGroup": "mgmt_private"
              },
              "vpc_id": "vpc-06ca9163760497ab3"
            }
          },
          {
            "address": "data.aws_subnet.mgmt[\"subnet-0d9f1229167e233ef\"]",
            "mode": "data",
            "type": "aws_subnet",
            "name": "mgmt",
            "index": "subnet-0d9f1229167e233ef",
            "provider_name": "registry.terraform.io/hashicorp/aws",
            "schema_version": 0,
            "values": {
              "arn": "arn:aws:ec2:ap-southeast-2:916358484462:subnet/subnet-0d9f1229167e233ef",
              "assign_ipv6_address_on_creation": false,
              "availability_zone": "ap-southeast-2a",
              "availability_zone_id": "apse2-az3",
              "available_ip_address_count": 1019,
              "cidr_block": "10.8.32.0/22",
              "customer_owned_ipv4_pool": "",
              "default_for_az": false,
              "filter": null,
              "id": "subnet-0d9f1229167e233ef",
              "ipv6_cidr_block": null,
              "ipv6_cidr_block_association_id": null,
              "map_customer_owned_ip_on_launch": false,
              "map_public_ip_on_launch": false,
              "outpost_arn": "",
              "owner_id": "916358484462",
              "state": "available",
              "tags": {
                "Name": "mgmt_persistence_2",
                "SubnetGroup": "mgmt_persistence"
              },
              "vpc_id": "vpc-06ca9163760497ab3"
            }
          },
          {
            "address": "data.aws_subnet.mgmt[\"subnet-0e9a7c27a65e09c61\"]",
            "mode": "data",
            "type": "aws_subnet",
            "name": "mgmt",
            "index": "subnet-0e9a7c27a65e09c61",
            "provider_name": "registry.terraform.io/hashicorp/aws",
            "schema_version": 0,
            "values": {
              "arn": "arn:aws:ec2:ap-southeast-2:916358484462:subnet/subnet-0e9a7c27a65e09c61",
              "assign_ipv6_address_on_creation": false,
              "availability_zone": "ap-southeast-2a",
              "availability_zone_id": "apse2-az3",
              "available_ip_address_count": 1019,
              "cidr_block": "10.8.8.0/22",
              "customer_owned_ipv4_pool": "",
              "default_for_az": false,
              "filter": null,
              "id": "subnet-0e9a7c27a65e09c61",
              "ipv6_cidr_block": null,
              "ipv6_cidr_block_association_id": null,
              "map_customer_owned_ip_on_launch": false,
              "map_public_ip_on_launch": false,
              "outpost_arn": "",
              "owner_id": "916358484462",
              "state": "available",
              "tags": {
                "Name": "mgmt_public_2",
                "SubnetGroup": "mgmt_public"
              },
              "vpc_id": "vpc-06ca9163760497ab3"
            }
          },
          {
            "address": "data.aws_subnet_ids.app",
            "mode": "data",
            "type": "aws_subnet_ids",
            "name": "app",
            "provider_name": "registry.terraform.io/hashicorp/aws",
            "schema_version": 0,
            "values": {
              "filter": null,
              "id": "vpc-0d62f8ced5383b24b",
              "ids": [
                "subnet-035b1ab2f5bd68ba2",
                "subnet-066c732c1d7bbeea7",
                "subnet-06e41c4d23a1a95cc",
                "subnet-0a076e3ed01b116d6",
                "subnet-0b471d343b0410ff6",
                "subnet-0be0c5749587a84ba",
                "subnet-0c35f79f1a129bfc1",
                "subnet-0d1b49f2035c717d2",
                "subnet-0d6beca68353efca0"
              ],
              "tags": null,
              "vpc_id": "vpc-0d62f8ced5383b24b"
            }
          },
          {
            "address": "data.aws_subnet_ids.mgmt",
            "mode": "data",
            "type": "aws_subnet_ids",
            "name": "mgmt",
            "provider_name": "registry.terraform.io/hashicorp/aws",
            "schema_version": 0,
            "values": {
              "filter": null,
              "id": "vpc-06ca9163760497ab3",
              "ids": [
                "subnet-0009b05d5c716db96",
                "subnet-0174bcf1db4e9c369",
                "subnet-0a4cca15fb3dec67f",
                "subnet-0a9400f2491b17c9a",
                "subnet-0bfe4ed27325566d4",
                "subnet-0c600ab8b7a807de6",
                "subnet-0c7abab12485b2657",
                "subnet-0d9f1229167e233ef",
                "subnet-0e9a7c27a65e09c61"
              ],
              "tags": null,
              "vpc_id": "vpc-06ca9163760497ab3"
            }
          },
          {
            "address": "data.aws_vpc.app",
            "mode": "data",
            "type": "aws_vpc",
            "name": "app",
            "provider_name": "registry.terraform.io/hashicorp/aws",
            "schema_version": 0,
            "values": {
              "arn": "arn:aws:ec2:ap-southeast-2:916358484462:vpc/vpc-0d62f8ced5383b24b",
              "cidr_block": "10.0.0.0/16",
              "cidr_block_associations": [
                {
                  "association_id": "vpc-cidr-assoc-0659f81981ab5bdcf",
                  "cidr_block": "10.0.0.0/16",
                  "state": "associated"
                },
                {
                  "association_id": "vpc-cidr-assoc-0e82dde53f075f1ff",
                  "cidr_block": "10.1.0.0/16",
                  "state": "associated"
                },
                {
                  "association_id": "vpc-cidr-assoc-0bd8cf32f8068d67d",
                  "cidr_block": "10.2.0.0/16",
                  "state": "associated"
                }
              ],
              "default": false,
              "dhcp_options_id": "dopt-504f4737",
              "enable_dns_hostnames": false,
              "enable_dns_support": true,
              "filter": null,
              "id": "vpc-0d62f8ced5383b24b",
              "instance_tenancy": "default",
              "ipv6_association_id": null,
              "ipv6_cidr_block": null,
              "main_route_table_id": "rtb-0bfbcdc2dbc0f7bea",
              "owner_id": "916358484462",
              "state": "available",
              "tags": {
                "Name": "app"
              }
            }
          },
          {
            "address": "data.aws_vpc.mgmt",
            "mode": "data",
            "type": "aws_vpc",
            "name": "mgmt",
            "provider_name": "registry.terraform.io/hashicorp/aws",
            "schema_version": 0,
            "values": {
              "arn": "arn:aws:ec2:ap-southeast-2:916358484462:vpc/vpc-06ca9163760497ab3",
              "cidr_block": "10.8.0.0/16",
              "cidr_block_associations": [
                {
                  "association_id": "vpc-cidr-assoc-0295cf433d18b2db4",
                  "cidr_block": "10.8.0.0/16",
                  "state": "associated"
                }
              ],
              "default": false,
              "dhcp_options_id": "dopt-504f4737",
              "enable_dns_hostnames": false,
              "enable_dns_support": true,
              "filter": null,
              "id": "vpc-06ca9163760497ab3",
              "instance_tenancy": "default",
              "ipv6_association_id": null,
              "ipv6_cidr_block": null,
              "main_route_table_id": "rtb-03b318e9eb870a7ed",
              "owner_id": "916358484462",
              "state": "available",
              "tags": {
                "Name": "mgmt"
              }
            }
          }
        ]
      }
    }
  },
  "configuration": {
    "provider_config": {
      "aws": {
        "name": "aws",
        "version_constraint": "~\u003e 3.34.0",
        "expressions": {
          "region": {
            "constant_value": "ap-southeast-2"
          }
        }
      }
    },
    "root_module": {
      "outputs": {
        "nacl": {
          "expression": {
            "references": [
              "module.nacl"
            ]
          }
        },
        "ruleset": {
          "expression": {
            "references": [
              "local.ruleset"
            ]
          }
        }
      },
      "resources": [
        {
          "address": "data.aws_subnet.app",
          "mode": "data",
          "type": "aws_subnet",
          "name": "app",
          "provider_config_key": "aws",
          "expressions": {
            "id": {
              "references": [
                "each.value"
              ]
            }
          },
          "schema_version": 0,
          "for_each_expression": {
            "references": [
              "data.aws_subnet_ids.app"
            ]
          }
        },
        {
          "address": "data.aws_subnet.mgmt",
          "mode": "data",
          "type": "aws_subnet",
          "name": "mgmt",
          "provider_config_key": "aws",
          "expressions": {
            "id": {
              "references": [
                "each.value"
              ]
            }
          },
          "schema_version": 0,
          "for_each_expression": {
            "references": [
              "data.aws_subnet_ids.mgmt"
            ]
          }
        },
        {
          "address": "data.aws_subnet_ids.app",
          "mode": "data",
          "type": "aws_subnet_ids",
          "name": "app",
          "provider_config_key": "aws",
          "expressions": {
            "vpc_id": {
              "references": [
                "data.aws_vpc.app"
              ]
            }
          },
          "schema_version": 0
        },
        {
          "address": "data.aws_subnet_ids.mgmt",
          "mode": "data",
          "type": "aws_subnet_ids",
          "name": "mgmt",
          "provider_config_key": "aws",
          "expressions": {
            "vpc_id": {
              "references": [
                "data.aws_vpc.mgmt"
              ]
            }
          },
          "schema_version": 0
        },
        {
          "address": "data.aws_vpc.app",
          "mode": "data",
          "type": "aws_vpc",
          "name": "app",
          "provider_config_key": "aws",
          "expressions": {
            "tags": {
              "constant_value": {
                "Name": "app"
              }
            }
          },
          "schema_version": 0
        },
        {
          "address": "data.aws_vpc.mgmt",
          "mode": "data",
          "type": "aws_vpc",
          "name": "mgmt",
          "provider_config_key": "aws",
          "expressions": {
            "tags": {
              "constant_value": {
                "Name": "mgmt"
              }
            }
          },
          "schema_version": 0
        }
      ],
      "module_calls": {
        "nacl": {
          "source": "../modules/nacl",
          "expressions": {
            "ruleset": {
              "references": [
                "local.ruleset"
              ]
            },
            "ruleset_refs": {
              "references": [
                "local.ruleset_refs"
              ]
            },
            "subnet_group": {
              "references": [
                "each.value"
              ]
            },
            "subnet_ids": {
              "references": [
                "local.subnet_group_to_ids_map",
                "each.value"
              ]
            },
            "vpc_id": {
              "references": [
                "local.subnet_group_to_vpc_map",
                "each.value"
              ]
            }
          },
          "for_each_expression": {
            "references": [
              "local.subnet_groups_to_process"
            ]
          },
          "module": {
            "outputs": {
              "inbound_rules": {
                "expression": {
                  "references": [
                    "local.inbound_rules"
                  ]
                }
              },
              "outbound_rules": {
                "expression": {
                  "references": [
                    "local.outbound_rules"
                  ]
                }
              }
            },
            "resources": [
              {
                "address": "aws_network_acl.this",
                "mode": "managed",
                "type": "aws_network_acl",
                "name": "this",
                "provider_config_key": "nacl:aws",
                "expressions": {
                  "subnet_ids": {
                    "references": [
                      "local.subnet_ids"
                    ]
                  },
                  "tags": {
                    "references": [
                      "local.subnet_group"
                    ]
                  },
                  "vpc_id": {
                    "references": [
                      "local.vpc_id"
                    ]
                  }
                },
                "schema_version": 0
              },
              {
                "address": "aws_network_acl_rule.inbound",
                "mode": "managed",
                "type": "aws_network_acl_rule",
                "name": "inbound",
                "provider_config_key": "nacl:aws",
                "expressions": {
                  "cidr_block": {
                    "references": [
                      "each.value"
                    ]
                  },
                  "egress": {
                    "constant_value": false
                  },
                  "from_port": {
                    "references": [
                      "each.value"
                    ]
                  },
                  "network_acl_id": {
                    "references": [
                      "aws_network_acl.this"
                    ]
                  },
                  "protocol": {
                    "references": [
                      "each.value"
                    ]
                  },
                  "rule_action": {
                    "constant_value": "allow"
                  },
                  "rule_number": {
                    "references": [
                      "each.value"
                    ]
                  },
                  "to_port": {
                    "references": [
                      "each.value"
                    ]
                  }
                },
                "schema_version": 0,
                "for_each_expression": {
                  "references": [
                    "local.inbound_rules"
                  ]
                }
              },
              {
                "address": "aws_network_acl_rule.outbound",
                "mode": "managed",
                "type": "aws_network_acl_rule",
                "name": "outbound",
                "provider_config_key": "nacl:aws",
                "expressions": {
                  "cidr_block": {
                    "references": [
                      "each.value"
                    ]
                  },
                  "egress": {
                    "constant_value": true
                  },
                  "from_port": {
                    "references": [
                      "each.value"
                    ]
                  },
                  "network_acl_id": {
                    "references": [
                      "aws_network_acl.this"
                    ]
                  },
                  "protocol": {
                    "references": [
                      "each.value"
                    ]
                  },
                  "rule_action": {
                    "constant_value": "allow"
                  },
                  "rule_number": {
                    "references": [
                      "each.value"
                    ]
                  },
                  "to_port": {
                    "references": [
                      "each.value"
                    ]
                  }
                },
                "schema_version": 0,
                "for_each_expression": {
                  "references": [
                    "local.outbound_rules"
                  ]
                }
              }
            ],
            "variables": {
              "ruleset": {
                "description": "List of rules that are outbound from subnet groups"
              },
              "ruleset_refs": {
                "description": "Map where a key is a reference in the ruleset and the value is the list of CIDRs for the reference"
              },
              "subnet_group": {
                "description": "Name for the subnet group to process"
              },
              "subnet_ids": {
                "description": "Subnets attached to the NACL"
              },
              "vpc_id": {
                "description": "VPC where to create the NACL"
              }
            }
          }
        }
      }
    }
  }
}
